
Microsoft Visual Studio Solution File, Format Version 12.00
# Visual Studio 2013
VisualStudioVersion = 12.0.30501.0
MinimumVisualStudioVersion = 10.0.40219.1
Project("{FAE04EC0-301F-11D3-BF4B-00C04F79EFBC}") = "简单工厂打开指定文件", "简单工厂打开指定文件\简单工厂打开指定文件.csproj", "{D8C8EBD1-31A8-4F48-8EE7-CDD5E72229D8}"
EndProject
Project("{FAE04EC0-301F-11D3-BF4B-00C04F79EFBC}") = "抽象类练习", "抽象类练习\抽象类练习.csproj", "{FA4F4C30-95D2-496D-A1CF-311A6136C9AD}"
EndProject
Project("{FAE04EC0-301F-11D3-BF4B-00C04F79EFBC}") = "多态-存储设备练习", "多态-存储设备练习\多态-存储设备练习.csproj", "{A964788B-6BD6-430B-83B7-A8DA5D145027}"
EndProject
Project("{FAE04EC0-301F-11D3-BF4B-00C04F79EFBC}") = "接口小复习", "接口小复习\接口小复习.csproj", "{51B5A3FD-3ABB-497F-BA34-D0DDA377F63A}"
EndProject
Project("{FAE04EC0-301F-11D3-BF4B-00C04F79EFBC}") = "test01", "test01\test01.csproj", "{DB13E6D2-7183-48B3-91BB-8A6782DC496C}"
EndProject
Project("{FAE04EC0-301F-11D3-BF4B-00C04F79EFBC}") = "接口登记案例", "接口登记案例\接口登记案例.csproj", "{076502C5-D3E9-42F3-AAF8-ED2A6B286CF6}"
EndProject
Project("{FAE04EC0-301F-11D3-BF4B-00C04F79EFBC}") = "石头剪刀布", "石头剪刀布\石头剪刀布.csproj", "{471FC3A5-A76A-448D-AB95-E4C3DAA00F25}"
EndProject
Project("{FAE04EC0-301F-11D3-BF4B-00C04F79EFBC}") = "面向对象作业", "面向对象作业\面向对象作业.csproj", "{20B85461-F64B-4441-ABDC-CAC643A451BE}"
EndProject
Project("{FAE04EC0-301F-11D3-BF4B-00C04F79EFBC}") = "单例设计模式", "单例设计模式\单例设计模式.csproj", "{8AE34A1A-3E23-4C4E-BA4E-FF97CB45D3CF}"
EndProject
Project("{FAE04EC0-301F-11D3-BF4B-00C04F79EFBC}") = "简单工厂计算器", "简单工厂计算器\简单工厂计算器.csproj", "{893371A0-9FE4-419C-8D0C-F715255E075B}"
EndProject
Project("{FAE04EC0-301F-11D3-BF4B-00C04F79EFBC}") = "ProOperation", "ProOperation\ProOperation.csproj", "{5B028199-B46C-42B5-BD5A-CFC2E71A63EE}"
EndProject
Project("{FAE04EC0-301F-11D3-BF4B-00C04F79EFBC}") = "重写Equals", "1重写Equals\重写Equals.csproj", "{37D17D9E-778E-4C63-B077-A207A4679855}"
EndProject
Project("{FAE04EC0-301F-11D3-BF4B-00C04F79EFBC}") = "字符串练习", "字符串练习\字符串练习.csproj", "{F4E93857-593A-4689-A8F7-17FF54D82158}"
EndProject
Project("{FAE04EC0-301F-11D3-BF4B-00C04F79EFBC}") = "StringBuilder的效率", "StringBuilder的效率\StringBuilder的效率.csproj", "{C4C33C6C-C58B-42D3-8E79-C3E08087881C}"
EndProject
Project("{FAE04EC0-301F-11D3-BF4B-00C04F79EFBC}") = "out参数练习", "out参数练习\out参数练习.csproj", "{FA7984D0-1B6C-4AE3-BAA7-8B2710344792}"
EndProject
Project("{FAE04EC0-301F-11D3-BF4B-00C04F79EFBC}") = "装箱和拆箱，三道面试题", "装箱和拆箱\装箱和拆箱，三道面试题.csproj", "{7E0F1065-4F93-40D2-A926-53F19302687C}"
EndProject
Project("{FAE04EC0-301F-11D3-BF4B-00C04F79EFBC}") = "泛型集合", "泛型集合\泛型集合.csproj", "{58445291-B082-4956-9454-909AA64860FA}"
EndProject
Project("{FAE04EC0-301F-11D3-BF4B-00C04F79EFBC}") = "键值对集合", "键值对集合\键值对集合.csproj", "{74E3DD73-37F8-40DC-98E0-3071DF82B35B}"
EndProject
Project("{FAE04EC0-301F-11D3-BF4B-00C04F79EFBC}") = "键值对集合练习", "键值对集合练习\键值对集合练习.csproj", "{7106F808-EF22-46AB-96C9-E6418CFEE304}"
EndProject
Project("{FAE04EC0-301F-11D3-BF4B-00C04F79EFBC}") = "英汉翻译", "英汉翻译\英汉翻译.csproj", "{503569EB-E16F-41DC-9E03-086C1839C6D6}"
EndProject
Project("{FAE04EC0-301F-11D3-BF4B-00C04F79EFBC}") = "键值对集合的练习-翻译年月日", "键值对集合的练习-翻译年月日\键值对集合的练习-翻译年月日.csproj", "{5202F99B-C0A9-4DD1-BC85-EE550AE09AB1}"
EndProject
Project("{FAE04EC0-301F-11D3-BF4B-00C04F79EFBC}") = "File类", "File类\File类.csproj", "{4D036B78-ABD2-41CC-B51E-68E536093801}"
EndProject
Project("{FAE04EC0-301F-11D3-BF4B-00C04F79EFBC}") = "MD5加密", "MD5加密\MD5加密.csproj", "{EDD13795-717D-4458-8B81-7563C419322F}"
EndProject
Project("{FAE04EC0-301F-11D3-BF4B-00C04F79EFBC}") = "TreeView控件", "TreeView控件\TreeView控件.csproj", "{80022CC9-1A33-4EA4-A187-867B2D1A1EBE}"
EndProject
Project("{FAE04EC0-301F-11D3-BF4B-00C04F79EFBC}") = "递归实现资源管理器", "递归实现资源管理器\递归实现资源管理器.csproj", "{9E16835E-EB5B-4935-9E3C-919B34E9B34B}"
EndProject
Project("{FAE04EC0-301F-11D3-BF4B-00C04F79EFBC}") = "文件流", "文件流\文件流.csproj", "{6190EDF0-973A-4B87-8EF9-6613D6F94936}"
EndProject
Project("{FAE04EC0-301F-11D3-BF4B-00C04F79EFBC}") = "文件流实现大文件的传输", "文件流实现大文件的传输\文件流实现大文件的传输.csproj", "{D1059C73-DBBE-48CE-B8A3-2D4E9650877E}"
EndProject
Project("{FAE04EC0-301F-11D3-BF4B-00C04F79EFBC}") = "正则表达式", "正则表达式\正则表达式.csproj", "{CAE01C7F-2988-4551-BF69-12F2E4D0E844}"
EndProject
Project("{FAE04EC0-301F-11D3-BF4B-00C04F79EFBC}") = "提取页面中的所有email信息", "提取页面中的所有email信息\提取页面中的所有email信息.csproj", "{009B71F5-CF03-4281-A091-D9AF08D3B030}"
EndProject
Project("{FAE04EC0-301F-11D3-BF4B-00C04F79EFBC}") = "提取页面中的所有招聘信息", "提取页面中的所有招聘信息\提取页面中的所有招聘信息.csproj", "{35BF045C-E754-42B0-8017-EB3A51CE2154}"
EndProject
Project("{FAE04EC0-301F-11D3-BF4B-00C04F79EFBC}") = "提取页面中的所有图片", "提取页面中的所有图片\提取页面中的所有图片.csproj", "{F99F37EC-7596-4EA1-816C-E06E239956AC}"
EndProject
Project("{FAE04EC0-301F-11D3-BF4B-00C04F79EFBC}") = "用代码创建一个XML文档", "用代码创建一个XML文档\用代码创建一个XML文档.csproj", "{4342B7C7-F7DA-4D7D-86F2-40B49EA7AD82}"
EndProject
Project("{FAE04EC0-301F-11D3-BF4B-00C04F79EFBC}") = "DOM方法创建XML文档对象", "DOM方法创建XML文档对象\DOM方法创建XML文档对象.csproj", "{DE41C2A8-C6A7-4698-8411-F30EAA182A55}"
EndProject
Project("{FAE04EC0-301F-11D3-BF4B-00C04F79EFBC}") = "XML文档的增删查改", "XML文档的增删查改\XML文档的增删查改.csproj", "{DDEE881B-41F9-4A5D-BEF2-55355BD0F915}"
EndProject
Project("{FAE04EC0-301F-11D3-BF4B-00C04F79EFBC}") = "以DOM方式读取XML文档对象，判断是否登陆成功", "以DOM方式读取XML文档对象，判断是否登陆成功\以DOM方式读取XML文档对象，判断是否登陆成功.csproj", "{99B9D0AB-B85C-4142-BB88-749626A6C5F0}"
EndProject
Project("{FAE04EC0-301F-11D3-BF4B-00C04F79EFBC}") = "用xml文档实现增删查改", "用xml文档实现增删查改\用xml文档实现增删查改.csproj", "{C77631FD-5715-4F78-98BF-D0EB4AD87D9B}"
EndProject
Project("{FAE04EC0-301F-11D3-BF4B-00C04F79EFBC}") = "委托的定义", "委托的定义\委托的定义.csproj", "{78FAEEDA-EEB3-4D37-B88C-27604F0720E4}"
EndProject
Project("{FAE04EC0-301F-11D3-BF4B-00C04F79EFBC}") = "使用委托求任意数组的最大值", "使用委托求任意数组的最大值\使用委托求任意数组的最大值.csproj", "{A57B61D9-2051-49A5-8E9E-E82948B4BB73}"
EndProject
Project("{FAE04EC0-301F-11D3-BF4B-00C04F79EFBC}") = "使用泛型委托求任意数组的最大值", "使用泛型委托求任意数组的最大值\使用泛型委托求任意数组的最大值.csproj", "{4888851D-69B0-43F6-AAF3-3A592BB3DAAF}"
EndProject
Project("{FAE04EC0-301F-11D3-BF4B-00C04F79EFBC}") = "委托实现窗体间的传值", "委托实现窗体间的传值\委托实现窗体间的传值.csproj", "{077E4BF8-0425-4786-BD00-1233B03C3904}"
EndProject
Project("{FAE04EC0-301F-11D3-BF4B-00C04F79EFBC}") = "事件-类型安全的委托", "事件-类型安全的委托\事件-类型安全的委托.csproj", "{80415E1C-17C2-488E-A366-5A0870FBF412}"
EndProject
Project("{FAE04EC0-301F-11D3-BF4B-00C04F79EFBC}") = "动态的为button按钮创建事件", "动态的为button按钮创建事件\动态的为button按钮创建事件.csproj", "{81B55B5F-F1D4-4F18-94C9-8D01926D0E46}"
EndProject
Project("{FAE04EC0-301F-11D3-BF4B-00C04F79EFBC}") = "test", "test\test.csproj", "{6E67A48A-45C7-48D4-BC42-BC5D02A16241}"
EndProject
Project("{FAE04EC0-301F-11D3-BF4B-00C04F79EFBC}") = "test2", "test2\test2.csproj", "{7D6A815E-9473-41AA-A748-7D3BAE8EC0F0}"
EndProject
Project("{FAE04EC0-301F-11D3-BF4B-00C04F79EFBC}") = "反射基本语法", "反射基本语法\反射基本语法.csproj", "{5F6F9D5C-AD9D-46B4-A2AC-09A00B147AE1}"
EndProject
Project("{FAE04EC0-301F-11D3-BF4B-00C04F79EFBC}") = "Common", "Common\Common.csproj", "{DF36F2C8-CE30-4258-8868-2D4B873AE219}"
EndProject
Project("{FAE04EC0-301F-11D3-BF4B-00C04F79EFBC}") = "Test03", "Test03\Test03.csproj", "{99A106D4-3FEF-4EC9-9C75-D497486891E3}"
EndProject
Project("{FAE04EC0-301F-11D3-BF4B-00C04F79EFBC}") = "删除重复的文件", "删除重复的文件\删除重复的文件.csproj", "{0BEECC00-0748-4807-9036-8D6BDC292CFF}"
EndProject
Project("{FAE04EC0-301F-11D3-BF4B-00C04F79EFBC}") = "test04", "test04\test04.csproj", "{26E99962-0468-4B74-ADD5-0AB5F59CFCD2}"
EndProject
Project("{FAE04EC0-301F-11D3-BF4B-00C04F79EFBC}") = "test05", "test05\test05.csproj", "{83244EC6-3653-4E15-AF1E-0F0939794C15}"
EndProject
Project("{FAE04EC0-301F-11D3-BF4B-00C04F79EFBC}") = "自定义事件", "自定义事件\自定义事件.csproj", "{8DCC8387-E1E9-48EB-ACA1-DCA8E2F3C187}"
EndProject
Project("{FAE04EC0-301F-11D3-BF4B-00C04F79EFBC}") = "test06", "test06\test06.csproj", "{F965AA7C-C647-480D-80EF-B01FFB1D2836}"
EndProject
Project("{FAE04EC0-301F-11D3-BF4B-00C04F79EFBC}") = "test07", "test07\test07.csproj", "{2EF86A94-EA09-4AED-A10C-176802C262E1}"
EndProject
Project("{FAE04EC0-301F-11D3-BF4B-00C04F79EFBC}") = "同步调用", "test08\同步调用.csproj", "{06B1ED5A-4A43-46FB-861F-AB70908431CA}"
EndProject
Project("{FAE04EC0-301F-11D3-BF4B-00C04F79EFBC}") = "异步调用", "begininvoke\异步调用.csproj", "{934B7A77-28C6-463C-B6EA-9CC8E0498305}"
EndProject
Project("{FAE04EC0-301F-11D3-BF4B-00C04F79EFBC}") = "test09", "test09\test09.csproj", "{02F5D34E-48B8-46B1-8F09-A58402B17BF8}"
EndProject
Project("{FAE04EC0-301F-11D3-BF4B-00C04F79EFBC}") = "异步回调", "异步回调\异步回调.csproj", "{74C1A040-B0AF-47C4-A43F-A852907194E1}"
EndProject
Project("{FAE04EC0-301F-11D3-BF4B-00C04F79EFBC}") = "test10", "test10\test10.csproj", "{D4C82434-7C54-4997-89A9-A1E989B5067A}"
EndProject
Project("{FAE04EC0-301F-11D3-BF4B-00C04F79EFBC}") = "test11", "test11\test11.csproj", "{30A44B10-7598-4664-A0BD-1859E06F5F21}"
EndProject
Project("{2150E333-8FDC-42A3-9474-1A3956D46DE8}") = "TESTDEMO", "TESTDEMO", "{C91327DA-DE8C-4B5D-A732-7C47FD3D09CA}"
EndProject
Global
	GlobalSection(SolutionConfigurationPlatforms) = preSolution
		Debug|Any CPU = Debug|Any CPU
		Release|Any CPU = Release|Any CPU
	EndGlobalSection
	GlobalSection(ProjectConfigurationPlatforms) = postSolution
		{D8C8EBD1-31A8-4F48-8EE7-CDD5E72229D8}.Debug|Any CPU.ActiveCfg = Debug|Any CPU
		{D8C8EBD1-31A8-4F48-8EE7-CDD5E72229D8}.Debug|Any CPU.Build.0 = Debug|Any CPU
		{D8C8EBD1-31A8-4F48-8EE7-CDD5E72229D8}.Release|Any CPU.ActiveCfg = Release|Any CPU
		{D8C8EBD1-31A8-4F48-8EE7-CDD5E72229D8}.Release|Any CPU.Build.0 = Release|Any CPU
		{FA4F4C30-95D2-496D-A1CF-311A6136C9AD}.Debug|Any CPU.ActiveCfg = Debug|Any CPU
		{FA4F4C30-95D2-496D-A1CF-311A6136C9AD}.Debug|Any CPU.Build.0 = Debug|Any CPU
		{FA4F4C30-95D2-496D-A1CF-311A6136C9AD}.Release|Any CPU.ActiveCfg = Release|Any CPU
		{FA4F4C30-95D2-496D-A1CF-311A6136C9AD}.Release|Any CPU.Build.0 = Release|Any CPU
		{A964788B-6BD6-430B-83B7-A8DA5D145027}.Debug|Any CPU.ActiveCfg = Debug|Any CPU
		{A964788B-6BD6-430B-83B7-A8DA5D145027}.Debug|Any CPU.Build.0 = Debug|Any CPU
		{A964788B-6BD6-430B-83B7-A8DA5D145027}.Release|Any CPU.ActiveCfg = Release|Any CPU
		{A964788B-6BD6-430B-83B7-A8DA5D145027}.Release|Any CPU.Build.0 = Release|Any CPU
		{51B5A3FD-3ABB-497F-BA34-D0DDA377F63A}.Debug|Any CPU.ActiveCfg = Debug|Any CPU
		{51B5A3FD-3ABB-497F-BA34-D0DDA377F63A}.Debug|Any CPU.Build.0 = Debug|Any CPU
		{51B5A3FD-3ABB-497F-BA34-D0DDA377F63A}.Release|Any CPU.ActiveCfg = Release|Any CPU
		{51B5A3FD-3ABB-497F-BA34-D0DDA377F63A}.Release|Any CPU.Build.0 = Release|Any CPU
		{DB13E6D2-7183-48B3-91BB-8A6782DC496C}.Debug|Any CPU.ActiveCfg = Debug|Any CPU
		{DB13E6D2-7183-48B3-91BB-8A6782DC496C}.Debug|Any CPU.Build.0 = Debug|Any CPU
		{DB13E6D2-7183-48B3-91BB-8A6782DC496C}.Release|Any CPU.ActiveCfg = Release|Any CPU
		{DB13E6D2-7183-48B3-91BB-8A6782DC496C}.Release|Any CPU.Build.0 = Release|Any CPU
		{076502C5-D3E9-42F3-AAF8-ED2A6B286CF6}.Debug|Any CPU.ActiveCfg = Debug|Any CPU
		{076502C5-D3E9-42F3-AAF8-ED2A6B286CF6}.Debug|Any CPU.Build.0 = Debug|Any CPU
		{076502C5-D3E9-42F3-AAF8-ED2A6B286CF6}.Release|Any CPU.ActiveCfg = Release|Any CPU
		{076502C5-D3E9-42F3-AAF8-ED2A6B286CF6}.Release|Any CPU.Build.0 = Release|Any CPU
		{471FC3A5-A76A-448D-AB95-E4C3DAA00F25}.Debug|Any CPU.ActiveCfg = Debug|Any CPU
		{471FC3A5-A76A-448D-AB95-E4C3DAA00F25}.Debug|Any CPU.Build.0 = Debug|Any CPU
		{471FC3A5-A76A-448D-AB95-E4C3DAA00F25}.Release|Any CPU.ActiveCfg = Release|Any CPU
		{471FC3A5-A76A-448D-AB95-E4C3DAA00F25}.Release|Any CPU.Build.0 = Release|Any CPU
		{20B85461-F64B-4441-ABDC-CAC643A451BE}.Debug|Any CPU.ActiveCfg = Debug|Any CPU
		{20B85461-F64B-4441-ABDC-CAC643A451BE}.Debug|Any CPU.Build.0 = Debug|Any CPU
		{20B85461-F64B-4441-ABDC-CAC643A451BE}.Release|Any CPU.ActiveCfg = Release|Any CPU
		{20B85461-F64B-4441-ABDC-CAC643A451BE}.Release|Any CPU.Build.0 = Release|Any CPU
		{8AE34A1A-3E23-4C4E-BA4E-FF97CB45D3CF}.Debug|Any CPU.ActiveCfg = Debug|Any CPU
		{8AE34A1A-3E23-4C4E-BA4E-FF97CB45D3CF}.Debug|Any CPU.Build.0 = Debug|Any CPU
		{8AE34A1A-3E23-4C4E-BA4E-FF97CB45D3CF}.Release|Any CPU.ActiveCfg = Release|Any CPU
		{8AE34A1A-3E23-4C4E-BA4E-FF97CB45D3CF}.Release|Any CPU.Build.0 = Release|Any CPU
		{893371A0-9FE4-419C-8D0C-F715255E075B}.Debug|Any CPU.ActiveCfg = Debug|Any CPU
		{893371A0-9FE4-419C-8D0C-F715255E075B}.Debug|Any CPU.Build.0 = Debug|Any CPU
		{893371A0-9FE4-419C-8D0C-F715255E075B}.Release|Any CPU.ActiveCfg = Release|Any CPU
		{893371A0-9FE4-419C-8D0C-F715255E075B}.Release|Any CPU.Build.0 = Release|Any CPU
		{5B028199-B46C-42B5-BD5A-CFC2E71A63EE}.Debug|Any CPU.ActiveCfg = Debug|Any CPU
		{5B028199-B46C-42B5-BD5A-CFC2E71A63EE}.Debug|Any CPU.Build.0 = Debug|Any CPU
		{5B028199-B46C-42B5-BD5A-CFC2E71A63EE}.Release|Any CPU.ActiveCfg = Release|Any CPU
		{5B028199-B46C-42B5-BD5A-CFC2E71A63EE}.Release|Any CPU.Build.0 = Release|Any CPU
		{37D17D9E-778E-4C63-B077-A207A4679855}.Debug|Any CPU.ActiveCfg = Debug|Any CPU
		{37D17D9E-778E-4C63-B077-A207A4679855}.Debug|Any CPU.Build.0 = Debug|Any CPU
		{37D17D9E-778E-4C63-B077-A207A4679855}.Release|Any CPU.ActiveCfg = Release|Any CPU
		{37D17D9E-778E-4C63-B077-A207A4679855}.Release|Any CPU.Build.0 = Release|Any CPU
		{F4E93857-593A-4689-A8F7-17FF54D82158}.Debug|Any CPU.ActiveCfg = Debug|Any CPU
		{F4E93857-593A-4689-A8F7-17FF54D82158}.Debug|Any CPU.Build.0 = Debug|Any CPU
		{F4E93857-593A-4689-A8F7-17FF54D82158}.Release|Any CPU.ActiveCfg = Release|Any CPU
		{F4E93857-593A-4689-A8F7-17FF54D82158}.Release|Any CPU.Build.0 = Release|Any CPU
		{C4C33C6C-C58B-42D3-8E79-C3E08087881C}.Debug|Any CPU.ActiveCfg = Debug|Any CPU
		{C4C33C6C-C58B-42D3-8E79-C3E08087881C}.Debug|Any CPU.Build.0 = Debug|Any CPU
		{C4C33C6C-C58B-42D3-8E79-C3E08087881C}.Release|Any CPU.ActiveCfg = Release|Any CPU
		{C4C33C6C-C58B-42D3-8E79-C3E08087881C}.Release|Any CPU.Build.0 = Release|Any CPU
		{FA7984D0-1B6C-4AE3-BAA7-8B2710344792}.Debug|Any CPU.ActiveCfg = Debug|Any CPU
		{FA7984D0-1B6C-4AE3-BAA7-8B2710344792}.Debug|Any CPU.Build.0 = Debug|Any CPU
		{FA7984D0-1B6C-4AE3-BAA7-8B2710344792}.Release|Any CPU.ActiveCfg = Release|Any CPU
		{FA7984D0-1B6C-4AE3-BAA7-8B2710344792}.Release|Any CPU.Build.0 = Release|Any CPU
		{7E0F1065-4F93-40D2-A926-53F19302687C}.Debug|Any CPU.ActiveCfg = Debug|Any CPU
		{7E0F1065-4F93-40D2-A926-53F19302687C}.Debug|Any CPU.Build.0 = Debug|Any CPU
		{7E0F1065-4F93-40D2-A926-53F19302687C}.Release|Any CPU.ActiveCfg = Release|Any CPU
		{7E0F1065-4F93-40D2-A926-53F19302687C}.Release|Any CPU.Build.0 = Release|Any CPU
		{58445291-B082-4956-9454-909AA64860FA}.Debug|Any CPU.ActiveCfg = Debug|Any CPU
		{58445291-B082-4956-9454-909AA64860FA}.Debug|Any CPU.Build.0 = Debug|Any CPU
		{58445291-B082-4956-9454-909AA64860FA}.Release|Any CPU.ActiveCfg = Release|Any CPU
		{58445291-B082-4956-9454-909AA64860FA}.Release|Any CPU.Build.0 = Release|Any CPU
		{74E3DD73-37F8-40DC-98E0-3071DF82B35B}.Debug|Any CPU.ActiveCfg = Debug|Any CPU
		{74E3DD73-37F8-40DC-98E0-3071DF82B35B}.Debug|Any CPU.Build.0 = Debug|Any CPU
		{74E3DD73-37F8-40DC-98E0-3071DF82B35B}.Release|Any CPU.ActiveCfg = Release|Any CPU
		{74E3DD73-37F8-40DC-98E0-3071DF82B35B}.Release|Any CPU.Build.0 = Release|Any CPU
		{7106F808-EF22-46AB-96C9-E6418CFEE304}.Debug|Any CPU.ActiveCfg = Debug|Any CPU
		{7106F808-EF22-46AB-96C9-E6418CFEE304}.Debug|Any CPU.Build.0 = Debug|Any CPU
		{7106F808-EF22-46AB-96C9-E6418CFEE304}.Release|Any CPU.ActiveCfg = Release|Any CPU
		{7106F808-EF22-46AB-96C9-E6418CFEE304}.Release|Any CPU.Build.0 = Release|Any CPU
		{503569EB-E16F-41DC-9E03-086C1839C6D6}.Debug|Any CPU.ActiveCfg = Debug|Any CPU
		{503569EB-E16F-41DC-9E03-086C1839C6D6}.Debug|Any CPU.Build.0 = Debug|Any CPU
		{503569EB-E16F-41DC-9E03-086C1839C6D6}.Release|Any CPU.ActiveCfg = Release|Any CPU
		{503569EB-E16F-41DC-9E03-086C1839C6D6}.Release|Any CPU.Build.0 = Release|Any CPU
		{5202F99B-C0A9-4DD1-BC85-EE550AE09AB1}.Debug|Any CPU.ActiveCfg = Debug|Any CPU
		{5202F99B-C0A9-4DD1-BC85-EE550AE09AB1}.Debug|Any CPU.Build.0 = Debug|Any CPU
		{5202F99B-C0A9-4DD1-BC85-EE550AE09AB1}.Release|Any CPU.ActiveCfg = Release|Any CPU
		{5202F99B-C0A9-4DD1-BC85-EE550AE09AB1}.Release|Any CPU.Build.0 = Release|Any CPU
		{4D036B78-ABD2-41CC-B51E-68E536093801}.Debug|Any CPU.ActiveCfg = Debug|Any CPU
		{4D036B78-ABD2-41CC-B51E-68E536093801}.Debug|Any CPU.Build.0 = Debug|Any CPU
		{4D036B78-ABD2-41CC-B51E-68E536093801}.Release|Any CPU.ActiveCfg = Release|Any CPU
		{4D036B78-ABD2-41CC-B51E-68E536093801}.Release|Any CPU.Build.0 = Release|Any CPU
		{EDD13795-717D-4458-8B81-7563C419322F}.Debug|Any CPU.ActiveCfg = Debug|Any CPU
		{EDD13795-717D-4458-8B81-7563C419322F}.Debug|Any CPU.Build.0 = Debug|Any CPU
		{EDD13795-717D-4458-8B81-7563C419322F}.Release|Any CPU.ActiveCfg = Release|Any CPU
		{EDD13795-717D-4458-8B81-7563C419322F}.Release|Any CPU.Build.0 = Release|Any CPU
		{80022CC9-1A33-4EA4-A187-867B2D1A1EBE}.Debug|Any CPU.ActiveCfg = Debug|Any CPU
		{80022CC9-1A33-4EA4-A187-867B2D1A1EBE}.Debug|Any CPU.Build.0 = Debug|Any CPU
		{80022CC9-1A33-4EA4-A187-867B2D1A1EBE}.Release|Any CPU.ActiveCfg = Release|Any CPU
		{80022CC9-1A33-4EA4-A187-867B2D1A1EBE}.Release|Any CPU.Build.0 = Release|Any CPU
		{9E16835E-EB5B-4935-9E3C-919B34E9B34B}.Debug|Any CPU.ActiveCfg = Debug|Any CPU
		{9E16835E-EB5B-4935-9E3C-919B34E9B34B}.Debug|Any CPU.Build.0 = Debug|Any CPU
		{9E16835E-EB5B-4935-9E3C-919B34E9B34B}.Release|Any CPU.ActiveCfg = Release|Any CPU
		{9E16835E-EB5B-4935-9E3C-919B34E9B34B}.Release|Any CPU.Build.0 = Release|Any CPU
		{6190EDF0-973A-4B87-8EF9-6613D6F94936}.Debug|Any CPU.ActiveCfg = Debug|Any CPU
		{6190EDF0-973A-4B87-8EF9-6613D6F94936}.Debug|Any CPU.Build.0 = Debug|Any CPU
		{6190EDF0-973A-4B87-8EF9-6613D6F94936}.Release|Any CPU.ActiveCfg = Release|Any CPU
		{6190EDF0-973A-4B87-8EF9-6613D6F94936}.Release|Any CPU.Build.0 = Release|Any CPU
		{D1059C73-DBBE-48CE-B8A3-2D4E9650877E}.Debug|Any CPU.ActiveCfg = Debug|Any CPU
		{D1059C73-DBBE-48CE-B8A3-2D4E9650877E}.Debug|Any CPU.Build.0 = Debug|Any CPU
		{D1059C73-DBBE-48CE-B8A3-2D4E9650877E}.Release|Any CPU.ActiveCfg = Release|Any CPU
		{D1059C73-DBBE-48CE-B8A3-2D4E9650877E}.Release|Any CPU.Build.0 = Release|Any CPU
		{CAE01C7F-2988-4551-BF69-12F2E4D0E844}.Debug|Any CPU.ActiveCfg = Debug|Any CPU
		{CAE01C7F-2988-4551-BF69-12F2E4D0E844}.Debug|Any CPU.Build.0 = Debug|Any CPU
		{CAE01C7F-2988-4551-BF69-12F2E4D0E844}.Release|Any CPU.ActiveCfg = Release|Any CPU
		{CAE01C7F-2988-4551-BF69-12F2E4D0E844}.Release|Any CPU.Build.0 = Release|Any CPU
		{009B71F5-CF03-4281-A091-D9AF08D3B030}.Debug|Any CPU.ActiveCfg = Debug|Any CPU
		{009B71F5-CF03-4281-A091-D9AF08D3B030}.Debug|Any CPU.Build.0 = Debug|Any CPU
		{009B71F5-CF03-4281-A091-D9AF08D3B030}.Release|Any CPU.ActiveCfg = Release|Any CPU
		{009B71F5-CF03-4281-A091-D9AF08D3B030}.Release|Any CPU.Build.0 = Release|Any CPU
		{35BF045C-E754-42B0-8017-EB3A51CE2154}.Debug|Any CPU.ActiveCfg = Debug|Any CPU
		{35BF045C-E754-42B0-8017-EB3A51CE2154}.Debug|Any CPU.Build.0 = Debug|Any CPU
		{35BF045C-E754-42B0-8017-EB3A51CE2154}.Release|Any CPU.ActiveCfg = Release|Any CPU
		{35BF045C-E754-42B0-8017-EB3A51CE2154}.Release|Any CPU.Build.0 = Release|Any CPU
		{F99F37EC-7596-4EA1-816C-E06E239956AC}.Debug|Any CPU.ActiveCfg = Debug|Any CPU
		{F99F37EC-7596-4EA1-816C-E06E239956AC}.Debug|Any CPU.Build.0 = Debug|Any CPU
		{F99F37EC-7596-4EA1-816C-E06E239956AC}.Release|Any CPU.ActiveCfg = Release|Any CPU
		{F99F37EC-7596-4EA1-816C-E06E239956AC}.Release|Any CPU.Build.0 = Release|Any CPU
		{4342B7C7-F7DA-4D7D-86F2-40B49EA7AD82}.Debug|Any CPU.ActiveCfg = Debug|Any CPU
		{4342B7C7-F7DA-4D7D-86F2-40B49EA7AD82}.Debug|Any CPU.Build.0 = Debug|Any CPU
		{4342B7C7-F7DA-4D7D-86F2-40B49EA7AD82}.Release|Any CPU.ActiveCfg = Release|Any CPU
		{4342B7C7-F7DA-4D7D-86F2-40B49EA7AD82}.Release|Any CPU.Build.0 = Release|Any CPU
		{DE41C2A8-C6A7-4698-8411-F30EAA182A55}.Debug|Any CPU.ActiveCfg = Debug|Any CPU
		{DE41C2A8-C6A7-4698-8411-F30EAA182A55}.Debug|Any CPU.Build.0 = Debug|Any CPU
		{DE41C2A8-C6A7-4698-8411-F30EAA182A55}.Release|Any CPU.ActiveCfg = Release|Any CPU
		{DE41C2A8-C6A7-4698-8411-F30EAA182A55}.Release|Any CPU.Build.0 = Release|Any CPU
		{DDEE881B-41F9-4A5D-BEF2-55355BD0F915}.Debug|Any CPU.ActiveCfg = Debug|Any CPU
		{DDEE881B-41F9-4A5D-BEF2-55355BD0F915}.Debug|Any CPU.Build.0 = Debug|Any CPU
		{DDEE881B-41F9-4A5D-BEF2-55355BD0F915}.Release|Any CPU.ActiveCfg = Release|Any CPU
		{DDEE881B-41F9-4A5D-BEF2-55355BD0F915}.Release|Any CPU.Build.0 = Release|Any CPU
		{99B9D0AB-B85C-4142-BB88-749626A6C5F0}.Debug|Any CPU.ActiveCfg = Debug|Any CPU
		{99B9D0AB-B85C-4142-BB88-749626A6C5F0}.Debug|Any CPU.Build.0 = Debug|Any CPU
		{99B9D0AB-B85C-4142-BB88-749626A6C5F0}.Release|Any CPU.ActiveCfg = Release|Any CPU
		{99B9D0AB-B85C-4142-BB88-749626A6C5F0}.Release|Any CPU.Build.0 = Release|Any CPU
		{C77631FD-5715-4F78-98BF-D0EB4AD87D9B}.Debug|Any CPU.ActiveCfg = Debug|Any CPU
		{C77631FD-5715-4F78-98BF-D0EB4AD87D9B}.Debug|Any CPU.Build.0 = Debug|Any CPU
		{C77631FD-5715-4F78-98BF-D0EB4AD87D9B}.Release|Any CPU.ActiveCfg = Release|Any CPU
		{C77631FD-5715-4F78-98BF-D0EB4AD87D9B}.Release|Any CPU.Build.0 = Release|Any CPU
		{78FAEEDA-EEB3-4D37-B88C-27604F0720E4}.Debug|Any CPU.ActiveCfg = Debug|Any CPU
		{78FAEEDA-EEB3-4D37-B88C-27604F0720E4}.Debug|Any CPU.Build.0 = Debug|Any CPU
		{78FAEEDA-EEB3-4D37-B88C-27604F0720E4}.Release|Any CPU.ActiveCfg = Release|Any CPU
		{78FAEEDA-EEB3-4D37-B88C-27604F0720E4}.Release|Any CPU.Build.0 = Release|Any CPU
		{A57B61D9-2051-49A5-8E9E-E82948B4BB73}.Debug|Any CPU.ActiveCfg = Debug|Any CPU
		{A57B61D9-2051-49A5-8E9E-E82948B4BB73}.Debug|Any CPU.Build.0 = Debug|Any CPU
		{A57B61D9-2051-49A5-8E9E-E82948B4BB73}.Release|Any CPU.ActiveCfg = Release|Any CPU
		{A57B61D9-2051-49A5-8E9E-E82948B4BB73}.Release|Any CPU.Build.0 = Release|Any CPU
		{4888851D-69B0-43F6-AAF3-3A592BB3DAAF}.Debug|Any CPU.ActiveCfg = Debug|Any CPU
		{4888851D-69B0-43F6-AAF3-3A592BB3DAAF}.Debug|Any CPU.Build.0 = Debug|Any CPU
		{4888851D-69B0-43F6-AAF3-3A592BB3DAAF}.Release|Any CPU.ActiveCfg = Release|Any CPU
		{4888851D-69B0-43F6-AAF3-3A592BB3DAAF}.Release|Any CPU.Build.0 = Release|Any CPU
		{077E4BF8-0425-4786-BD00-1233B03C3904}.Debug|Any CPU.ActiveCfg = Debug|Any CPU
		{077E4BF8-0425-4786-BD00-1233B03C3904}.Debug|Any CPU.Build.0 = Debug|Any CPU
		{077E4BF8-0425-4786-BD00-1233B03C3904}.Release|Any CPU.ActiveCfg = Release|Any CPU
		{077E4BF8-0425-4786-BD00-1233B03C3904}.Release|Any CPU.Build.0 = Release|Any CPU
		{80415E1C-17C2-488E-A366-5A0870FBF412}.Debug|Any CPU.ActiveCfg = Debug|Any CPU
		{80415E1C-17C2-488E-A366-5A0870FBF412}.Debug|Any CPU.Build.0 = Debug|Any CPU
		{80415E1C-17C2-488E-A366-5A0870FBF412}.Release|Any CPU.ActiveCfg = Release|Any CPU
		{80415E1C-17C2-488E-A366-5A0870FBF412}.Release|Any CPU.Build.0 = Release|Any CPU
		{81B55B5F-F1D4-4F18-94C9-8D01926D0E46}.Debug|Any CPU.ActiveCfg = Debug|Any CPU
		{81B55B5F-F1D4-4F18-94C9-8D01926D0E46}.Debug|Any CPU.Build.0 = Debug|Any CPU
		{81B55B5F-F1D4-4F18-94C9-8D01926D0E46}.Release|Any CPU.ActiveCfg = Release|Any CPU
		{81B55B5F-F1D4-4F18-94C9-8D01926D0E46}.Release|Any CPU.Build.0 = Release|Any CPU
		{6E67A48A-45C7-48D4-BC42-BC5D02A16241}.Debug|Any CPU.ActiveCfg = Debug|Any CPU
		{6E67A48A-45C7-48D4-BC42-BC5D02A16241}.Debug|Any CPU.Build.0 = Debug|Any CPU
		{6E67A48A-45C7-48D4-BC42-BC5D02A16241}.Release|Any CPU.ActiveCfg = Release|Any CPU
		{6E67A48A-45C7-48D4-BC42-BC5D02A16241}.Release|Any CPU.Build.0 = Release|Any CPU
		{7D6A815E-9473-41AA-A748-7D3BAE8EC0F0}.Debug|Any CPU.ActiveCfg = Debug|Any CPU
		{7D6A815E-9473-41AA-A748-7D3BAE8EC0F0}.Debug|Any CPU.Build.0 = Debug|Any CPU
		{7D6A815E-9473-41AA-A748-7D3BAE8EC0F0}.Release|Any CPU.ActiveCfg = Release|Any CPU
		{7D6A815E-9473-41AA-A748-7D3BAE8EC0F0}.Release|Any CPU.Build.0 = Release|Any CPU
		{5F6F9D5C-AD9D-46B4-A2AC-09A00B147AE1}.Debug|Any CPU.ActiveCfg = Debug|Any CPU
		{5F6F9D5C-AD9D-46B4-A2AC-09A00B147AE1}.Debug|Any CPU.Build.0 = Debug|Any CPU
		{5F6F9D5C-AD9D-46B4-A2AC-09A00B147AE1}.Release|Any CPU.ActiveCfg = Release|Any CPU
		{5F6F9D5C-AD9D-46B4-A2AC-09A00B147AE1}.Release|Any CPU.Build.0 = Release|Any CPU
		{DF36F2C8-CE30-4258-8868-2D4B873AE219}.Debug|Any CPU.ActiveCfg = Debug|Any CPU
		{DF36F2C8-CE30-4258-8868-2D4B873AE219}.Debug|Any CPU.Build.0 = Debug|Any CPU
		{DF36F2C8-CE30-4258-8868-2D4B873AE219}.Release|Any CPU.ActiveCfg = Release|Any CPU
		{DF36F2C8-CE30-4258-8868-2D4B873AE219}.Release|Any CPU.Build.0 = Release|Any CPU
		{99A106D4-3FEF-4EC9-9C75-D497486891E3}.Debug|Any CPU.ActiveCfg = Debug|Any CPU
		{99A106D4-3FEF-4EC9-9C75-D497486891E3}.Debug|Any CPU.Build.0 = Debug|Any CPU
		{99A106D4-3FEF-4EC9-9C75-D497486891E3}.Release|Any CPU.ActiveCfg = Release|Any CPU
		{99A106D4-3FEF-4EC9-9C75-D497486891E3}.Release|Any CPU.Build.0 = Release|Any CPU
		{0BEECC00-0748-4807-9036-8D6BDC292CFF}.Debug|Any CPU.ActiveCfg = Debug|Any CPU
		{0BEECC00-0748-4807-9036-8D6BDC292CFF}.Debug|Any CPU.Build.0 = Debug|Any CPU
		{0BEECC00-0748-4807-9036-8D6BDC292CFF}.Release|Any CPU.ActiveCfg = Release|Any CPU
		{0BEECC00-0748-4807-9036-8D6BDC292CFF}.Release|Any CPU.Build.0 = Release|Any CPU
		{26E99962-0468-4B74-ADD5-0AB5F59CFCD2}.Debug|Any CPU.ActiveCfg = Debug|Any CPU
		{26E99962-0468-4B74-ADD5-0AB5F59CFCD2}.Debug|Any CPU.Build.0 = Debug|Any CPU
		{26E99962-0468-4B74-ADD5-0AB5F59CFCD2}.Release|Any CPU.ActiveCfg = Release|Any CPU
		{26E99962-0468-4B74-ADD5-0AB5F59CFCD2}.Release|Any CPU.Build.0 = Release|Any CPU
		{83244EC6-3653-4E15-AF1E-0F0939794C15}.Debug|Any CPU.ActiveCfg = Debug|Any CPU
		{83244EC6-3653-4E15-AF1E-0F0939794C15}.Debug|Any CPU.Build.0 = Debug|Any CPU
		{83244EC6-3653-4E15-AF1E-0F0939794C15}.Release|Any CPU.ActiveCfg = Release|Any CPU
		{83244EC6-3653-4E15-AF1E-0F0939794C15}.Release|Any CPU.Build.0 = Release|Any CPU
		{8DCC8387-E1E9-48EB-ACA1-DCA8E2F3C187}.Debug|Any CPU.ActiveCfg = Debug|Any CPU
		{8DCC8387-E1E9-48EB-ACA1-DCA8E2F3C187}.Debug|Any CPU.Build.0 = Debug|Any CPU
		{8DCC8387-E1E9-48EB-ACA1-DCA8E2F3C187}.Release|Any CPU.ActiveCfg = Release|Any CPU
		{8DCC8387-E1E9-48EB-ACA1-DCA8E2F3C187}.Release|Any CPU.Build.0 = Release|Any CPU
		{F965AA7C-C647-480D-80EF-B01FFB1D2836}.Debug|Any CPU.ActiveCfg = Debug|Any CPU
		{F965AA7C-C647-480D-80EF-B01FFB1D2836}.Debug|Any CPU.Build.0 = Debug|Any CPU
		{F965AA7C-C647-480D-80EF-B01FFB1D2836}.Release|Any CPU.ActiveCfg = Release|Any CPU
		{F965AA7C-C647-480D-80EF-B01FFB1D2836}.Release|Any CPU.Build.0 = Release|Any CPU
		{2EF86A94-EA09-4AED-A10C-176802C262E1}.Debug|Any CPU.ActiveCfg = Debug|Any CPU
		{2EF86A94-EA09-4AED-A10C-176802C262E1}.Debug|Any CPU.Build.0 = Debug|Any CPU
		{2EF86A94-EA09-4AED-A10C-176802C262E1}.Release|Any CPU.ActiveCfg = Release|Any CPU
		{2EF86A94-EA09-4AED-A10C-176802C262E1}.Release|Any CPU.Build.0 = Release|Any CPU
		{06B1ED5A-4A43-46FB-861F-AB70908431CA}.Debug|Any CPU.ActiveCfg = Debug|Any CPU
		{06B1ED5A-4A43-46FB-861F-AB70908431CA}.Debug|Any CPU.Build.0 = Debug|Any CPU
		{06B1ED5A-4A43-46FB-861F-AB70908431CA}.Release|Any CPU.ActiveCfg = Release|Any CPU
		{06B1ED5A-4A43-46FB-861F-AB70908431CA}.Release|Any CPU.Build.0 = Release|Any CPU
		{934B7A77-28C6-463C-B6EA-9CC8E0498305}.Debug|Any CPU.ActiveCfg = Debug|Any CPU
		{934B7A77-28C6-463C-B6EA-9CC8E0498305}.Debug|Any CPU.Build.0 = Debug|Any CPU
		{934B7A77-28C6-463C-B6EA-9CC8E0498305}.Release|Any CPU.ActiveCfg = Release|Any CPU
		{934B7A77-28C6-463C-B6EA-9CC8E0498305}.Release|Any CPU.Build.0 = Release|Any CPU
		{02F5D34E-48B8-46B1-8F09-A58402B17BF8}.Debug|Any CPU.ActiveCfg = Debug|Any CPU
		{02F5D34E-48B8-46B1-8F09-A58402B17BF8}.Debug|Any CPU.Build.0 = Debug|Any CPU
		{02F5D34E-48B8-46B1-8F09-A58402B17BF8}.Release|Any CPU.ActiveCfg = Release|Any CPU
		{02F5D34E-48B8-46B1-8F09-A58402B17BF8}.Release|Any CPU.Build.0 = Release|Any CPU
		{74C1A040-B0AF-47C4-A43F-A852907194E1}.Debug|Any CPU.ActiveCfg = Debug|Any CPU
		{74C1A040-B0AF-47C4-A43F-A852907194E1}.Debug|Any CPU.Build.0 = Debug|Any CPU
		{74C1A040-B0AF-47C4-A43F-A852907194E1}.Release|Any CPU.ActiveCfg = Release|Any CPU
		{74C1A040-B0AF-47C4-A43F-A852907194E1}.Release|Any CPU.Build.0 = Release|Any CPU
		{D4C82434-7C54-4997-89A9-A1E989B5067A}.Debug|Any CPU.ActiveCfg = Debug|Any CPU
		{D4C82434-7C54-4997-89A9-A1E989B5067A}.Debug|Any CPU.Build.0 = Debug|Any CPU
		{D4C82434-7C54-4997-89A9-A1E989B5067A}.Release|Any CPU.ActiveCfg = Release|Any CPU
		{D4C82434-7C54-4997-89A9-A1E989B5067A}.Release|Any CPU.Build.0 = Release|Any CPU
		{30A44B10-7598-4664-A0BD-1859E06F5F21}.Debug|Any CPU.ActiveCfg = Debug|Any CPU
		{30A44B10-7598-4664-A0BD-1859E06F5F21}.Debug|Any CPU.Build.0 = Debug|Any CPU
		{30A44B10-7598-4664-A0BD-1859E06F5F21}.Release|Any CPU.ActiveCfg = Release|Any CPU
		{30A44B10-7598-4664-A0BD-1859E06F5F21}.Release|Any CPU.Build.0 = Release|Any CPU
	EndGlobalSection
	GlobalSection(SolutionProperties) = preSolution
		HideSolutionNode = FALSE
	EndGlobalSection
	GlobalSection(NestedProjects) = preSolution
		{DB13E6D2-7183-48B3-91BB-8A6782DC496C} = {C91327DA-DE8C-4B5D-A732-7C47FD3D09CA}
		{6E67A48A-45C7-48D4-BC42-BC5D02A16241} = {C91327DA-DE8C-4B5D-A732-7C47FD3D09CA}
		{7D6A815E-9473-41AA-A748-7D3BAE8EC0F0} = {C91327DA-DE8C-4B5D-A732-7C47FD3D09CA}
		{99A106D4-3FEF-4EC9-9C75-D497486891E3} = {C91327DA-DE8C-4B5D-A732-7C47FD3D09CA}
		{26E99962-0468-4B74-ADD5-0AB5F59CFCD2} = {C91327DA-DE8C-4B5D-A732-7C47FD3D09CA}
		{83244EC6-3653-4E15-AF1E-0F0939794C15} = {C91327DA-DE8C-4B5D-A732-7C47FD3D09CA}
		{F965AA7C-C647-480D-80EF-B01FFB1D2836} = {C91327DA-DE8C-4B5D-A732-7C47FD3D09CA}
		{2EF86A94-EA09-4AED-A10C-176802C262E1} = {C91327DA-DE8C-4B5D-A732-7C47FD3D09CA}
		{02F5D34E-48B8-46B1-8F09-A58402B17BF8} = {C91327DA-DE8C-4B5D-A732-7C47FD3D09CA}
		{D4C82434-7C54-4997-89A9-A1E989B5067A} = {C91327DA-DE8C-4B5D-A732-7C47FD3D09CA}
		{30A44B10-7598-4664-A0BD-1859E06F5F21} = {C91327DA-DE8C-4B5D-A732-7C47FD3D09CA}
	EndGlobalSection
EndGlobal
