
Microsoft Visual Studio Solution File, Format Version 12.00
# Visual Studio Version 16
VisualStudioVersion = 16.0.29613.14
MinimumVisualStudioVersion = 10.0.40219.1
Project("{8BC9CEB8-8B4A-11D0-8D11-00A0C91BC942}") = "Hello,World", "Hello,World\Hello,World.vcxproj", "{C8B80D1C-49CC-49EC-94BA-C8FD04F0AE6E}"
EndProject
Project("{8BC9CEB8-8B4A-11D0-8D11-00A0C91BC942}") = "Constant", "Constant\Constant.vcxproj", "{CD2E386B-F907-4F47-BAB3-0B59B48F44FF}"
EndProject
Project("{8BC9CEB8-8B4A-11D0-8D11-00A0C91BC942}") = "Variable", "Variable\Variable.vcxproj", "{D6D1D111-F275-4845-B3B5-950B4C4718AF}"
EndProject
Project("{8BC9CEB8-8B4A-11D0-8D11-00A0C91BC942}") = "Char", "Char\Char.vcxproj", "{B73AA3ED-E483-4B02-9124-942FC70A9590}"
EndProject
Project("{8BC9CEB8-8B4A-11D0-8D11-00A0C91BC942}") = "Float_Double", "Float_Double\Float_Double.vcxproj", "{A1734B10-A3A8-4263-987D-82F3DE9E656A}"
EndProject
Project("{8BC9CEB8-8B4A-11D0-8D11-00A0C91BC942}") = "String", "String\String.vcxproj", "{9F279580-25EE-4753-92A3-E0986DDAF7EB}"
EndProject
Global
	GlobalSection(SolutionConfigurationPlatforms) = preSolution
		Debug|x64 = Debug|x64
		Debug|x86 = Debug|x86
		Release|x64 = Release|x64
		Release|x86 = Release|x86
	EndGlobalSection
	GlobalSection(ProjectConfigurationPlatforms) = postSolution
		{C8B80D1C-49CC-49EC-94BA-C8FD04F0AE6E}.Debug|x64.ActiveCfg = Debug|x64
		{C8B80D1C-49CC-49EC-94BA-C8FD04F0AE6E}.Debug|x64.Build.0 = Debug|x64
		{C8B80D1C-49CC-49EC-94BA-C8FD04F0AE6E}.Debug|x86.ActiveCfg = Debug|Win32
		{C8B80D1C-49CC-49EC-94BA-C8FD04F0AE6E}.Debug|x86.Build.0 = Debug|Win32
		{C8B80D1C-49CC-49EC-94BA-C8FD04F0AE6E}.Release|x64.ActiveCfg = Release|x64
		{C8B80D1C-49CC-49EC-94BA-C8FD04F0AE6E}.Release|x64.Build.0 = Release|x64
		{C8B80D1C-49CC-49EC-94BA-C8FD04F0AE6E}.Release|x86.ActiveCfg = Release|Win32
		{C8B80D1C-49CC-49EC-94BA-C8FD04F0AE6E}.Release|x86.Build.0 = Release|Win32
		{CD2E386B-F907-4F47-BAB3-0B59B48F44FF}.Debug|x64.ActiveCfg = Debug|x64
		{CD2E386B-F907-4F47-BAB3-0B59B48F44FF}.Debug|x64.Build.0 = Debug|x64
		{CD2E386B-F907-4F47-BAB3-0B59B48F44FF}.Debug|x86.ActiveCfg = Debug|Win32
		{CD2E386B-F907-4F47-BAB3-0B59B48F44FF}.Debug|x86.Build.0 = Debug|Win32
		{CD2E386B-F907-4F47-BAB3-0B59B48F44FF}.Release|x64.ActiveCfg = Release|x64
		{CD2E386B-F907-4F47-BAB3-0B59B48F44FF}.Release|x64.Build.0 = Release|x64
		{CD2E386B-F907-4F47-BAB3-0B59B48F44FF}.Release|x86.ActiveCfg = Release|Win32
		{CD2E386B-F907-4F47-BAB3-0B59B48F44FF}.Release|x86.Build.0 = Release|Win32
		{D6D1D111-F275-4845-B3B5-950B4C4718AF}.Debug|x64.ActiveCfg = Debug|x64
		{D6D1D111-F275-4845-B3B5-950B4C4718AF}.Debug|x64.Build.0 = Debug|x64
		{D6D1D111-F275-4845-B3B5-950B4C4718AF}.Debug|x86.ActiveCfg = Debug|Win32
		{D6D1D111-F275-4845-B3B5-950B4C4718AF}.Debug|x86.Build.0 = Debug|Win32
		{D6D1D111-F275-4845-B3B5-950B4C4718AF}.Release|x64.ActiveCfg = Release|x64
		{D6D1D111-F275-4845-B3B5-950B4C4718AF}.Release|x64.Build.0 = Release|x64
		{D6D1D111-F275-4845-B3B5-950B4C4718AF}.Release|x86.ActiveCfg = Release|Win32
		{D6D1D111-F275-4845-B3B5-950B4C4718AF}.Release|x86.Build.0 = Release|Win32
		{B73AA3ED-E483-4B02-9124-942FC70A9590}.Debug|x64.ActiveCfg = Debug|x64
		{B73AA3ED-E483-4B02-9124-942FC70A9590}.Debug|x64.Build.0 = Debug|x64
		{B73AA3ED-E483-4B02-9124-942FC70A9590}.Debug|x86.ActiveCfg = Debug|Win32
		{B73AA3ED-E483-4B02-9124-942FC70A9590}.Debug|x86.Build.0 = Debug|Win32
		{B73AA3ED-E483-4B02-9124-942FC70A9590}.Release|x64.ActiveCfg = Release|x64
		{B73AA3ED-E483-4B02-9124-942FC70A9590}.Release|x64.Build.0 = Release|x64
		{B73AA3ED-E483-4B02-9124-942FC70A9590}.Release|x86.ActiveCfg = Release|Win32
		{B73AA3ED-E483-4B02-9124-942FC70A9590}.Release|x86.Build.0 = Release|Win32
		{A1734B10-A3A8-4263-987D-82F3DE9E656A}.Debug|x64.ActiveCfg = Debug|x64
		{A1734B10-A3A8-4263-987D-82F3DE9E656A}.Debug|x64.Build.0 = Debug|x64
		{A1734B10-A3A8-4263-987D-82F3DE9E656A}.Debug|x86.ActiveCfg = Debug|Win32
		{A1734B10-A3A8-4263-987D-82F3DE9E656A}.Debug|x86.Build.0 = Debug|Win32
		{A1734B10-A3A8-4263-987D-82F3DE9E656A}.Release|x64.ActiveCfg = Release|x64
		{A1734B10-A3A8-4263-987D-82F3DE9E656A}.Release|x64.Build.0 = Release|x64
		{A1734B10-A3A8-4263-987D-82F3DE9E656A}.Release|x86.ActiveCfg = Release|Win32
		{A1734B10-A3A8-4263-987D-82F3DE9E656A}.Release|x86.Build.0 = Release|Win32
		{9F279580-25EE-4753-92A3-E0986DDAF7EB}.Debug|x64.ActiveCfg = Debug|x64
		{9F279580-25EE-4753-92A3-E0986DDAF7EB}.Debug|x64.Build.0 = Debug|x64
		{9F279580-25EE-4753-92A3-E0986DDAF7EB}.Debug|x86.ActiveCfg = Debug|Win32
		{9F279580-25EE-4753-92A3-E0986DDAF7EB}.Debug|x86.Build.0 = Debug|Win32
		{9F279580-25EE-4753-92A3-E0986DDAF7EB}.Release|x64.ActiveCfg = Release|x64
		{9F279580-25EE-4753-92A3-E0986DDAF7EB}.Release|x64.Build.0 = Release|x64
		{9F279580-25EE-4753-92A3-E0986DDAF7EB}.Release|x86.ActiveCfg = Release|Win32
		{9F279580-25EE-4753-92A3-E0986DDAF7EB}.Release|x86.Build.0 = Release|Win32
	EndGlobalSection
	GlobalSection(SolutionProperties) = preSolution
		HideSolutionNode = FALSE
	EndGlobalSection
	GlobalSection(ExtensibilityGlobals) = postSolution
		SolutionGuid = {5C3BD9B6-76DD-46AF-B77D-8237A07FDC5B}
	EndGlobalSection
EndGlobal
