
Microsoft Visual Studio Solution File, Format Version 12.00
# Visual Studio Version 16
VisualStudioVersion = 16.0.29613.14
MinimumVisualStudioVersion = 10.0.40219.1
Project("{8BC9CEB8-8B4A-11D0-8D11-00A0C91BC942}") = "Hello,World", "Hello,World\Hello,World.vcxproj", "{C8B80D1C-49CC-49EC-94BA-C8FD04F0AE6E}"
EndProject
Project("{8BC9CEB8-8B4A-11D0-8D11-00A0C91BC942}") = "Constant", "Constant\Constant.vcxproj", "{CD2E386B-F907-4F47-BAB3-0B59B48F44FF}"
EndProject
Project("{8BC9CEB8-8B4A-11D0-8D11-00A0C91BC942}") = "Variable", "Variable\Variable.vcxproj", "{D6D1D111-F275-4845-B3B5-950B4C4718AF}"
EndProject
Project("{8BC9CEB8-8B4A-11D0-8D11-00A0C91BC942}") = "Char", "Char\Char.vcxproj", "{B73AA3ED-E483-4B02-9124-942FC70A9590}"
EndProject
Project("{8BC9CEB8-8B4A-11D0-8D11-00A0C91BC942}") = "Float_Double", "Float_Double\Float_Double.vcxproj", "{A1734B10-A3A8-4263-987D-82F3DE9E656A}"
EndProject
Project("{8BC9CEB8-8B4A-11D0-8D11-00A0C91BC942}") = "String", "String\String.vcxproj", "{9F279580-25EE-4753-92A3-E0986DDAF7EB}"
EndProject
Project("{8BC9CEB8-8B4A-11D0-8D11-00A0C91BC942}") = "Logic", "Logic\Logic.vcxproj", "{A117D129-5FD1-4203-99ED-D2642AD330C4}"
EndProject
Project("{8BC9CEB8-8B4A-11D0-8D11-00A0C91BC942}") = "Rander", "Rander\Rander.vcxproj", "{CB6DE81D-EF24-4F05-8175-5234A4EE8CAE}"
EndProject
Project("{8BC9CEB8-8B4A-11D0-8D11-00A0C91BC942}") = "Practice_01", "Practice\Practice.vcxproj", "{EBAA6D0E-9BDF-429C-8AC6-77A8D55714CC}"
EndProject
Project("{8BC9CEB8-8B4A-11D0-8D11-00A0C91BC942}") = "Arrary", "Arrary\Arrary.vcxproj", "{B5EE5543-D53F-4DB9-96D6-9E8E6641C0D7}"
EndProject
Project("{8BC9CEB8-8B4A-11D0-8D11-00A0C91BC942}") = "Bubble_Sort", "Bubble_Sort\Bubble_Sort.vcxproj", "{706CCB6A-A0EC-4A76-9E4B-EB28E6C591D9}"
EndProject
Project("{8BC9CEB8-8B4A-11D0-8D11-00A0C91BC942}") = "Practice_02", "Practice_02\Practice_02.vcxproj", "{6966DE0D-7415-467D-8397-2F7C054FD8A5}"
EndProject
Project("{8BC9CEB8-8B4A-11D0-8D11-00A0C91BC942}") = "Function", "Function\Function.vcxproj", "{CF9E3DF6-36C0-4C59-9ED3-0A6F764FBD05}"
EndProject
Project("{2150E333-8FDC-42A3-9474-1A3956D46DE8}") = "Test", "Test", "{C0DF39B8-C221-496F-84AE-BCC7BE220B6D}"
EndProject
Project("{8BC9CEB8-8B4A-11D0-8D11-00A0C91BC942}") = "Test_01", "Test\Test_01\Test_01.vcxproj", "{6DF23D0B-F522-4DD9-B026-1A82201740A1}"
EndProject
Project("{8BC9CEB8-8B4A-11D0-8D11-00A0C91BC942}") = "Pointer_01", "Pointer_01\Pointer_01.vcxproj", "{289D98B1-5822-4657-BFA3-94CB6EA07EF6}"
EndProject
Project("{8BC9CEB8-8B4A-11D0-8D11-00A0C91BC942}") = "Pointer_02", "Pointer_02\Pointer_02.vcxproj", "{9F9B2C4C-44D6-42E0-B125-DB6F44A2F1C2}"
EndProject
Project("{8BC9CEB8-8B4A-11D0-8D11-00A0C91BC942}") = "Pointer_03", "Pointer_03\Pointer_03.vcxproj", "{8437DE9B-9B27-49FA-B310-8367AD5C58A3}"
EndProject
Global
	GlobalSection(SolutionConfigurationPlatforms) = preSolution
		Debug|ARM = Debug|ARM
		Debug|ARM64 = Debug|ARM64
		Debug|x64 = Debug|x64
		Debug|x86 = Debug|x86
		Release|ARM = Release|ARM
		Release|ARM64 = Release|ARM64
		Release|x64 = Release|x64
		Release|x86 = Release|x86
	EndGlobalSection
	GlobalSection(ProjectConfigurationPlatforms) = postSolution
		{C8B80D1C-49CC-49EC-94BA-C8FD04F0AE6E}.Debug|ARM.ActiveCfg = Debug|Win32
		{C8B80D1C-49CC-49EC-94BA-C8FD04F0AE6E}.Debug|ARM64.ActiveCfg = Debug|Win32
		{C8B80D1C-49CC-49EC-94BA-C8FD04F0AE6E}.Debug|x64.ActiveCfg = Debug|x64
		{C8B80D1C-49CC-49EC-94BA-C8FD04F0AE6E}.Debug|x64.Build.0 = Debug|x64
		{C8B80D1C-49CC-49EC-94BA-C8FD04F0AE6E}.Debug|x86.ActiveCfg = Debug|Win32
		{C8B80D1C-49CC-49EC-94BA-C8FD04F0AE6E}.Debug|x86.Build.0 = Debug|Win32
		{C8B80D1C-49CC-49EC-94BA-C8FD04F0AE6E}.Release|ARM.ActiveCfg = Release|Win32
		{C8B80D1C-49CC-49EC-94BA-C8FD04F0AE6E}.Release|ARM64.ActiveCfg = Release|Win32
		{C8B80D1C-49CC-49EC-94BA-C8FD04F0AE6E}.Release|x64.ActiveCfg = Release|x64
		{C8B80D1C-49CC-49EC-94BA-C8FD04F0AE6E}.Release|x64.Build.0 = Release|x64
		{C8B80D1C-49CC-49EC-94BA-C8FD04F0AE6E}.Release|x86.ActiveCfg = Release|Win32
		{C8B80D1C-49CC-49EC-94BA-C8FD04F0AE6E}.Release|x86.Build.0 = Release|Win32
		{CD2E386B-F907-4F47-BAB3-0B59B48F44FF}.Debug|ARM.ActiveCfg = Debug|Win32
		{CD2E386B-F907-4F47-BAB3-0B59B48F44FF}.Debug|ARM64.ActiveCfg = Debug|Win32
		{CD2E386B-F907-4F47-BAB3-0B59B48F44FF}.Debug|x64.ActiveCfg = Debug|x64
		{CD2E386B-F907-4F47-BAB3-0B59B48F44FF}.Debug|x64.Build.0 = Debug|x64
		{CD2E386B-F907-4F47-BAB3-0B59B48F44FF}.Debug|x86.ActiveCfg = Debug|Win32
		{CD2E386B-F907-4F47-BAB3-0B59B48F44FF}.Debug|x86.Build.0 = Debug|Win32
		{CD2E386B-F907-4F47-BAB3-0B59B48F44FF}.Release|ARM.ActiveCfg = Release|Win32
		{CD2E386B-F907-4F47-BAB3-0B59B48F44FF}.Release|ARM64.ActiveCfg = Release|Win32
		{CD2E386B-F907-4F47-BAB3-0B59B48F44FF}.Release|x64.ActiveCfg = Release|x64
		{CD2E386B-F907-4F47-BAB3-0B59B48F44FF}.Release|x64.Build.0 = Release|x64
		{CD2E386B-F907-4F47-BAB3-0B59B48F44FF}.Release|x86.ActiveCfg = Release|Win32
		{CD2E386B-F907-4F47-BAB3-0B59B48F44FF}.Release|x86.Build.0 = Release|Win32
		{D6D1D111-F275-4845-B3B5-950B4C4718AF}.Debug|ARM.ActiveCfg = Debug|Win32
		{D6D1D111-F275-4845-B3B5-950B4C4718AF}.Debug|ARM64.ActiveCfg = Debug|Win32
		{D6D1D111-F275-4845-B3B5-950B4C4718AF}.Debug|x64.ActiveCfg = Debug|x64
		{D6D1D111-F275-4845-B3B5-950B4C4718AF}.Debug|x64.Build.0 = Debug|x64
		{D6D1D111-F275-4845-B3B5-950B4C4718AF}.Debug|x86.ActiveCfg = Debug|Win32
		{D6D1D111-F275-4845-B3B5-950B4C4718AF}.Debug|x86.Build.0 = Debug|Win32
		{D6D1D111-F275-4845-B3B5-950B4C4718AF}.Release|ARM.ActiveCfg = Release|Win32
		{D6D1D111-F275-4845-B3B5-950B4C4718AF}.Release|ARM64.ActiveCfg = Release|Win32
		{D6D1D111-F275-4845-B3B5-950B4C4718AF}.Release|x64.ActiveCfg = Release|x64
		{D6D1D111-F275-4845-B3B5-950B4C4718AF}.Release|x64.Build.0 = Release|x64
		{D6D1D111-F275-4845-B3B5-950B4C4718AF}.Release|x86.ActiveCfg = Release|Win32
		{D6D1D111-F275-4845-B3B5-950B4C4718AF}.Release|x86.Build.0 = Release|Win32
		{B73AA3ED-E483-4B02-9124-942FC70A9590}.Debug|ARM.ActiveCfg = Debug|Win32
		{B73AA3ED-E483-4B02-9124-942FC70A9590}.Debug|ARM64.ActiveCfg = Debug|Win32
		{B73AA3ED-E483-4B02-9124-942FC70A9590}.Debug|x64.ActiveCfg = Debug|x64
		{B73AA3ED-E483-4B02-9124-942FC70A9590}.Debug|x64.Build.0 = Debug|x64
		{B73AA3ED-E483-4B02-9124-942FC70A9590}.Debug|x86.ActiveCfg = Debug|Win32
		{B73AA3ED-E483-4B02-9124-942FC70A9590}.Debug|x86.Build.0 = Debug|Win32
		{B73AA3ED-E483-4B02-9124-942FC70A9590}.Release|ARM.ActiveCfg = Release|Win32
		{B73AA3ED-E483-4B02-9124-942FC70A9590}.Release|ARM64.ActiveCfg = Release|Win32
		{B73AA3ED-E483-4B02-9124-942FC70A9590}.Release|x64.ActiveCfg = Release|x64
		{B73AA3ED-E483-4B02-9124-942FC70A9590}.Release|x64.Build.0 = Release|x64
		{B73AA3ED-E483-4B02-9124-942FC70A9590}.Release|x86.ActiveCfg = Release|Win32
		{B73AA3ED-E483-4B02-9124-942FC70A9590}.Release|x86.Build.0 = Release|Win32
		{A1734B10-A3A8-4263-987D-82F3DE9E656A}.Debug|ARM.ActiveCfg = Debug|Win32
		{A1734B10-A3A8-4263-987D-82F3DE9E656A}.Debug|ARM64.ActiveCfg = Debug|Win32
		{A1734B10-A3A8-4263-987D-82F3DE9E656A}.Debug|x64.ActiveCfg = Debug|x64
		{A1734B10-A3A8-4263-987D-82F3DE9E656A}.Debug|x64.Build.0 = Debug|x64
		{A1734B10-A3A8-4263-987D-82F3DE9E656A}.Debug|x86.ActiveCfg = Debug|Win32
		{A1734B10-A3A8-4263-987D-82F3DE9E656A}.Debug|x86.Build.0 = Debug|Win32
		{A1734B10-A3A8-4263-987D-82F3DE9E656A}.Release|ARM.ActiveCfg = Release|Win32
		{A1734B10-A3A8-4263-987D-82F3DE9E656A}.Release|ARM64.ActiveCfg = Release|Win32
		{A1734B10-A3A8-4263-987D-82F3DE9E656A}.Release|x64.ActiveCfg = Release|x64
		{A1734B10-A3A8-4263-987D-82F3DE9E656A}.Release|x64.Build.0 = Release|x64
		{A1734B10-A3A8-4263-987D-82F3DE9E656A}.Release|x86.ActiveCfg = Release|Win32
		{A1734B10-A3A8-4263-987D-82F3DE9E656A}.Release|x86.Build.0 = Release|Win32
		{9F279580-25EE-4753-92A3-E0986DDAF7EB}.Debug|ARM.ActiveCfg = Debug|Win32
		{9F279580-25EE-4753-92A3-E0986DDAF7EB}.Debug|ARM64.ActiveCfg = Debug|Win32
		{9F279580-25EE-4753-92A3-E0986DDAF7EB}.Debug|x64.ActiveCfg = Debug|x64
		{9F279580-25EE-4753-92A3-E0986DDAF7EB}.Debug|x64.Build.0 = Debug|x64
		{9F279580-25EE-4753-92A3-E0986DDAF7EB}.Debug|x86.ActiveCfg = Debug|Win32
		{9F279580-25EE-4753-92A3-E0986DDAF7EB}.Debug|x86.Build.0 = Debug|Win32
		{9F279580-25EE-4753-92A3-E0986DDAF7EB}.Release|ARM.ActiveCfg = Release|Win32
		{9F279580-25EE-4753-92A3-E0986DDAF7EB}.Release|ARM64.ActiveCfg = Release|Win32
		{9F279580-25EE-4753-92A3-E0986DDAF7EB}.Release|x64.ActiveCfg = Release|x64
		{9F279580-25EE-4753-92A3-E0986DDAF7EB}.Release|x64.Build.0 = Release|x64
		{9F279580-25EE-4753-92A3-E0986DDAF7EB}.Release|x86.ActiveCfg = Release|Win32
		{9F279580-25EE-4753-92A3-E0986DDAF7EB}.Release|x86.Build.0 = Release|Win32
		{A117D129-5FD1-4203-99ED-D2642AD330C4}.Debug|ARM.ActiveCfg = Debug|Win32
		{A117D129-5FD1-4203-99ED-D2642AD330C4}.Debug|ARM64.ActiveCfg = Debug|Win32
		{A117D129-5FD1-4203-99ED-D2642AD330C4}.Debug|x64.ActiveCfg = Debug|x64
		{A117D129-5FD1-4203-99ED-D2642AD330C4}.Debug|x64.Build.0 = Debug|x64
		{A117D129-5FD1-4203-99ED-D2642AD330C4}.Debug|x86.ActiveCfg = Debug|Win32
		{A117D129-5FD1-4203-99ED-D2642AD330C4}.Debug|x86.Build.0 = Debug|Win32
		{A117D129-5FD1-4203-99ED-D2642AD330C4}.Release|ARM.ActiveCfg = Release|Win32
		{A117D129-5FD1-4203-99ED-D2642AD330C4}.Release|ARM64.ActiveCfg = Release|Win32
		{A117D129-5FD1-4203-99ED-D2642AD330C4}.Release|x64.ActiveCfg = Release|x64
		{A117D129-5FD1-4203-99ED-D2642AD330C4}.Release|x64.Build.0 = Release|x64
		{A117D129-5FD1-4203-99ED-D2642AD330C4}.Release|x86.ActiveCfg = Release|Win32
		{A117D129-5FD1-4203-99ED-D2642AD330C4}.Release|x86.Build.0 = Release|Win32
		{CB6DE81D-EF24-4F05-8175-5234A4EE8CAE}.Debug|ARM.ActiveCfg = Debug|Win32
		{CB6DE81D-EF24-4F05-8175-5234A4EE8CAE}.Debug|ARM64.ActiveCfg = Debug|Win32
		{CB6DE81D-EF24-4F05-8175-5234A4EE8CAE}.Debug|x64.ActiveCfg = Debug|x64
		{CB6DE81D-EF24-4F05-8175-5234A4EE8CAE}.Debug|x64.Build.0 = Debug|x64
		{CB6DE81D-EF24-4F05-8175-5234A4EE8CAE}.Debug|x86.ActiveCfg = Debug|Win32
		{CB6DE81D-EF24-4F05-8175-5234A4EE8CAE}.Debug|x86.Build.0 = Debug|Win32
		{CB6DE81D-EF24-4F05-8175-5234A4EE8CAE}.Release|ARM.ActiveCfg = Release|Win32
		{CB6DE81D-EF24-4F05-8175-5234A4EE8CAE}.Release|ARM64.ActiveCfg = Release|Win32
		{CB6DE81D-EF24-4F05-8175-5234A4EE8CAE}.Release|x64.ActiveCfg = Release|x64
		{CB6DE81D-EF24-4F05-8175-5234A4EE8CAE}.Release|x64.Build.0 = Release|x64
		{CB6DE81D-EF24-4F05-8175-5234A4EE8CAE}.Release|x86.ActiveCfg = Release|Win32
		{CB6DE81D-EF24-4F05-8175-5234A4EE8CAE}.Release|x86.Build.0 = Release|Win32
		{EBAA6D0E-9BDF-429C-8AC6-77A8D55714CC}.Debug|ARM.ActiveCfg = Debug|Win32
		{EBAA6D0E-9BDF-429C-8AC6-77A8D55714CC}.Debug|ARM64.ActiveCfg = Debug|Win32
		{EBAA6D0E-9BDF-429C-8AC6-77A8D55714CC}.Debug|x64.ActiveCfg = Debug|x64
		{EBAA6D0E-9BDF-429C-8AC6-77A8D55714CC}.Debug|x64.Build.0 = Debug|x64
		{EBAA6D0E-9BDF-429C-8AC6-77A8D55714CC}.Debug|x86.ActiveCfg = Debug|Win32
		{EBAA6D0E-9BDF-429C-8AC6-77A8D55714CC}.Debug|x86.Build.0 = Debug|Win32
		{EBAA6D0E-9BDF-429C-8AC6-77A8D55714CC}.Release|ARM.ActiveCfg = Release|Win32
		{EBAA6D0E-9BDF-429C-8AC6-77A8D55714CC}.Release|ARM64.ActiveCfg = Release|Win32
		{EBAA6D0E-9BDF-429C-8AC6-77A8D55714CC}.Release|x64.ActiveCfg = Release|x64
		{EBAA6D0E-9BDF-429C-8AC6-77A8D55714CC}.Release|x64.Build.0 = Release|x64
		{EBAA6D0E-9BDF-429C-8AC6-77A8D55714CC}.Release|x86.ActiveCfg = Release|Win32
		{EBAA6D0E-9BDF-429C-8AC6-77A8D55714CC}.Release|x86.Build.0 = Release|Win32
		{B5EE5543-D53F-4DB9-96D6-9E8E6641C0D7}.Debug|ARM.ActiveCfg = Debug|Win32
		{B5EE5543-D53F-4DB9-96D6-9E8E6641C0D7}.Debug|ARM64.ActiveCfg = Debug|Win32
		{B5EE5543-D53F-4DB9-96D6-9E8E6641C0D7}.Debug|x64.ActiveCfg = Debug|x64
		{B5EE5543-D53F-4DB9-96D6-9E8E6641C0D7}.Debug|x64.Build.0 = Debug|x64
		{B5EE5543-D53F-4DB9-96D6-9E8E6641C0D7}.Debug|x86.ActiveCfg = Debug|Win32
		{B5EE5543-D53F-4DB9-96D6-9E8E6641C0D7}.Debug|x86.Build.0 = Debug|Win32
		{B5EE5543-D53F-4DB9-96D6-9E8E6641C0D7}.Release|ARM.ActiveCfg = Release|Win32
		{B5EE5543-D53F-4DB9-96D6-9E8E6641C0D7}.Release|ARM64.ActiveCfg = Release|Win32
		{B5EE5543-D53F-4DB9-96D6-9E8E6641C0D7}.Release|x64.ActiveCfg = Release|x64
		{B5EE5543-D53F-4DB9-96D6-9E8E6641C0D7}.Release|x64.Build.0 = Release|x64
		{B5EE5543-D53F-4DB9-96D6-9E8E6641C0D7}.Release|x86.ActiveCfg = Release|Win32
		{B5EE5543-D53F-4DB9-96D6-9E8E6641C0D7}.Release|x86.Build.0 = Release|Win32
		{706CCB6A-A0EC-4A76-9E4B-EB28E6C591D9}.Debug|ARM.ActiveCfg = Debug|Win32
		{706CCB6A-A0EC-4A76-9E4B-EB28E6C591D9}.Debug|ARM64.ActiveCfg = Debug|Win32
		{706CCB6A-A0EC-4A76-9E4B-EB28E6C591D9}.Debug|x64.ActiveCfg = Debug|x64
		{706CCB6A-A0EC-4A76-9E4B-EB28E6C591D9}.Debug|x64.Build.0 = Debug|x64
		{706CCB6A-A0EC-4A76-9E4B-EB28E6C591D9}.Debug|x86.ActiveCfg = Debug|Win32
		{706CCB6A-A0EC-4A76-9E4B-EB28E6C591D9}.Debug|x86.Build.0 = Debug|Win32
		{706CCB6A-A0EC-4A76-9E4B-EB28E6C591D9}.Release|ARM.ActiveCfg = Release|Win32
		{706CCB6A-A0EC-4A76-9E4B-EB28E6C591D9}.Release|ARM64.ActiveCfg = Release|Win32
		{706CCB6A-A0EC-4A76-9E4B-EB28E6C591D9}.Release|x64.ActiveCfg = Release|x64
		{706CCB6A-A0EC-4A76-9E4B-EB28E6C591D9}.Release|x64.Build.0 = Release|x64
		{706CCB6A-A0EC-4A76-9E4B-EB28E6C591D9}.Release|x86.ActiveCfg = Release|Win32
		{706CCB6A-A0EC-4A76-9E4B-EB28E6C591D9}.Release|x86.Build.0 = Release|Win32
		{6966DE0D-7415-467D-8397-2F7C054FD8A5}.Debug|ARM.ActiveCfg = Debug|Win32
		{6966DE0D-7415-467D-8397-2F7C054FD8A5}.Debug|ARM64.ActiveCfg = Debug|Win32
		{6966DE0D-7415-467D-8397-2F7C054FD8A5}.Debug|x64.ActiveCfg = Debug|x64
		{6966DE0D-7415-467D-8397-2F7C054FD8A5}.Debug|x64.Build.0 = Debug|x64
		{6966DE0D-7415-467D-8397-2F7C054FD8A5}.Debug|x86.ActiveCfg = Debug|Win32
		{6966DE0D-7415-467D-8397-2F7C054FD8A5}.Debug|x86.Build.0 = Debug|Win32
		{6966DE0D-7415-467D-8397-2F7C054FD8A5}.Release|ARM.ActiveCfg = Release|Win32
		{6966DE0D-7415-467D-8397-2F7C054FD8A5}.Release|ARM64.ActiveCfg = Release|Win32
		{6966DE0D-7415-467D-8397-2F7C054FD8A5}.Release|x64.ActiveCfg = Release|x64
		{6966DE0D-7415-467D-8397-2F7C054FD8A5}.Release|x64.Build.0 = Release|x64
		{6966DE0D-7415-467D-8397-2F7C054FD8A5}.Release|x86.ActiveCfg = Release|Win32
		{6966DE0D-7415-467D-8397-2F7C054FD8A5}.Release|x86.Build.0 = Release|Win32
		{CF9E3DF6-36C0-4C59-9ED3-0A6F764FBD05}.Debug|ARM.ActiveCfg = Debug|Win32
		{CF9E3DF6-36C0-4C59-9ED3-0A6F764FBD05}.Debug|ARM64.ActiveCfg = Debug|Win32
		{CF9E3DF6-36C0-4C59-9ED3-0A6F764FBD05}.Debug|x64.ActiveCfg = Debug|x64
		{CF9E3DF6-36C0-4C59-9ED3-0A6F764FBD05}.Debug|x64.Build.0 = Debug|x64
		{CF9E3DF6-36C0-4C59-9ED3-0A6F764FBD05}.Debug|x86.ActiveCfg = Debug|Win32
		{CF9E3DF6-36C0-4C59-9ED3-0A6F764FBD05}.Debug|x86.Build.0 = Debug|Win32
		{CF9E3DF6-36C0-4C59-9ED3-0A6F764FBD05}.Release|ARM.ActiveCfg = Release|Win32
		{CF9E3DF6-36C0-4C59-9ED3-0A6F764FBD05}.Release|ARM64.ActiveCfg = Release|Win32
		{CF9E3DF6-36C0-4C59-9ED3-0A6F764FBD05}.Release|x64.ActiveCfg = Release|x64
		{CF9E3DF6-36C0-4C59-9ED3-0A6F764FBD05}.Release|x64.Build.0 = Release|x64
		{CF9E3DF6-36C0-4C59-9ED3-0A6F764FBD05}.Release|x86.ActiveCfg = Release|Win32
		{CF9E3DF6-36C0-4C59-9ED3-0A6F764FBD05}.Release|x86.Build.0 = Release|Win32
		{6DF23D0B-F522-4DD9-B026-1A82201740A1}.Debug|ARM.ActiveCfg = Debug|Win32
		{6DF23D0B-F522-4DD9-B026-1A82201740A1}.Debug|ARM64.ActiveCfg = Debug|Win32
		{6DF23D0B-F522-4DD9-B026-1A82201740A1}.Debug|x64.ActiveCfg = Debug|x64
		{6DF23D0B-F522-4DD9-B026-1A82201740A1}.Debug|x64.Build.0 = Debug|x64
		{6DF23D0B-F522-4DD9-B026-1A82201740A1}.Debug|x86.ActiveCfg = Debug|Win32
		{6DF23D0B-F522-4DD9-B026-1A82201740A1}.Debug|x86.Build.0 = Debug|Win32
		{6DF23D0B-F522-4DD9-B026-1A82201740A1}.Release|ARM.ActiveCfg = Release|Win32
		{6DF23D0B-F522-4DD9-B026-1A82201740A1}.Release|ARM64.ActiveCfg = Release|Win32
		{6DF23D0B-F522-4DD9-B026-1A82201740A1}.Release|x64.ActiveCfg = Release|x64
		{6DF23D0B-F522-4DD9-B026-1A82201740A1}.Release|x64.Build.0 = Release|x64
		{6DF23D0B-F522-4DD9-B026-1A82201740A1}.Release|x86.ActiveCfg = Release|Win32
		{6DF23D0B-F522-4DD9-B026-1A82201740A1}.Release|x86.Build.0 = Release|Win32
		{289D98B1-5822-4657-BFA3-94CB6EA07EF6}.Debug|ARM.ActiveCfg = Debug|Win32
		{289D98B1-5822-4657-BFA3-94CB6EA07EF6}.Debug|ARM64.ActiveCfg = Debug|Win32
		{289D98B1-5822-4657-BFA3-94CB6EA07EF6}.Debug|x64.ActiveCfg = Debug|x64
		{289D98B1-5822-4657-BFA3-94CB6EA07EF6}.Debug|x64.Build.0 = Debug|x64
		{289D98B1-5822-4657-BFA3-94CB6EA07EF6}.Debug|x86.ActiveCfg = Debug|Win32
		{289D98B1-5822-4657-BFA3-94CB6EA07EF6}.Debug|x86.Build.0 = Debug|Win32
		{289D98B1-5822-4657-BFA3-94CB6EA07EF6}.Release|ARM.ActiveCfg = Release|Win32
		{289D98B1-5822-4657-BFA3-94CB6EA07EF6}.Release|ARM64.ActiveCfg = Release|Win32
		{289D98B1-5822-4657-BFA3-94CB6EA07EF6}.Release|x64.ActiveCfg = Release|x64
		{289D98B1-5822-4657-BFA3-94CB6EA07EF6}.Release|x64.Build.0 = Release|x64
		{289D98B1-5822-4657-BFA3-94CB6EA07EF6}.Release|x86.ActiveCfg = Release|Win32
		{289D98B1-5822-4657-BFA3-94CB6EA07EF6}.Release|x86.Build.0 = Release|Win32
		{9F9B2C4C-44D6-42E0-B125-DB6F44A2F1C2}.Debug|ARM.ActiveCfg = Debug|Win32
		{9F9B2C4C-44D6-42E0-B125-DB6F44A2F1C2}.Debug|ARM64.ActiveCfg = Debug|Win32
		{9F9B2C4C-44D6-42E0-B125-DB6F44A2F1C2}.Debug|x64.ActiveCfg = Debug|x64
		{9F9B2C4C-44D6-42E0-B125-DB6F44A2F1C2}.Debug|x64.Build.0 = Debug|x64
		{9F9B2C4C-44D6-42E0-B125-DB6F44A2F1C2}.Debug|x86.ActiveCfg = Debug|Win32
		{9F9B2C4C-44D6-42E0-B125-DB6F44A2F1C2}.Debug|x86.Build.0 = Debug|Win32
		{9F9B2C4C-44D6-42E0-B125-DB6F44A2F1C2}.Release|ARM.ActiveCfg = Release|Win32
		{9F9B2C4C-44D6-42E0-B125-DB6F44A2F1C2}.Release|ARM64.ActiveCfg = Release|Win32
		{9F9B2C4C-44D6-42E0-B125-DB6F44A2F1C2}.Release|x64.ActiveCfg = Release|x64
		{9F9B2C4C-44D6-42E0-B125-DB6F44A2F1C2}.Release|x64.Build.0 = Release|x64
		{9F9B2C4C-44D6-42E0-B125-DB6F44A2F1C2}.Release|x86.ActiveCfg = Release|Win32
		{9F9B2C4C-44D6-42E0-B125-DB6F44A2F1C2}.Release|x86.Build.0 = Release|Win32
		{8437DE9B-9B27-49FA-B310-8367AD5C58A3}.Debug|ARM.ActiveCfg = Debug|Win32
		{8437DE9B-9B27-49FA-B310-8367AD5C58A3}.Debug|ARM64.ActiveCfg = Debug|Win32
		{8437DE9B-9B27-49FA-B310-8367AD5C58A3}.Debug|x64.ActiveCfg = Debug|x64
		{8437DE9B-9B27-49FA-B310-8367AD5C58A3}.Debug|x64.Build.0 = Debug|x64
		{8437DE9B-9B27-49FA-B310-8367AD5C58A3}.Debug|x86.ActiveCfg = Debug|Win32
		{8437DE9B-9B27-49FA-B310-8367AD5C58A3}.Debug|x86.Build.0 = Debug|Win32
		{8437DE9B-9B27-49FA-B310-8367AD5C58A3}.Release|ARM.ActiveCfg = Release|Win32
		{8437DE9B-9B27-49FA-B310-8367AD5C58A3}.Release|ARM64.ActiveCfg = Release|Win32
		{8437DE9B-9B27-49FA-B310-8367AD5C58A3}.Release|x64.ActiveCfg = Release|x64
		{8437DE9B-9B27-49FA-B310-8367AD5C58A3}.Release|x64.Build.0 = Release|x64
		{8437DE9B-9B27-49FA-B310-8367AD5C58A3}.Release|x86.ActiveCfg = Release|Win32
		{8437DE9B-9B27-49FA-B310-8367AD5C58A3}.Release|x86.Build.0 = Release|Win32
	EndGlobalSection
	GlobalSection(SolutionProperties) = preSolution
		HideSolutionNode = FALSE
	EndGlobalSection
	GlobalSection(NestedProjects) = preSolution
		{6DF23D0B-F522-4DD9-B026-1A82201740A1} = {C0DF39B8-C221-496F-84AE-BCC7BE220B6D}
	EndGlobalSection
	GlobalSection(ExtensibilityGlobals) = postSolution
		SolutionGuid = {5C3BD9B6-76DD-46AF-B77D-8237A07FDC5B}
	EndGlobalSection
EndGlobal
