
Microsoft Visual Studio Solution File, Format Version 12.00
# Visual Studio 2013
VisualStudioVersion = 12.0.30501.0
MinimumVisualStudioVersion = 10.0.40219.1
Project("{FAE04EC0-301F-11D3-BF4B-00C04F79EFBC}") = "ADO.NET数据库的连接", "ADO.NET数据库的连接\ADO.NET数据库的连接.csproj", "{1EE35FE0-D75A-441E-8E27-188820CE8FCD}"
EndProject
Project("{FAE04EC0-301F-11D3-BF4B-00C04F79EFBC}") = "连接字符串创建器", "连接字符串创建器\连接字符串创建器.csproj", "{2011932A-C847-4B9C-B142-2AF5A705A165}"
EndProject
Project("{FAE04EC0-301F-11D3-BF4B-00C04F79EFBC}") = "用户登陆和用户注册的案例", "用户登陆和用户注册的案例\用户登陆和用户注册的案例.csproj", "{FB33832B-429E-4B40-A86F-507DECE29162}"
EndProject
Project("{FAE04EC0-301F-11D3-BF4B-00C04F79EFBC}") = "配置文件", "配置文件\配置文件.csproj", "{F230C3E2-B791-4133-A530-F5D3C27E8E0E}"
EndProject
Project("{FAE04EC0-301F-11D3-BF4B-00C04F79EFBC}") = "Test", "Test\Test.csproj", "{0E509074-6649-43CD-9F00-E4C785AA78E6}"
EndProject
Project("{FAE04EC0-301F-11D3-BF4B-00C04F79EFBC}") = "Test2", "Test2\Test2.csproj", "{04BC52D9-42BD-4915-81B9-2DA1ACF20624}"
EndProject
Project("{FAE04EC0-301F-11D3-BF4B-00C04F79EFBC}") = "数据导入", "数据导入\数据导入.csproj", "{EF096D6D-0E32-4D3D-B4D0-62FA88C2EBB0}"
EndProject
Project("{FAE04EC0-301F-11D3-BF4B-00C04F79EFBC}") = "SqlDataReaderDamon", "SqlDataReader\SqlDataReaderDamon.csproj", "{E796D6A4-7905-47A7-901A-99FE1D50CE88}"
EndProject
Project("{FAE04EC0-301F-11D3-BF4B-00C04F79EFBC}") = "省市数据的导出", "省市数据的导出\省市数据的导出.csproj", "{1A193DB9-B49A-4474-B2F9-A5644CB93318}"
EndProject
Project("{FAE04EC0-301F-11D3-BF4B-00C04F79EFBC}") = "省市选择", "省市选择\省市选择.csproj", "{61B5F265-28AB-44DF-8A3B-684E63134359}"
EndProject
Project("{FAE04EC0-301F-11D3-BF4B-00C04F79EFBC}") = "用户输错密码3次，账号锁定一分钟", "用户输错密码3次，账号锁定一分钟\用户输错密码3次，账号锁定一分钟.csproj", "{C48279F2-6353-4ABB-BBBF-CB2C5F43817F}"
EndProject
Project("{FAE04EC0-301F-11D3-BF4B-00C04F79EFBC}") = "Test3", "Test3\Test3.csproj", "{29B4C857-58E0-4AAF-978D-1005A8043A26}"
EndProject
Project("{FAE04EC0-301F-11D3-BF4B-00C04F79EFBC}") = "DataSet和DataTable的damo", "DataSet和DataTable的damo\DataSet和DataTable的damo.csproj", "{DD96A79E-20C4-4D71-96D4-DE96CB357DC3}"
EndProject
Project("{FAE04EC0-301F-11D3-BF4B-00C04F79EFBC}") = "SqlAdapterdamo", "SqlAdapter\SqlAdapterdamo.csproj", "{7BD1871C-49BB-412A-89F5-8E05462F681F}"
EndProject
Project("{FAE04EC0-301F-11D3-BF4B-00C04F79EFBC}") = "DataGuridView", "DataGuridView\DataGuridView.csproj", "{0A14DAF1-239B-4465-9A70-75A2F6D2C112}"
EndProject
Project("{FAE04EC0-301F-11D3-BF4B-00C04F79EFBC}") = "SqlCommandBuilder的damo", "SqlCommandBuilder的damo\SqlCommandBuilder的damo.csproj", "{E3770C79-CDF8-4AF4-8607-8A347FFDF39B}"
EndProject
Project("{FAE04EC0-301F-11D3-BF4B-00C04F79EFBC}") = "Test4", "Test4\Test4.csproj", "{68123827-7ED8-423C-996F-84F52B5191D2}"
EndProject
Project("{FAE04EC0-301F-11D3-BF4B-00C04F79EFBC}") = "中介模式和观察者模式的应用-使用事件实现", "Test5\中介模式和观察者模式的应用-使用事件实现.csproj", "{566B3972-E82D-4493-9E06-C64D04168581}"
EndProject
Project("{FAE04EC0-301F-11D3-BF4B-00C04F79EFBC}") = "中介模式和观察者模式的应用-使用接口实现", "中介模式和观察者模式的应用1\中介模式和观察者模式的应用-使用接口实现.csproj", "{A0DB30A3-B394-415B-9402-6B2FF1E79779}"
EndProject
Project("{FAE04EC0-301F-11D3-BF4B-00C04F79EFBC}") = "中介模式和观察者模式的应用-使用委托实现", "中介模式和观察者模式的应用-使用委托实现\中介模式和观察者模式的应用-使用委托实现.csproj", "{F7554E19-C320-40EC-A41B-1919D6599AE7}"
EndProject
Project("{FAE04EC0-301F-11D3-BF4B-00C04F79EFBC}") = "批量删除数据", "批量删除数据\批量删除数据.csproj", "{D756400E-B998-4211-82E5-2A072D8D2C03}"
EndProject
Project("{FAE04EC0-301F-11D3-BF4B-00C04F79EFBC}") = "Test5", "Test5\Test5.csproj", "{194EA0EB-C7C7-4634-8086-74C063157B23}"
EndProject
Project("{FAE04EC0-301F-11D3-BF4B-00C04F79EFBC}") = "分页查询的使用", "分页查询的使用\分页查询的使用.csproj", "{F920CF84-53D8-4D07-B174-4E88C1650294}"
EndProject
Project("{FAE04EC0-301F-11D3-BF4B-00C04F79EFBC}") = "ADO.NET中使用事务", "ADO.NET中使用事务\ADO.NET中使用事务.csproj", "{71528576-1E12-4A38-94DD-BC406602DF60}"
EndProject
Project("{FAE04EC0-301F-11D3-BF4B-00C04F79EFBC}") = "ADO.NET中调用存储过程实现分页存储", "ADO.NET中调用存储过程实现分页存储\ADO.NET中调用存储过程实现分页存储.csproj", "{395534D2-2C88-4B6E-B8FA-532CD621E98E}"
EndProject
Project("{FAE04EC0-301F-11D3-BF4B-00C04F79EFBC}") = "ADO.NET中使用事务2", "ADO.NET中使用事务2\ADO.NET中使用事务2.csproj", "{22E4571F-C8C6-4890-878B-04A63A8DEB30}"
EndProject
Project("{FAE04EC0-301F-11D3-BF4B-00C04F79EFBC}") = "ADO.NET中调用自定义函数", "ADO.NET中调用自定义函数\ADO.NET中调用自定义函数.csproj", "{7F3E67E3-B0E0-4892-A6C9-A059FA45E54A}"
EndProject
Project("{FAE04EC0-301F-11D3-BF4B-00C04F79EFBC}") = "ADO.NET中调用触发器", "ADO.NET中调用触发器\ADO.NET中调用触发器.csproj", "{13402155-114B-4B09-9E78-E87003EC83F0}"
EndProject
Project("{FAE04EC0-301F-11D3-BF4B-00C04F79EFBC}") = "DataTable中的一些使用", "DataTable中的一些使用\DataTable中的一些使用.csproj", "{3B50B7F7-E470-4C5F-9111-DA7D64357B26}"
EndProject
Global
	GlobalSection(SolutionConfigurationPlatforms) = preSolution
		Debug|Any CPU = Debug|Any CPU
		Release|Any CPU = Release|Any CPU
	EndGlobalSection
	GlobalSection(ProjectConfigurationPlatforms) = postSolution
		{1EE35FE0-D75A-441E-8E27-188820CE8FCD}.Debug|Any CPU.ActiveCfg = Debug|Any CPU
		{1EE35FE0-D75A-441E-8E27-188820CE8FCD}.Debug|Any CPU.Build.0 = Debug|Any CPU
		{1EE35FE0-D75A-441E-8E27-188820CE8FCD}.Release|Any CPU.ActiveCfg = Release|Any CPU
		{1EE35FE0-D75A-441E-8E27-188820CE8FCD}.Release|Any CPU.Build.0 = Release|Any CPU
		{2011932A-C847-4B9C-B142-2AF5A705A165}.Debug|Any CPU.ActiveCfg = Debug|Any CPU
		{2011932A-C847-4B9C-B142-2AF5A705A165}.Debug|Any CPU.Build.0 = Debug|Any CPU
		{2011932A-C847-4B9C-B142-2AF5A705A165}.Release|Any CPU.ActiveCfg = Release|Any CPU
		{2011932A-C847-4B9C-B142-2AF5A705A165}.Release|Any CPU.Build.0 = Release|Any CPU
		{FB33832B-429E-4B40-A86F-507DECE29162}.Debug|Any CPU.ActiveCfg = Debug|Any CPU
		{FB33832B-429E-4B40-A86F-507DECE29162}.Debug|Any CPU.Build.0 = Debug|Any CPU
		{FB33832B-429E-4B40-A86F-507DECE29162}.Release|Any CPU.ActiveCfg = Release|Any CPU
		{FB33832B-429E-4B40-A86F-507DECE29162}.Release|Any CPU.Build.0 = Release|Any CPU
		{F230C3E2-B791-4133-A530-F5D3C27E8E0E}.Debug|Any CPU.ActiveCfg = Debug|Any CPU
		{F230C3E2-B791-4133-A530-F5D3C27E8E0E}.Debug|Any CPU.Build.0 = Debug|Any CPU
		{F230C3E2-B791-4133-A530-F5D3C27E8E0E}.Release|Any CPU.ActiveCfg = Release|Any CPU
		{F230C3E2-B791-4133-A530-F5D3C27E8E0E}.Release|Any CPU.Build.0 = Release|Any CPU
		{0E509074-6649-43CD-9F00-E4C785AA78E6}.Debug|Any CPU.ActiveCfg = Debug|Any CPU
		{0E509074-6649-43CD-9F00-E4C785AA78E6}.Debug|Any CPU.Build.0 = Debug|Any CPU
		{0E509074-6649-43CD-9F00-E4C785AA78E6}.Release|Any CPU.ActiveCfg = Release|Any CPU
		{0E509074-6649-43CD-9F00-E4C785AA78E6}.Release|Any CPU.Build.0 = Release|Any CPU
		{04BC52D9-42BD-4915-81B9-2DA1ACF20624}.Debug|Any CPU.ActiveCfg = Debug|Any CPU
		{04BC52D9-42BD-4915-81B9-2DA1ACF20624}.Debug|Any CPU.Build.0 = Debug|Any CPU
		{04BC52D9-42BD-4915-81B9-2DA1ACF20624}.Release|Any CPU.ActiveCfg = Release|Any CPU
		{04BC52D9-42BD-4915-81B9-2DA1ACF20624}.Release|Any CPU.Build.0 = Release|Any CPU
		{EF096D6D-0E32-4D3D-B4D0-62FA88C2EBB0}.Debug|Any CPU.ActiveCfg = Debug|Any CPU
		{EF096D6D-0E32-4D3D-B4D0-62FA88C2EBB0}.Debug|Any CPU.Build.0 = Debug|Any CPU
		{EF096D6D-0E32-4D3D-B4D0-62FA88C2EBB0}.Release|Any CPU.ActiveCfg = Release|Any CPU
		{EF096D6D-0E32-4D3D-B4D0-62FA88C2EBB0}.Release|Any CPU.Build.0 = Release|Any CPU
		{E796D6A4-7905-47A7-901A-99FE1D50CE88}.Debug|Any CPU.ActiveCfg = Debug|Any CPU
		{E796D6A4-7905-47A7-901A-99FE1D50CE88}.Debug|Any CPU.Build.0 = Debug|Any CPU
		{E796D6A4-7905-47A7-901A-99FE1D50CE88}.Release|Any CPU.ActiveCfg = Release|Any CPU
		{E796D6A4-7905-47A7-901A-99FE1D50CE88}.Release|Any CPU.Build.0 = Release|Any CPU
		{1A193DB9-B49A-4474-B2F9-A5644CB93318}.Debug|Any CPU.ActiveCfg = Debug|Any CPU
		{1A193DB9-B49A-4474-B2F9-A5644CB93318}.Debug|Any CPU.Build.0 = Debug|Any CPU
		{1A193DB9-B49A-4474-B2F9-A5644CB93318}.Release|Any CPU.ActiveCfg = Release|Any CPU
		{1A193DB9-B49A-4474-B2F9-A5644CB93318}.Release|Any CPU.Build.0 = Release|Any CPU
		{61B5F265-28AB-44DF-8A3B-684E63134359}.Debug|Any CPU.ActiveCfg = Debug|Any CPU
		{61B5F265-28AB-44DF-8A3B-684E63134359}.Debug|Any CPU.Build.0 = Debug|Any CPU
		{61B5F265-28AB-44DF-8A3B-684E63134359}.Release|Any CPU.ActiveCfg = Release|Any CPU
		{61B5F265-28AB-44DF-8A3B-684E63134359}.Release|Any CPU.Build.0 = Release|Any CPU
		{C48279F2-6353-4ABB-BBBF-CB2C5F43817F}.Debug|Any CPU.ActiveCfg = Debug|Any CPU
		{C48279F2-6353-4ABB-BBBF-CB2C5F43817F}.Debug|Any CPU.Build.0 = Debug|Any CPU
		{C48279F2-6353-4ABB-BBBF-CB2C5F43817F}.Release|Any CPU.ActiveCfg = Release|Any CPU
		{C48279F2-6353-4ABB-BBBF-CB2C5F43817F}.Release|Any CPU.Build.0 = Release|Any CPU
		{29B4C857-58E0-4AAF-978D-1005A8043A26}.Debug|Any CPU.ActiveCfg = Debug|Any CPU
		{29B4C857-58E0-4AAF-978D-1005A8043A26}.Debug|Any CPU.Build.0 = Debug|Any CPU
		{29B4C857-58E0-4AAF-978D-1005A8043A26}.Release|Any CPU.ActiveCfg = Release|Any CPU
		{29B4C857-58E0-4AAF-978D-1005A8043A26}.Release|Any CPU.Build.0 = Release|Any CPU
		{DD96A79E-20C4-4D71-96D4-DE96CB357DC3}.Debug|Any CPU.ActiveCfg = Debug|Any CPU
		{DD96A79E-20C4-4D71-96D4-DE96CB357DC3}.Debug|Any CPU.Build.0 = Debug|Any CPU
		{DD96A79E-20C4-4D71-96D4-DE96CB357DC3}.Release|Any CPU.ActiveCfg = Release|Any CPU
		{DD96A79E-20C4-4D71-96D4-DE96CB357DC3}.Release|Any CPU.Build.0 = Release|Any CPU
		{7BD1871C-49BB-412A-89F5-8E05462F681F}.Debug|Any CPU.ActiveCfg = Debug|Any CPU
		{7BD1871C-49BB-412A-89F5-8E05462F681F}.Debug|Any CPU.Build.0 = Debug|Any CPU
		{7BD1871C-49BB-412A-89F5-8E05462F681F}.Release|Any CPU.ActiveCfg = Release|Any CPU
		{7BD1871C-49BB-412A-89F5-8E05462F681F}.Release|Any CPU.Build.0 = Release|Any CPU
		{0A14DAF1-239B-4465-9A70-75A2F6D2C112}.Debug|Any CPU.ActiveCfg = Debug|Any CPU
		{0A14DAF1-239B-4465-9A70-75A2F6D2C112}.Debug|Any CPU.Build.0 = Debug|Any CPU
		{0A14DAF1-239B-4465-9A70-75A2F6D2C112}.Release|Any CPU.ActiveCfg = Release|Any CPU
		{0A14DAF1-239B-4465-9A70-75A2F6D2C112}.Release|Any CPU.Build.0 = Release|Any CPU
		{E3770C79-CDF8-4AF4-8607-8A347FFDF39B}.Debug|Any CPU.ActiveCfg = Debug|Any CPU
		{E3770C79-CDF8-4AF4-8607-8A347FFDF39B}.Debug|Any CPU.Build.0 = Debug|Any CPU
		{E3770C79-CDF8-4AF4-8607-8A347FFDF39B}.Release|Any CPU.ActiveCfg = Release|Any CPU
		{E3770C79-CDF8-4AF4-8607-8A347FFDF39B}.Release|Any CPU.Build.0 = Release|Any CPU
		{68123827-7ED8-423C-996F-84F52B5191D2}.Debug|Any CPU.ActiveCfg = Debug|Any CPU
		{68123827-7ED8-423C-996F-84F52B5191D2}.Debug|Any CPU.Build.0 = Debug|Any CPU
		{68123827-7ED8-423C-996F-84F52B5191D2}.Release|Any CPU.ActiveCfg = Release|Any CPU
		{68123827-7ED8-423C-996F-84F52B5191D2}.Release|Any CPU.Build.0 = Release|Any CPU
		{566B3972-E82D-4493-9E06-C64D04168581}.Debug|Any CPU.ActiveCfg = Debug|Any CPU
		{566B3972-E82D-4493-9E06-C64D04168581}.Debug|Any CPU.Build.0 = Debug|Any CPU
		{566B3972-E82D-4493-9E06-C64D04168581}.Release|Any CPU.ActiveCfg = Release|Any CPU
		{566B3972-E82D-4493-9E06-C64D04168581}.Release|Any CPU.Build.0 = Release|Any CPU
		{A0DB30A3-B394-415B-9402-6B2FF1E79779}.Debug|Any CPU.ActiveCfg = Debug|Any CPU
		{A0DB30A3-B394-415B-9402-6B2FF1E79779}.Debug|Any CPU.Build.0 = Debug|Any CPU
		{A0DB30A3-B394-415B-9402-6B2FF1E79779}.Release|Any CPU.ActiveCfg = Release|Any CPU
		{A0DB30A3-B394-415B-9402-6B2FF1E79779}.Release|Any CPU.Build.0 = Release|Any CPU
		{F7554E19-C320-40EC-A41B-1919D6599AE7}.Debug|Any CPU.ActiveCfg = Debug|Any CPU
		{F7554E19-C320-40EC-A41B-1919D6599AE7}.Debug|Any CPU.Build.0 = Debug|Any CPU
		{F7554E19-C320-40EC-A41B-1919D6599AE7}.Release|Any CPU.ActiveCfg = Release|Any CPU
		{F7554E19-C320-40EC-A41B-1919D6599AE7}.Release|Any CPU.Build.0 = Release|Any CPU
		{D756400E-B998-4211-82E5-2A072D8D2C03}.Debug|Any CPU.ActiveCfg = Debug|Any CPU
		{D756400E-B998-4211-82E5-2A072D8D2C03}.Debug|Any CPU.Build.0 = Debug|Any CPU
		{D756400E-B998-4211-82E5-2A072D8D2C03}.Release|Any CPU.ActiveCfg = Release|Any CPU
		{D756400E-B998-4211-82E5-2A072D8D2C03}.Release|Any CPU.Build.0 = Release|Any CPU
		{194EA0EB-C7C7-4634-8086-74C063157B23}.Debug|Any CPU.ActiveCfg = Debug|Any CPU
		{194EA0EB-C7C7-4634-8086-74C063157B23}.Debug|Any CPU.Build.0 = Debug|Any CPU
		{194EA0EB-C7C7-4634-8086-74C063157B23}.Release|Any CPU.ActiveCfg = Release|Any CPU
		{194EA0EB-C7C7-4634-8086-74C063157B23}.Release|Any CPU.Build.0 = Release|Any CPU
		{F920CF84-53D8-4D07-B174-4E88C1650294}.Debug|Any CPU.ActiveCfg = Debug|Any CPU
		{F920CF84-53D8-4D07-B174-4E88C1650294}.Debug|Any CPU.Build.0 = Debug|Any CPU
		{F920CF84-53D8-4D07-B174-4E88C1650294}.Release|Any CPU.ActiveCfg = Release|Any CPU
		{F920CF84-53D8-4D07-B174-4E88C1650294}.Release|Any CPU.Build.0 = Release|Any CPU
		{71528576-1E12-4A38-94DD-BC406602DF60}.Debug|Any CPU.ActiveCfg = Debug|Any CPU
		{71528576-1E12-4A38-94DD-BC406602DF60}.Debug|Any CPU.Build.0 = Debug|Any CPU
		{71528576-1E12-4A38-94DD-BC406602DF60}.Release|Any CPU.ActiveCfg = Release|Any CPU
		{71528576-1E12-4A38-94DD-BC406602DF60}.Release|Any CPU.Build.0 = Release|Any CPU
		{395534D2-2C88-4B6E-B8FA-532CD621E98E}.Debug|Any CPU.ActiveCfg = Debug|Any CPU
		{395534D2-2C88-4B6E-B8FA-532CD621E98E}.Debug|Any CPU.Build.0 = Debug|Any CPU
		{395534D2-2C88-4B6E-B8FA-532CD621E98E}.Release|Any CPU.ActiveCfg = Release|Any CPU
		{395534D2-2C88-4B6E-B8FA-532CD621E98E}.Release|Any CPU.Build.0 = Release|Any CPU
		{22E4571F-C8C6-4890-878B-04A63A8DEB30}.Debug|Any CPU.ActiveCfg = Debug|Any CPU
		{22E4571F-C8C6-4890-878B-04A63A8DEB30}.Debug|Any CPU.Build.0 = Debug|Any CPU
		{22E4571F-C8C6-4890-878B-04A63A8DEB30}.Release|Any CPU.ActiveCfg = Release|Any CPU
		{22E4571F-C8C6-4890-878B-04A63A8DEB30}.Release|Any CPU.Build.0 = Release|Any CPU
		{7F3E67E3-B0E0-4892-A6C9-A059FA45E54A}.Debug|Any CPU.ActiveCfg = Debug|Any CPU
		{7F3E67E3-B0E0-4892-A6C9-A059FA45E54A}.Debug|Any CPU.Build.0 = Debug|Any CPU
		{7F3E67E3-B0E0-4892-A6C9-A059FA45E54A}.Release|Any CPU.ActiveCfg = Release|Any CPU
		{7F3E67E3-B0E0-4892-A6C9-A059FA45E54A}.Release|Any CPU.Build.0 = Release|Any CPU
		{13402155-114B-4B09-9E78-E87003EC83F0}.Debug|Any CPU.ActiveCfg = Debug|Any CPU
		{13402155-114B-4B09-9E78-E87003EC83F0}.Debug|Any CPU.Build.0 = Debug|Any CPU
		{13402155-114B-4B09-9E78-E87003EC83F0}.Release|Any CPU.ActiveCfg = Release|Any CPU
		{13402155-114B-4B09-9E78-E87003EC83F0}.Release|Any CPU.Build.0 = Release|Any CPU
		{3B50B7F7-E470-4C5F-9111-DA7D64357B26}.Debug|Any CPU.ActiveCfg = Debug|Any CPU
		{3B50B7F7-E470-4C5F-9111-DA7D64357B26}.Debug|Any CPU.Build.0 = Debug|Any CPU
		{3B50B7F7-E470-4C5F-9111-DA7D64357B26}.Release|Any CPU.ActiveCfg = Release|Any CPU
		{3B50B7F7-E470-4C5F-9111-DA7D64357B26}.Release|Any CPU.Build.0 = Release|Any CPU
	EndGlobalSection
	GlobalSection(SolutionProperties) = preSolution
		HideSolutionNode = FALSE
	EndGlobalSection
EndGlobal
