
Microsoft Visual Studio Solution File, Format Version 12.00
# Visual Studio Version 16
VisualStudioVersion = 16.0.29613.14
MinimumVisualStudioVersion = 10.0.40219.1
Project("{8BC9CEB8-8B4A-11D0-8D11-00A0C91BC942}") = "typedef", "typedef\typedef.vcxproj", "{B78CD5BC-5C6B-49ED-9FA4-C60B287B1365}"
EndProject
Project("{2150E333-8FDC-42A3-9474-1A3956D46DE8}") = "Test", "Test", "{53004DF9-096C-412C-8B78-A86145407428}"
EndProject
Project("{8BC9CEB8-8B4A-11D0-8D11-00A0C91BC942}") = "Pointer_01", "Pointer_01\Pointer_01.vcxproj", "{AF409E8C-355A-4D78-BBB9-68EBFEA0F4B4}"
EndProject
Project("{8BC9CEB8-8B4A-11D0-8D11-00A0C91BC942}") = "Memory_01", "Memory_01\Memory_01.vcxproj", "{3B01DEDC-BF02-499E-85CB-FA5E1F60FB1C}"
EndProject
Project("{8BC9CEB8-8B4A-11D0-8D11-00A0C91BC942}") = "Test_01", "Test\Test_01\Test_01.vcxproj", "{CDB28458-4EB8-4A69-8424-F9CD8AB17925}"
EndProject
Project("{8BC9CEB8-8B4A-11D0-8D11-00A0C91BC942}") = "Pointer_02", "Pointer_02\Pointer_02.vcxproj", "{491B919A-1241-4CD7-A3AB-2BCFBF889A1B}"
EndProject
Project("{8BC9CEB8-8B4A-11D0-8D11-00A0C91BC942}") = "Test_02", "Test\Test_02\Test_02.vcxproj", "{C65A1B89-B8F7-4845-83F4-904613DEFCB5}"
EndProject
Project("{8BC9CEB8-8B4A-11D0-8D11-00A0C91BC942}") = "Math", "Math\Math.vcxproj", "{2E39EC80-A650-4E92-B4B2-BC49B5667E54}"
EndProject
Project("{8BC9CEB8-8B4A-11D0-8D11-00A0C91BC942}") = "Pointer_03", "Pointer_03\Pointer_03.vcxproj", "{2169E5D5-E8AD-468C-9220-C8C339C0A5DF}"
EndProject
Project("{8BC9CEB8-8B4A-11D0-8D11-00A0C91BC942}") = "Arrary_01", "Arrary_01\Arrary_01.vcxproj", "{2766024F-1FD1-4493-8F33-DDDF4434D4E4}"
EndProject
Project("{8BC9CEB8-8B4A-11D0-8D11-00A0C91BC942}") = "Arrary_02", "Arrary_02\Arrary_02.vcxproj", "{649E9460-FEA8-4BF6-8490-F57050EE9D7B}"
EndProject
Project("{8BC9CEB8-8B4A-11D0-8D11-00A0C91BC942}") = "Select_Sort", "Select_Sort\Select_Sort.vcxproj", "{8A756993-B422-454F-8940-2381E149159F}"
EndProject
Project("{8BC9CEB8-8B4A-11D0-8D11-00A0C91BC942}") = "Struct_01", "Sturct_01\Sturct_01.vcxproj", "{99702D9C-8AE5-411E-9CAB-E1071CDEB395}"
EndProject
Project("{8BC9CEB8-8B4A-11D0-8D11-00A0C91BC942}") = "Struct_02", "Struct_02\Struct_02.vcxproj", "{6B5EF69C-11C6-4974-9FF5-29AA7072C8F4}"
EndProject
Project("{8BC9CEB8-8B4A-11D0-8D11-00A0C91BC942}") = "Struct_03", "Struct_03\Struct_03.vcxproj", "{07B58C09-42BD-47F9-978B-FDCE3E6E7032}"
EndProject
Project("{8BC9CEB8-8B4A-11D0-8D11-00A0C91BC942}") = "Struct_04", "Struct_04\Struct_04.vcxproj", "{417FFD3B-6F02-4A59-86F7-CC42BE933C67}"
EndProject
Project("{8BC9CEB8-8B4A-11D0-8D11-00A0C91BC942}") = "Struct_05", "Struct_05\Struct_05.vcxproj", "{BE6CA1FE-0380-43A2-9941-F3C7F74D5AC0}"
EndProject
Project("{8BC9CEB8-8B4A-11D0-8D11-00A0C91BC942}") = "Struct_06", "Sturct_06\Sturct_06.vcxproj", "{34F513CD-E44A-4672-ACBC-9C70F4A9F589}"
EndProject
Project("{8BC9CEB8-8B4A-11D0-8D11-00A0C91BC942}") = "File_01", "File_01\File_01.vcxproj", "{384D5E8D-F3B2-46C1-97A2-C5118096347C}"
EndProject
Project("{8BC9CEB8-8B4A-11D0-8D11-00A0C91BC942}") = "File_02", "File_02\File_02.vcxproj", "{CCF5ED75-4938-4CC0-A937-74677172DAAC}"
EndProject
Project("{8BC9CEB8-8B4A-11D0-8D11-00A0C91BC942}") = "Singly_linked_list", "Singly_linked_list\Singly_linked_list.vcxproj", "{53C225E3-B4E3-4D94-A2D6-806C1A1B5C21}"
EndProject
Project("{8BC9CEB8-8B4A-11D0-8D11-00A0C91BC942}") = "Pointer_04", "Pointer_04\Pointer_04.vcxproj", "{2E68093F-6F00-4F11-8F0C-2C80CE88ADDB}"
EndProject
Project("{8BC9CEB8-8B4A-11D0-8D11-00A0C91BC942}") = "Pointer_05", "Pointer_05\Pointer_05.vcxproj", "{9F58FE14-1AA3-4C93-B795-AD097F1B5114}"
EndProject
Project("{8BC9CEB8-8B4A-11D0-8D11-00A0C91BC942}") = "Test_03", "Test\Test_03\Test_03.vcxproj", "{450F756C-D839-48BF-AE6A-61D4599874C3}"
EndProject
Project("{8BC9CEB8-8B4A-11D0-8D11-00A0C91BC942}") = "Fibonacci", "Fibonacci\Fibonacci.vcxproj", "{4DAA9571-8451-4128-9053-C2DBD52CAAA6}"
EndProject
Project("{8BC9CEB8-8B4A-11D0-8D11-00A0C91BC942}") = "Test_04", "Test\Test_04\Test_04.vcxproj", "{CD1D4B00-CE06-4E58-A0AD-4DA4A00A8678}"
EndProject
Project("{8BC9CEB8-8B4A-11D0-8D11-00A0C91BC942}") = "Test_05", "Test\Test_05\Test_05.vcxproj", "{45D7E165-DBCE-4103-8690-A479CE83FA00}"
EndProject
Project("{8BC9CEB8-8B4A-11D0-8D11-00A0C91BC942}") = "Test_06", "Test\Test_06\Test_06.vcxproj", "{1AA08DC5-9BD6-47E1-BECB-1377A974FFFA}"
EndProject
Project("{8BC9CEB8-8B4A-11D0-8D11-00A0C91BC942}") = "Dynamic_arrary", "Dynamic_arrary\Dynamic_arrary.vcxproj", "{9AC9F9D9-55EE-4C0D-8D43-F05BC48CA88D}"
EndProject
Project("{8BC9CEB8-8B4A-11D0-8D11-00A0C91BC942}") = "Stack", "Stack\Stack.vcxproj", "{688905F4-AEDD-4861-9F49-8F7048FFE373}"
EndProject
Global
	GlobalSection(SolutionConfigurationPlatforms) = preSolution
		Debug|ARM = Debug|ARM
		Debug|ARM64 = Debug|ARM64
		Debug|x64 = Debug|x64
		Debug|x86 = Debug|x86
		Release|ARM = Release|ARM
		Release|ARM64 = Release|ARM64
		Release|x64 = Release|x64
		Release|x86 = Release|x86
	EndGlobalSection
	GlobalSection(ProjectConfigurationPlatforms) = postSolution
		{B78CD5BC-5C6B-49ED-9FA4-C60B287B1365}.Debug|ARM.ActiveCfg = Debug|Win32
		{B78CD5BC-5C6B-49ED-9FA4-C60B287B1365}.Debug|ARM64.ActiveCfg = Debug|Win32
		{B78CD5BC-5C6B-49ED-9FA4-C60B287B1365}.Debug|x64.ActiveCfg = Debug|x64
		{B78CD5BC-5C6B-49ED-9FA4-C60B287B1365}.Debug|x64.Build.0 = Debug|x64
		{B78CD5BC-5C6B-49ED-9FA4-C60B287B1365}.Debug|x86.ActiveCfg = Debug|Win32
		{B78CD5BC-5C6B-49ED-9FA4-C60B287B1365}.Debug|x86.Build.0 = Debug|Win32
		{B78CD5BC-5C6B-49ED-9FA4-C60B287B1365}.Release|ARM.ActiveCfg = Release|Win32
		{B78CD5BC-5C6B-49ED-9FA4-C60B287B1365}.Release|ARM64.ActiveCfg = Release|Win32
		{B78CD5BC-5C6B-49ED-9FA4-C60B287B1365}.Release|x64.ActiveCfg = Release|x64
		{B78CD5BC-5C6B-49ED-9FA4-C60B287B1365}.Release|x64.Build.0 = Release|x64
		{B78CD5BC-5C6B-49ED-9FA4-C60B287B1365}.Release|x86.ActiveCfg = Release|Win32
		{B78CD5BC-5C6B-49ED-9FA4-C60B287B1365}.Release|x86.Build.0 = Release|Win32
		{AF409E8C-355A-4D78-BBB9-68EBFEA0F4B4}.Debug|ARM.ActiveCfg = Debug|Win32
		{AF409E8C-355A-4D78-BBB9-68EBFEA0F4B4}.Debug|ARM64.ActiveCfg = Debug|Win32
		{AF409E8C-355A-4D78-BBB9-68EBFEA0F4B4}.Debug|x64.ActiveCfg = Debug|x64
		{AF409E8C-355A-4D78-BBB9-68EBFEA0F4B4}.Debug|x64.Build.0 = Debug|x64
		{AF409E8C-355A-4D78-BBB9-68EBFEA0F4B4}.Debug|x86.ActiveCfg = Debug|Win32
		{AF409E8C-355A-4D78-BBB9-68EBFEA0F4B4}.Debug|x86.Build.0 = Debug|Win32
		{AF409E8C-355A-4D78-BBB9-68EBFEA0F4B4}.Release|ARM.ActiveCfg = Release|Win32
		{AF409E8C-355A-4D78-BBB9-68EBFEA0F4B4}.Release|ARM64.ActiveCfg = Release|Win32
		{AF409E8C-355A-4D78-BBB9-68EBFEA0F4B4}.Release|x64.ActiveCfg = Release|x64
		{AF409E8C-355A-4D78-BBB9-68EBFEA0F4B4}.Release|x64.Build.0 = Release|x64
		{AF409E8C-355A-4D78-BBB9-68EBFEA0F4B4}.Release|x86.ActiveCfg = Release|Win32
		{AF409E8C-355A-4D78-BBB9-68EBFEA0F4B4}.Release|x86.Build.0 = Release|Win32
		{3B01DEDC-BF02-499E-85CB-FA5E1F60FB1C}.Debug|ARM.ActiveCfg = Debug|Win32
		{3B01DEDC-BF02-499E-85CB-FA5E1F60FB1C}.Debug|ARM64.ActiveCfg = Debug|Win32
		{3B01DEDC-BF02-499E-85CB-FA5E1F60FB1C}.Debug|x64.ActiveCfg = Debug|x64
		{3B01DEDC-BF02-499E-85CB-FA5E1F60FB1C}.Debug|x64.Build.0 = Debug|x64
		{3B01DEDC-BF02-499E-85CB-FA5E1F60FB1C}.Debug|x86.ActiveCfg = Debug|Win32
		{3B01DEDC-BF02-499E-85CB-FA5E1F60FB1C}.Debug|x86.Build.0 = Debug|Win32
		{3B01DEDC-BF02-499E-85CB-FA5E1F60FB1C}.Release|ARM.ActiveCfg = Release|Win32
		{3B01DEDC-BF02-499E-85CB-FA5E1F60FB1C}.Release|ARM64.ActiveCfg = Release|Win32
		{3B01DEDC-BF02-499E-85CB-FA5E1F60FB1C}.Release|x64.ActiveCfg = Release|x64
		{3B01DEDC-BF02-499E-85CB-FA5E1F60FB1C}.Release|x64.Build.0 = Release|x64
		{3B01DEDC-BF02-499E-85CB-FA5E1F60FB1C}.Release|x86.ActiveCfg = Release|Win32
		{3B01DEDC-BF02-499E-85CB-FA5E1F60FB1C}.Release|x86.Build.0 = Release|Win32
		{CDB28458-4EB8-4A69-8424-F9CD8AB17925}.Debug|ARM.ActiveCfg = Debug|Win32
		{CDB28458-4EB8-4A69-8424-F9CD8AB17925}.Debug|ARM64.ActiveCfg = Debug|Win32
		{CDB28458-4EB8-4A69-8424-F9CD8AB17925}.Debug|x64.ActiveCfg = Debug|x64
		{CDB28458-4EB8-4A69-8424-F9CD8AB17925}.Debug|x64.Build.0 = Debug|x64
		{CDB28458-4EB8-4A69-8424-F9CD8AB17925}.Debug|x86.ActiveCfg = Debug|Win32
		{CDB28458-4EB8-4A69-8424-F9CD8AB17925}.Debug|x86.Build.0 = Debug|Win32
		{CDB28458-4EB8-4A69-8424-F9CD8AB17925}.Release|ARM.ActiveCfg = Release|Win32
		{CDB28458-4EB8-4A69-8424-F9CD8AB17925}.Release|ARM64.ActiveCfg = Release|Win32
		{CDB28458-4EB8-4A69-8424-F9CD8AB17925}.Release|x64.ActiveCfg = Release|x64
		{CDB28458-4EB8-4A69-8424-F9CD8AB17925}.Release|x64.Build.0 = Release|x64
		{CDB28458-4EB8-4A69-8424-F9CD8AB17925}.Release|x86.ActiveCfg = Release|Win32
		{CDB28458-4EB8-4A69-8424-F9CD8AB17925}.Release|x86.Build.0 = Release|Win32
		{491B919A-1241-4CD7-A3AB-2BCFBF889A1B}.Debug|ARM.ActiveCfg = Debug|Win32
		{491B919A-1241-4CD7-A3AB-2BCFBF889A1B}.Debug|ARM64.ActiveCfg = Debug|Win32
		{491B919A-1241-4CD7-A3AB-2BCFBF889A1B}.Debug|x64.ActiveCfg = Debug|x64
		{491B919A-1241-4CD7-A3AB-2BCFBF889A1B}.Debug|x64.Build.0 = Debug|x64
		{491B919A-1241-4CD7-A3AB-2BCFBF889A1B}.Debug|x86.ActiveCfg = Debug|Win32
		{491B919A-1241-4CD7-A3AB-2BCFBF889A1B}.Debug|x86.Build.0 = Debug|Win32
		{491B919A-1241-4CD7-A3AB-2BCFBF889A1B}.Release|ARM.ActiveCfg = Release|Win32
		{491B919A-1241-4CD7-A3AB-2BCFBF889A1B}.Release|ARM64.ActiveCfg = Release|Win32
		{491B919A-1241-4CD7-A3AB-2BCFBF889A1B}.Release|x64.ActiveCfg = Release|x64
		{491B919A-1241-4CD7-A3AB-2BCFBF889A1B}.Release|x64.Build.0 = Release|x64
		{491B919A-1241-4CD7-A3AB-2BCFBF889A1B}.Release|x86.ActiveCfg = Release|Win32
		{491B919A-1241-4CD7-A3AB-2BCFBF889A1B}.Release|x86.Build.0 = Release|Win32
		{C65A1B89-B8F7-4845-83F4-904613DEFCB5}.Debug|ARM.ActiveCfg = Debug|Win32
		{C65A1B89-B8F7-4845-83F4-904613DEFCB5}.Debug|ARM64.ActiveCfg = Debug|Win32
		{C65A1B89-B8F7-4845-83F4-904613DEFCB5}.Debug|x64.ActiveCfg = Debug|x64
		{C65A1B89-B8F7-4845-83F4-904613DEFCB5}.Debug|x64.Build.0 = Debug|x64
		{C65A1B89-B8F7-4845-83F4-904613DEFCB5}.Debug|x86.ActiveCfg = Debug|Win32
		{C65A1B89-B8F7-4845-83F4-904613DEFCB5}.Debug|x86.Build.0 = Debug|Win32
		{C65A1B89-B8F7-4845-83F4-904613DEFCB5}.Release|ARM.ActiveCfg = Release|Win32
		{C65A1B89-B8F7-4845-83F4-904613DEFCB5}.Release|ARM64.ActiveCfg = Release|Win32
		{C65A1B89-B8F7-4845-83F4-904613DEFCB5}.Release|x64.ActiveCfg = Release|x64
		{C65A1B89-B8F7-4845-83F4-904613DEFCB5}.Release|x64.Build.0 = Release|x64
		{C65A1B89-B8F7-4845-83F4-904613DEFCB5}.Release|x86.ActiveCfg = Release|Win32
		{C65A1B89-B8F7-4845-83F4-904613DEFCB5}.Release|x86.Build.0 = Release|Win32
		{2E39EC80-A650-4E92-B4B2-BC49B5667E54}.Debug|ARM.ActiveCfg = Debug|Win32
		{2E39EC80-A650-4E92-B4B2-BC49B5667E54}.Debug|ARM64.ActiveCfg = Debug|Win32
		{2E39EC80-A650-4E92-B4B2-BC49B5667E54}.Debug|x64.ActiveCfg = Debug|x64
		{2E39EC80-A650-4E92-B4B2-BC49B5667E54}.Debug|x64.Build.0 = Debug|x64
		{2E39EC80-A650-4E92-B4B2-BC49B5667E54}.Debug|x86.ActiveCfg = Debug|Win32
		{2E39EC80-A650-4E92-B4B2-BC49B5667E54}.Debug|x86.Build.0 = Debug|Win32
		{2E39EC80-A650-4E92-B4B2-BC49B5667E54}.Release|ARM.ActiveCfg = Release|Win32
		{2E39EC80-A650-4E92-B4B2-BC49B5667E54}.Release|ARM64.ActiveCfg = Release|Win32
		{2E39EC80-A650-4E92-B4B2-BC49B5667E54}.Release|x64.ActiveCfg = Release|x64
		{2E39EC80-A650-4E92-B4B2-BC49B5667E54}.Release|x64.Build.0 = Release|x64
		{2E39EC80-A650-4E92-B4B2-BC49B5667E54}.Release|x86.ActiveCfg = Release|Win32
		{2E39EC80-A650-4E92-B4B2-BC49B5667E54}.Release|x86.Build.0 = Release|Win32
		{2169E5D5-E8AD-468C-9220-C8C339C0A5DF}.Debug|ARM.ActiveCfg = Debug|Win32
		{2169E5D5-E8AD-468C-9220-C8C339C0A5DF}.Debug|ARM64.ActiveCfg = Debug|Win32
		{2169E5D5-E8AD-468C-9220-C8C339C0A5DF}.Debug|x64.ActiveCfg = Debug|x64
		{2169E5D5-E8AD-468C-9220-C8C339C0A5DF}.Debug|x64.Build.0 = Debug|x64
		{2169E5D5-E8AD-468C-9220-C8C339C0A5DF}.Debug|x86.ActiveCfg = Debug|Win32
		{2169E5D5-E8AD-468C-9220-C8C339C0A5DF}.Debug|x86.Build.0 = Debug|Win32
		{2169E5D5-E8AD-468C-9220-C8C339C0A5DF}.Release|ARM.ActiveCfg = Release|Win32
		{2169E5D5-E8AD-468C-9220-C8C339C0A5DF}.Release|ARM64.ActiveCfg = Release|Win32
		{2169E5D5-E8AD-468C-9220-C8C339C0A5DF}.Release|x64.ActiveCfg = Release|x64
		{2169E5D5-E8AD-468C-9220-C8C339C0A5DF}.Release|x64.Build.0 = Release|x64
		{2169E5D5-E8AD-468C-9220-C8C339C0A5DF}.Release|x86.ActiveCfg = Release|Win32
		{2169E5D5-E8AD-468C-9220-C8C339C0A5DF}.Release|x86.Build.0 = Release|Win32
		{2766024F-1FD1-4493-8F33-DDDF4434D4E4}.Debug|ARM.ActiveCfg = Debug|Win32
		{2766024F-1FD1-4493-8F33-DDDF4434D4E4}.Debug|ARM64.ActiveCfg = Debug|Win32
		{2766024F-1FD1-4493-8F33-DDDF4434D4E4}.Debug|x64.ActiveCfg = Debug|x64
		{2766024F-1FD1-4493-8F33-DDDF4434D4E4}.Debug|x64.Build.0 = Debug|x64
		{2766024F-1FD1-4493-8F33-DDDF4434D4E4}.Debug|x86.ActiveCfg = Debug|Win32
		{2766024F-1FD1-4493-8F33-DDDF4434D4E4}.Debug|x86.Build.0 = Debug|Win32
		{2766024F-1FD1-4493-8F33-DDDF4434D4E4}.Release|ARM.ActiveCfg = Release|Win32
		{2766024F-1FD1-4493-8F33-DDDF4434D4E4}.Release|ARM64.ActiveCfg = Release|Win32
		{2766024F-1FD1-4493-8F33-DDDF4434D4E4}.Release|x64.ActiveCfg = Release|x64
		{2766024F-1FD1-4493-8F33-DDDF4434D4E4}.Release|x64.Build.0 = Release|x64
		{2766024F-1FD1-4493-8F33-DDDF4434D4E4}.Release|x86.ActiveCfg = Release|Win32
		{2766024F-1FD1-4493-8F33-DDDF4434D4E4}.Release|x86.Build.0 = Release|Win32
		{649E9460-FEA8-4BF6-8490-F57050EE9D7B}.Debug|ARM.ActiveCfg = Debug|Win32
		{649E9460-FEA8-4BF6-8490-F57050EE9D7B}.Debug|ARM64.ActiveCfg = Debug|Win32
		{649E9460-FEA8-4BF6-8490-F57050EE9D7B}.Debug|x64.ActiveCfg = Debug|x64
		{649E9460-FEA8-4BF6-8490-F57050EE9D7B}.Debug|x64.Build.0 = Debug|x64
		{649E9460-FEA8-4BF6-8490-F57050EE9D7B}.Debug|x86.ActiveCfg = Debug|Win32
		{649E9460-FEA8-4BF6-8490-F57050EE9D7B}.Debug|x86.Build.0 = Debug|Win32
		{649E9460-FEA8-4BF6-8490-F57050EE9D7B}.Release|ARM.ActiveCfg = Release|Win32
		{649E9460-FEA8-4BF6-8490-F57050EE9D7B}.Release|ARM64.ActiveCfg = Release|Win32
		{649E9460-FEA8-4BF6-8490-F57050EE9D7B}.Release|x64.ActiveCfg = Release|x64
		{649E9460-FEA8-4BF6-8490-F57050EE9D7B}.Release|x64.Build.0 = Release|x64
		{649E9460-FEA8-4BF6-8490-F57050EE9D7B}.Release|x86.ActiveCfg = Release|Win32
		{649E9460-FEA8-4BF6-8490-F57050EE9D7B}.Release|x86.Build.0 = Release|Win32
		{8A756993-B422-454F-8940-2381E149159F}.Debug|ARM.ActiveCfg = Debug|Win32
		{8A756993-B422-454F-8940-2381E149159F}.Debug|ARM64.ActiveCfg = Debug|Win32
		{8A756993-B422-454F-8940-2381E149159F}.Debug|x64.ActiveCfg = Debug|x64
		{8A756993-B422-454F-8940-2381E149159F}.Debug|x64.Build.0 = Debug|x64
		{8A756993-B422-454F-8940-2381E149159F}.Debug|x86.ActiveCfg = Debug|Win32
		{8A756993-B422-454F-8940-2381E149159F}.Debug|x86.Build.0 = Debug|Win32
		{8A756993-B422-454F-8940-2381E149159F}.Release|ARM.ActiveCfg = Release|Win32
		{8A756993-B422-454F-8940-2381E149159F}.Release|ARM64.ActiveCfg = Release|Win32
		{8A756993-B422-454F-8940-2381E149159F}.Release|x64.ActiveCfg = Release|x64
		{8A756993-B422-454F-8940-2381E149159F}.Release|x64.Build.0 = Release|x64
		{8A756993-B422-454F-8940-2381E149159F}.Release|x86.ActiveCfg = Release|Win32
		{8A756993-B422-454F-8940-2381E149159F}.Release|x86.Build.0 = Release|Win32
		{99702D9C-8AE5-411E-9CAB-E1071CDEB395}.Debug|ARM.ActiveCfg = Debug|Win32
		{99702D9C-8AE5-411E-9CAB-E1071CDEB395}.Debug|ARM64.ActiveCfg = Debug|Win32
		{99702D9C-8AE5-411E-9CAB-E1071CDEB395}.Debug|x64.ActiveCfg = Debug|x64
		{99702D9C-8AE5-411E-9CAB-E1071CDEB395}.Debug|x64.Build.0 = Debug|x64
		{99702D9C-8AE5-411E-9CAB-E1071CDEB395}.Debug|x86.ActiveCfg = Debug|Win32
		{99702D9C-8AE5-411E-9CAB-E1071CDEB395}.Debug|x86.Build.0 = Debug|Win32
		{99702D9C-8AE5-411E-9CAB-E1071CDEB395}.Release|ARM.ActiveCfg = Release|Win32
		{99702D9C-8AE5-411E-9CAB-E1071CDEB395}.Release|ARM64.ActiveCfg = Release|Win32
		{99702D9C-8AE5-411E-9CAB-E1071CDEB395}.Release|x64.ActiveCfg = Release|x64
		{99702D9C-8AE5-411E-9CAB-E1071CDEB395}.Release|x64.Build.0 = Release|x64
		{99702D9C-8AE5-411E-9CAB-E1071CDEB395}.Release|x86.ActiveCfg = Release|Win32
		{99702D9C-8AE5-411E-9CAB-E1071CDEB395}.Release|x86.Build.0 = Release|Win32
		{6B5EF69C-11C6-4974-9FF5-29AA7072C8F4}.Debug|ARM.ActiveCfg = Debug|Win32
		{6B5EF69C-11C6-4974-9FF5-29AA7072C8F4}.Debug|ARM64.ActiveCfg = Debug|Win32
		{6B5EF69C-11C6-4974-9FF5-29AA7072C8F4}.Debug|x64.ActiveCfg = Debug|x64
		{6B5EF69C-11C6-4974-9FF5-29AA7072C8F4}.Debug|x64.Build.0 = Debug|x64
		{6B5EF69C-11C6-4974-9FF5-29AA7072C8F4}.Debug|x86.ActiveCfg = Debug|Win32
		{6B5EF69C-11C6-4974-9FF5-29AA7072C8F4}.Debug|x86.Build.0 = Debug|Win32
		{6B5EF69C-11C6-4974-9FF5-29AA7072C8F4}.Release|ARM.ActiveCfg = Release|Win32
		{6B5EF69C-11C6-4974-9FF5-29AA7072C8F4}.Release|ARM64.ActiveCfg = Release|Win32
		{6B5EF69C-11C6-4974-9FF5-29AA7072C8F4}.Release|x64.ActiveCfg = Release|x64
		{6B5EF69C-11C6-4974-9FF5-29AA7072C8F4}.Release|x64.Build.0 = Release|x64
		{6B5EF69C-11C6-4974-9FF5-29AA7072C8F4}.Release|x86.ActiveCfg = Release|Win32
		{6B5EF69C-11C6-4974-9FF5-29AA7072C8F4}.Release|x86.Build.0 = Release|Win32
		{07B58C09-42BD-47F9-978B-FDCE3E6E7032}.Debug|ARM.ActiveCfg = Debug|Win32
		{07B58C09-42BD-47F9-978B-FDCE3E6E7032}.Debug|ARM64.ActiveCfg = Debug|Win32
		{07B58C09-42BD-47F9-978B-FDCE3E6E7032}.Debug|x64.ActiveCfg = Debug|x64
		{07B58C09-42BD-47F9-978B-FDCE3E6E7032}.Debug|x64.Build.0 = Debug|x64
		{07B58C09-42BD-47F9-978B-FDCE3E6E7032}.Debug|x86.ActiveCfg = Debug|Win32
		{07B58C09-42BD-47F9-978B-FDCE3E6E7032}.Debug|x86.Build.0 = Debug|Win32
		{07B58C09-42BD-47F9-978B-FDCE3E6E7032}.Release|ARM.ActiveCfg = Release|Win32
		{07B58C09-42BD-47F9-978B-FDCE3E6E7032}.Release|ARM64.ActiveCfg = Release|Win32
		{07B58C09-42BD-47F9-978B-FDCE3E6E7032}.Release|x64.ActiveCfg = Release|x64
		{07B58C09-42BD-47F9-978B-FDCE3E6E7032}.Release|x64.Build.0 = Release|x64
		{07B58C09-42BD-47F9-978B-FDCE3E6E7032}.Release|x86.ActiveCfg = Release|Win32
		{07B58C09-42BD-47F9-978B-FDCE3E6E7032}.Release|x86.Build.0 = Release|Win32
		{417FFD3B-6F02-4A59-86F7-CC42BE933C67}.Debug|ARM.ActiveCfg = Debug|Win32
		{417FFD3B-6F02-4A59-86F7-CC42BE933C67}.Debug|ARM64.ActiveCfg = Debug|Win32
		{417FFD3B-6F02-4A59-86F7-CC42BE933C67}.Debug|x64.ActiveCfg = Debug|x64
		{417FFD3B-6F02-4A59-86F7-CC42BE933C67}.Debug|x64.Build.0 = Debug|x64
		{417FFD3B-6F02-4A59-86F7-CC42BE933C67}.Debug|x86.ActiveCfg = Debug|Win32
		{417FFD3B-6F02-4A59-86F7-CC42BE933C67}.Debug|x86.Build.0 = Debug|Win32
		{417FFD3B-6F02-4A59-86F7-CC42BE933C67}.Release|ARM.ActiveCfg = Release|Win32
		{417FFD3B-6F02-4A59-86F7-CC42BE933C67}.Release|ARM64.ActiveCfg = Release|Win32
		{417FFD3B-6F02-4A59-86F7-CC42BE933C67}.Release|x64.ActiveCfg = Release|x64
		{417FFD3B-6F02-4A59-86F7-CC42BE933C67}.Release|x64.Build.0 = Release|x64
		{417FFD3B-6F02-4A59-86F7-CC42BE933C67}.Release|x86.ActiveCfg = Release|Win32
		{417FFD3B-6F02-4A59-86F7-CC42BE933C67}.Release|x86.Build.0 = Release|Win32
		{BE6CA1FE-0380-43A2-9941-F3C7F74D5AC0}.Debug|ARM.ActiveCfg = Debug|Win32
		{BE6CA1FE-0380-43A2-9941-F3C7F74D5AC0}.Debug|ARM64.ActiveCfg = Debug|Win32
		{BE6CA1FE-0380-43A2-9941-F3C7F74D5AC0}.Debug|x64.ActiveCfg = Debug|x64
		{BE6CA1FE-0380-43A2-9941-F3C7F74D5AC0}.Debug|x64.Build.0 = Debug|x64
		{BE6CA1FE-0380-43A2-9941-F3C7F74D5AC0}.Debug|x86.ActiveCfg = Debug|Win32
		{BE6CA1FE-0380-43A2-9941-F3C7F74D5AC0}.Debug|x86.Build.0 = Debug|Win32
		{BE6CA1FE-0380-43A2-9941-F3C7F74D5AC0}.Release|ARM.ActiveCfg = Release|Win32
		{BE6CA1FE-0380-43A2-9941-F3C7F74D5AC0}.Release|ARM64.ActiveCfg = Release|Win32
		{BE6CA1FE-0380-43A2-9941-F3C7F74D5AC0}.Release|x64.ActiveCfg = Release|x64
		{BE6CA1FE-0380-43A2-9941-F3C7F74D5AC0}.Release|x64.Build.0 = Release|x64
		{BE6CA1FE-0380-43A2-9941-F3C7F74D5AC0}.Release|x86.ActiveCfg = Release|Win32
		{BE6CA1FE-0380-43A2-9941-F3C7F74D5AC0}.Release|x86.Build.0 = Release|Win32
		{34F513CD-E44A-4672-ACBC-9C70F4A9F589}.Debug|ARM.ActiveCfg = Debug|Win32
		{34F513CD-E44A-4672-ACBC-9C70F4A9F589}.Debug|ARM64.ActiveCfg = Debug|Win32
		{34F513CD-E44A-4672-ACBC-9C70F4A9F589}.Debug|x64.ActiveCfg = Debug|x64
		{34F513CD-E44A-4672-ACBC-9C70F4A9F589}.Debug|x64.Build.0 = Debug|x64
		{34F513CD-E44A-4672-ACBC-9C70F4A9F589}.Debug|x86.ActiveCfg = Debug|Win32
		{34F513CD-E44A-4672-ACBC-9C70F4A9F589}.Debug|x86.Build.0 = Debug|Win32
		{34F513CD-E44A-4672-ACBC-9C70F4A9F589}.Release|ARM.ActiveCfg = Release|Win32
		{34F513CD-E44A-4672-ACBC-9C70F4A9F589}.Release|ARM64.ActiveCfg = Release|Win32
		{34F513CD-E44A-4672-ACBC-9C70F4A9F589}.Release|x64.ActiveCfg = Release|x64
		{34F513CD-E44A-4672-ACBC-9C70F4A9F589}.Release|x64.Build.0 = Release|x64
		{34F513CD-E44A-4672-ACBC-9C70F4A9F589}.Release|x86.ActiveCfg = Release|Win32
		{34F513CD-E44A-4672-ACBC-9C70F4A9F589}.Release|x86.Build.0 = Release|Win32
		{384D5E8D-F3B2-46C1-97A2-C5118096347C}.Debug|ARM.ActiveCfg = Debug|Win32
		{384D5E8D-F3B2-46C1-97A2-C5118096347C}.Debug|ARM64.ActiveCfg = Debug|Win32
		{384D5E8D-F3B2-46C1-97A2-C5118096347C}.Debug|x64.ActiveCfg = Debug|x64
		{384D5E8D-F3B2-46C1-97A2-C5118096347C}.Debug|x64.Build.0 = Debug|x64
		{384D5E8D-F3B2-46C1-97A2-C5118096347C}.Debug|x86.ActiveCfg = Debug|Win32
		{384D5E8D-F3B2-46C1-97A2-C5118096347C}.Debug|x86.Build.0 = Debug|Win32
		{384D5E8D-F3B2-46C1-97A2-C5118096347C}.Release|ARM.ActiveCfg = Release|Win32
		{384D5E8D-F3B2-46C1-97A2-C5118096347C}.Release|ARM64.ActiveCfg = Release|Win32
		{384D5E8D-F3B2-46C1-97A2-C5118096347C}.Release|x64.ActiveCfg = Release|x64
		{384D5E8D-F3B2-46C1-97A2-C5118096347C}.Release|x64.Build.0 = Release|x64
		{384D5E8D-F3B2-46C1-97A2-C5118096347C}.Release|x86.ActiveCfg = Release|Win32
		{384D5E8D-F3B2-46C1-97A2-C5118096347C}.Release|x86.Build.0 = Release|Win32
		{CCF5ED75-4938-4CC0-A937-74677172DAAC}.Debug|ARM.ActiveCfg = Debug|Win32
		{CCF5ED75-4938-4CC0-A937-74677172DAAC}.Debug|ARM64.ActiveCfg = Debug|Win32
		{CCF5ED75-4938-4CC0-A937-74677172DAAC}.Debug|x64.ActiveCfg = Debug|x64
		{CCF5ED75-4938-4CC0-A937-74677172DAAC}.Debug|x64.Build.0 = Debug|x64
		{CCF5ED75-4938-4CC0-A937-74677172DAAC}.Debug|x86.ActiveCfg = Debug|Win32
		{CCF5ED75-4938-4CC0-A937-74677172DAAC}.Debug|x86.Build.0 = Debug|Win32
		{CCF5ED75-4938-4CC0-A937-74677172DAAC}.Release|ARM.ActiveCfg = Release|Win32
		{CCF5ED75-4938-4CC0-A937-74677172DAAC}.Release|ARM64.ActiveCfg = Release|Win32
		{CCF5ED75-4938-4CC0-A937-74677172DAAC}.Release|x64.ActiveCfg = Release|x64
		{CCF5ED75-4938-4CC0-A937-74677172DAAC}.Release|x64.Build.0 = Release|x64
		{CCF5ED75-4938-4CC0-A937-74677172DAAC}.Release|x86.ActiveCfg = Release|Win32
		{CCF5ED75-4938-4CC0-A937-74677172DAAC}.Release|x86.Build.0 = Release|Win32
		{53C225E3-B4E3-4D94-A2D6-806C1A1B5C21}.Debug|ARM.ActiveCfg = Debug|Win32
		{53C225E3-B4E3-4D94-A2D6-806C1A1B5C21}.Debug|ARM64.ActiveCfg = Debug|Win32
		{53C225E3-B4E3-4D94-A2D6-806C1A1B5C21}.Debug|x64.ActiveCfg = Debug|x64
		{53C225E3-B4E3-4D94-A2D6-806C1A1B5C21}.Debug|x64.Build.0 = Debug|x64
		{53C225E3-B4E3-4D94-A2D6-806C1A1B5C21}.Debug|x86.ActiveCfg = Debug|Win32
		{53C225E3-B4E3-4D94-A2D6-806C1A1B5C21}.Debug|x86.Build.0 = Debug|Win32
		{53C225E3-B4E3-4D94-A2D6-806C1A1B5C21}.Release|ARM.ActiveCfg = Release|Win32
		{53C225E3-B4E3-4D94-A2D6-806C1A1B5C21}.Release|ARM64.ActiveCfg = Release|Win32
		{53C225E3-B4E3-4D94-A2D6-806C1A1B5C21}.Release|x64.ActiveCfg = Release|x64
		{53C225E3-B4E3-4D94-A2D6-806C1A1B5C21}.Release|x64.Build.0 = Release|x64
		{53C225E3-B4E3-4D94-A2D6-806C1A1B5C21}.Release|x86.ActiveCfg = Release|Win32
		{53C225E3-B4E3-4D94-A2D6-806C1A1B5C21}.Release|x86.Build.0 = Release|Win32
		{2E68093F-6F00-4F11-8F0C-2C80CE88ADDB}.Debug|ARM.ActiveCfg = Debug|Win32
		{2E68093F-6F00-4F11-8F0C-2C80CE88ADDB}.Debug|ARM64.ActiveCfg = Debug|Win32
		{2E68093F-6F00-4F11-8F0C-2C80CE88ADDB}.Debug|x64.ActiveCfg = Debug|x64
		{2E68093F-6F00-4F11-8F0C-2C80CE88ADDB}.Debug|x64.Build.0 = Debug|x64
		{2E68093F-6F00-4F11-8F0C-2C80CE88ADDB}.Debug|x86.ActiveCfg = Debug|Win32
		{2E68093F-6F00-4F11-8F0C-2C80CE88ADDB}.Debug|x86.Build.0 = Debug|Win32
		{2E68093F-6F00-4F11-8F0C-2C80CE88ADDB}.Release|ARM.ActiveCfg = Release|Win32
		{2E68093F-6F00-4F11-8F0C-2C80CE88ADDB}.Release|ARM64.ActiveCfg = Release|Win32
		{2E68093F-6F00-4F11-8F0C-2C80CE88ADDB}.Release|x64.ActiveCfg = Release|x64
		{2E68093F-6F00-4F11-8F0C-2C80CE88ADDB}.Release|x64.Build.0 = Release|x64
		{2E68093F-6F00-4F11-8F0C-2C80CE88ADDB}.Release|x86.ActiveCfg = Release|Win32
		{2E68093F-6F00-4F11-8F0C-2C80CE88ADDB}.Release|x86.Build.0 = Release|Win32
		{9F58FE14-1AA3-4C93-B795-AD097F1B5114}.Debug|ARM.ActiveCfg = Debug|Win32
		{9F58FE14-1AA3-4C93-B795-AD097F1B5114}.Debug|ARM64.ActiveCfg = Debug|Win32
		{9F58FE14-1AA3-4C93-B795-AD097F1B5114}.Debug|x64.ActiveCfg = Debug|x64
		{9F58FE14-1AA3-4C93-B795-AD097F1B5114}.Debug|x64.Build.0 = Debug|x64
		{9F58FE14-1AA3-4C93-B795-AD097F1B5114}.Debug|x86.ActiveCfg = Debug|Win32
		{9F58FE14-1AA3-4C93-B795-AD097F1B5114}.Debug|x86.Build.0 = Debug|Win32
		{9F58FE14-1AA3-4C93-B795-AD097F1B5114}.Release|ARM.ActiveCfg = Release|Win32
		{9F58FE14-1AA3-4C93-B795-AD097F1B5114}.Release|ARM64.ActiveCfg = Release|Win32
		{9F58FE14-1AA3-4C93-B795-AD097F1B5114}.Release|x64.ActiveCfg = Release|x64
		{9F58FE14-1AA3-4C93-B795-AD097F1B5114}.Release|x64.Build.0 = Release|x64
		{9F58FE14-1AA3-4C93-B795-AD097F1B5114}.Release|x86.ActiveCfg = Release|Win32
		{9F58FE14-1AA3-4C93-B795-AD097F1B5114}.Release|x86.Build.0 = Release|Win32
		{450F756C-D839-48BF-AE6A-61D4599874C3}.Debug|ARM.ActiveCfg = Debug|Win32
		{450F756C-D839-48BF-AE6A-61D4599874C3}.Debug|ARM64.ActiveCfg = Debug|Win32
		{450F756C-D839-48BF-AE6A-61D4599874C3}.Debug|x64.ActiveCfg = Debug|x64
		{450F756C-D839-48BF-AE6A-61D4599874C3}.Debug|x64.Build.0 = Debug|x64
		{450F756C-D839-48BF-AE6A-61D4599874C3}.Debug|x86.ActiveCfg = Debug|Win32
		{450F756C-D839-48BF-AE6A-61D4599874C3}.Debug|x86.Build.0 = Debug|Win32
		{450F756C-D839-48BF-AE6A-61D4599874C3}.Release|ARM.ActiveCfg = Release|Win32
		{450F756C-D839-48BF-AE6A-61D4599874C3}.Release|ARM64.ActiveCfg = Release|Win32
		{450F756C-D839-48BF-AE6A-61D4599874C3}.Release|x64.ActiveCfg = Release|x64
		{450F756C-D839-48BF-AE6A-61D4599874C3}.Release|x64.Build.0 = Release|x64
		{450F756C-D839-48BF-AE6A-61D4599874C3}.Release|x86.ActiveCfg = Release|Win32
		{450F756C-D839-48BF-AE6A-61D4599874C3}.Release|x86.Build.0 = Release|Win32
		{4DAA9571-8451-4128-9053-C2DBD52CAAA6}.Debug|ARM.ActiveCfg = Debug|Win32
		{4DAA9571-8451-4128-9053-C2DBD52CAAA6}.Debug|ARM64.ActiveCfg = Debug|Win32
		{4DAA9571-8451-4128-9053-C2DBD52CAAA6}.Debug|x64.ActiveCfg = Debug|x64
		{4DAA9571-8451-4128-9053-C2DBD52CAAA6}.Debug|x64.Build.0 = Debug|x64
		{4DAA9571-8451-4128-9053-C2DBD52CAAA6}.Debug|x86.ActiveCfg = Debug|Win32
		{4DAA9571-8451-4128-9053-C2DBD52CAAA6}.Debug|x86.Build.0 = Debug|Win32
		{4DAA9571-8451-4128-9053-C2DBD52CAAA6}.Release|ARM.ActiveCfg = Release|Win32
		{4DAA9571-8451-4128-9053-C2DBD52CAAA6}.Release|ARM64.ActiveCfg = Release|Win32
		{4DAA9571-8451-4128-9053-C2DBD52CAAA6}.Release|x64.ActiveCfg = Release|x64
		{4DAA9571-8451-4128-9053-C2DBD52CAAA6}.Release|x64.Build.0 = Release|x64
		{4DAA9571-8451-4128-9053-C2DBD52CAAA6}.Release|x86.ActiveCfg = Release|Win32
		{4DAA9571-8451-4128-9053-C2DBD52CAAA6}.Release|x86.Build.0 = Release|Win32
		{CD1D4B00-CE06-4E58-A0AD-4DA4A00A8678}.Debug|ARM.ActiveCfg = Debug|Win32
		{CD1D4B00-CE06-4E58-A0AD-4DA4A00A8678}.Debug|ARM64.ActiveCfg = Debug|Win32
		{CD1D4B00-CE06-4E58-A0AD-4DA4A00A8678}.Debug|x64.ActiveCfg = Debug|x64
		{CD1D4B00-CE06-4E58-A0AD-4DA4A00A8678}.Debug|x64.Build.0 = Debug|x64
		{CD1D4B00-CE06-4E58-A0AD-4DA4A00A8678}.Debug|x86.ActiveCfg = Debug|Win32
		{CD1D4B00-CE06-4E58-A0AD-4DA4A00A8678}.Debug|x86.Build.0 = Debug|Win32
		{CD1D4B00-CE06-4E58-A0AD-4DA4A00A8678}.Release|ARM.ActiveCfg = Release|Win32
		{CD1D4B00-CE06-4E58-A0AD-4DA4A00A8678}.Release|ARM64.ActiveCfg = Release|Win32
		{CD1D4B00-CE06-4E58-A0AD-4DA4A00A8678}.Release|x64.ActiveCfg = Release|x64
		{CD1D4B00-CE06-4E58-A0AD-4DA4A00A8678}.Release|x64.Build.0 = Release|x64
		{CD1D4B00-CE06-4E58-A0AD-4DA4A00A8678}.Release|x86.ActiveCfg = Release|Win32
		{CD1D4B00-CE06-4E58-A0AD-4DA4A00A8678}.Release|x86.Build.0 = Release|Win32
		{45D7E165-DBCE-4103-8690-A479CE83FA00}.Debug|ARM.ActiveCfg = Debug|Win32
		{45D7E165-DBCE-4103-8690-A479CE83FA00}.Debug|ARM64.ActiveCfg = Debug|Win32
		{45D7E165-DBCE-4103-8690-A479CE83FA00}.Debug|x64.ActiveCfg = Debug|x64
		{45D7E165-DBCE-4103-8690-A479CE83FA00}.Debug|x64.Build.0 = Debug|x64
		{45D7E165-DBCE-4103-8690-A479CE83FA00}.Debug|x86.ActiveCfg = Debug|Win32
		{45D7E165-DBCE-4103-8690-A479CE83FA00}.Debug|x86.Build.0 = Debug|Win32
		{45D7E165-DBCE-4103-8690-A479CE83FA00}.Release|ARM.ActiveCfg = Release|Win32
		{45D7E165-DBCE-4103-8690-A479CE83FA00}.Release|ARM64.ActiveCfg = Release|Win32
		{45D7E165-DBCE-4103-8690-A479CE83FA00}.Release|x64.ActiveCfg = Release|x64
		{45D7E165-DBCE-4103-8690-A479CE83FA00}.Release|x64.Build.0 = Release|x64
		{45D7E165-DBCE-4103-8690-A479CE83FA00}.Release|x86.ActiveCfg = Release|Win32
		{45D7E165-DBCE-4103-8690-A479CE83FA00}.Release|x86.Build.0 = Release|Win32
		{1AA08DC5-9BD6-47E1-BECB-1377A974FFFA}.Debug|ARM.ActiveCfg = Debug|Win32
		{1AA08DC5-9BD6-47E1-BECB-1377A974FFFA}.Debug|ARM64.ActiveCfg = Debug|Win32
		{1AA08DC5-9BD6-47E1-BECB-1377A974FFFA}.Debug|x64.ActiveCfg = Debug|x64
		{1AA08DC5-9BD6-47E1-BECB-1377A974FFFA}.Debug|x64.Build.0 = Debug|x64
		{1AA08DC5-9BD6-47E1-BECB-1377A974FFFA}.Debug|x86.ActiveCfg = Debug|Win32
		{1AA08DC5-9BD6-47E1-BECB-1377A974FFFA}.Debug|x86.Build.0 = Debug|Win32
		{1AA08DC5-9BD6-47E1-BECB-1377A974FFFA}.Release|ARM.ActiveCfg = Release|Win32
		{1AA08DC5-9BD6-47E1-BECB-1377A974FFFA}.Release|ARM64.ActiveCfg = Release|Win32
		{1AA08DC5-9BD6-47E1-BECB-1377A974FFFA}.Release|x64.ActiveCfg = Release|x64
		{1AA08DC5-9BD6-47E1-BECB-1377A974FFFA}.Release|x64.Build.0 = Release|x64
		{1AA08DC5-9BD6-47E1-BECB-1377A974FFFA}.Release|x86.ActiveCfg = Release|Win32
		{1AA08DC5-9BD6-47E1-BECB-1377A974FFFA}.Release|x86.Build.0 = Release|Win32
		{9AC9F9D9-55EE-4C0D-8D43-F05BC48CA88D}.Debug|ARM.ActiveCfg = Debug|Win32
		{9AC9F9D9-55EE-4C0D-8D43-F05BC48CA88D}.Debug|ARM64.ActiveCfg = Debug|Win32
		{9AC9F9D9-55EE-4C0D-8D43-F05BC48CA88D}.Debug|x64.ActiveCfg = Debug|x64
		{9AC9F9D9-55EE-4C0D-8D43-F05BC48CA88D}.Debug|x64.Build.0 = Debug|x64
		{9AC9F9D9-55EE-4C0D-8D43-F05BC48CA88D}.Debug|x86.ActiveCfg = Debug|Win32
		{9AC9F9D9-55EE-4C0D-8D43-F05BC48CA88D}.Debug|x86.Build.0 = Debug|Win32
		{9AC9F9D9-55EE-4C0D-8D43-F05BC48CA88D}.Release|ARM.ActiveCfg = Release|Win32
		{9AC9F9D9-55EE-4C0D-8D43-F05BC48CA88D}.Release|ARM64.ActiveCfg = Release|Win32
		{9AC9F9D9-55EE-4C0D-8D43-F05BC48CA88D}.Release|x64.ActiveCfg = Release|x64
		{9AC9F9D9-55EE-4C0D-8D43-F05BC48CA88D}.Release|x64.Build.0 = Release|x64
		{9AC9F9D9-55EE-4C0D-8D43-F05BC48CA88D}.Release|x86.ActiveCfg = Release|Win32
		{9AC9F9D9-55EE-4C0D-8D43-F05BC48CA88D}.Release|x86.Build.0 = Release|Win32
		{688905F4-AEDD-4861-9F49-8F7048FFE373}.Debug|ARM.ActiveCfg = Debug|Win32
		{688905F4-AEDD-4861-9F49-8F7048FFE373}.Debug|ARM64.ActiveCfg = Debug|Win32
		{688905F4-AEDD-4861-9F49-8F7048FFE373}.Debug|x64.ActiveCfg = Debug|x64
		{688905F4-AEDD-4861-9F49-8F7048FFE373}.Debug|x64.Build.0 = Debug|x64
		{688905F4-AEDD-4861-9F49-8F7048FFE373}.Debug|x86.ActiveCfg = Debug|Win32
		{688905F4-AEDD-4861-9F49-8F7048FFE373}.Debug|x86.Build.0 = Debug|Win32
		{688905F4-AEDD-4861-9F49-8F7048FFE373}.Release|ARM.ActiveCfg = Release|Win32
		{688905F4-AEDD-4861-9F49-8F7048FFE373}.Release|ARM64.ActiveCfg = Release|Win32
		{688905F4-AEDD-4861-9F49-8F7048FFE373}.Release|x64.ActiveCfg = Release|x64
		{688905F4-AEDD-4861-9F49-8F7048FFE373}.Release|x64.Build.0 = Release|x64
		{688905F4-AEDD-4861-9F49-8F7048FFE373}.Release|x86.ActiveCfg = Release|Win32
		{688905F4-AEDD-4861-9F49-8F7048FFE373}.Release|x86.Build.0 = Release|Win32
	EndGlobalSection
	GlobalSection(SolutionProperties) = preSolution
		HideSolutionNode = FALSE
	EndGlobalSection
	GlobalSection(NestedProjects) = preSolution
		{CDB28458-4EB8-4A69-8424-F9CD8AB17925} = {53004DF9-096C-412C-8B78-A86145407428}
		{C65A1B89-B8F7-4845-83F4-904613DEFCB5} = {53004DF9-096C-412C-8B78-A86145407428}
		{450F756C-D839-48BF-AE6A-61D4599874C3} = {53004DF9-096C-412C-8B78-A86145407428}
		{CD1D4B00-CE06-4E58-A0AD-4DA4A00A8678} = {53004DF9-096C-412C-8B78-A86145407428}
		{45D7E165-DBCE-4103-8690-A479CE83FA00} = {53004DF9-096C-412C-8B78-A86145407428}
		{1AA08DC5-9BD6-47E1-BECB-1377A974FFFA} = {53004DF9-096C-412C-8B78-A86145407428}
	EndGlobalSection
	GlobalSection(ExtensibilityGlobals) = postSolution
		SolutionGuid = {78CCB43F-BD6B-4722-8B5A-3012DDE1A315}
	EndGlobalSection
EndGlobal
