
Microsoft Visual Studio Solution File, Format Version 12.00
# Visual Studio 2013
VisualStudioVersion = 12.0.30501.0
MinimumVisualStudioVersion = 10.0.40219.1
Project("{FAE04EC0-301F-11D3-BF4B-00C04F79EFBC}") = "吴鹏", "ConsoleApplication1\吴鹏.csproj", "{5F61C5CB-47ED-42AE-9902-E5AF1585BFF9}"
EndProject
Project("{FAE04EC0-301F-11D3-BF4B-00C04F79EFBC}") = "抽奖", "抽奖\抽奖.csproj", "{CA49C8B1-9829-4F40-A45D-94755B678201}"
EndProject
Project("{FAE04EC0-301F-11D3-BF4B-00C04F79EFBC}") = "吴鹏 面向过程", "吴鹏的学习作业\吴鹏 面向过程.csproj", "{44B10D65-C56D-41A4-BCE0-A10DFE9DAB06}"
EndProject
Project("{FAE04EC0-301F-11D3-BF4B-00C04F79EFBC}") = "吴鹏 面向过程02", "吴鹏 面向过程02\吴鹏 面向过程02.csproj", "{BE772F1A-647C-4CFD-BF6F-7F973A7026D2}"
EndProject
Project("{FAE04EC0-301F-11D3-BF4B-00C04F79EFBC}") = "骑士飞行棋", "骑士飞行棋\骑士飞行棋.csproj", "{7A7E84B6-F842-4C4F-A8F9-312486754A9A}"
EndProject
Project("{FAE04EC0-301F-11D3-BF4B-00C04F79EFBC}") = "飞行棋重置", "飞行棋重置\飞行棋重置.csproj", "{962707F0-1B7F-49DB-BC84-079223C4E4E2}"
EndProject
Project("{FAE04EC0-301F-11D3-BF4B-00C04F79EFBC}") = "吴鹏 面向对象", "吴鹏 面向对象\吴鹏 面向对象.csproj", "{F14392B0-D21F-40D9-8011-6271B2547629}"
EndProject
Project("{FAE04EC0-301F-11D3-BF4B-00C04F79EFBC}") = "test", "test\test.csproj", "{4F917F05-4096-4A45-8722-A2E6F5628228}"
EndProject
Project("{FAE04EC0-301F-11D3-BF4B-00C04F79EFBC}") = "吴鹏面向对象02", "吴鹏面向对象02\吴鹏面向对象02.csproj", "{2B64FCC3-826C-4CBA-92CC-155801B14FCB}"
EndProject
Project("{FAE04EC0-301F-11D3-BF4B-00C04F79EFBC}") = "吴鹏面向对象03", "吴鹏面向对象03\吴鹏面向对象03.csproj", "{C5737472-7DCB-49EC-AB1A-58938F3F839E}"
EndProject
Project("{FAE04EC0-301F-11D3-BF4B-00C04F79EFBC}") = "吴鹏面向对象04", "吴鹏面向对象04\吴鹏面向对象04.csproj", "{591015BD-6887-47E1-AB27-5958EA04BE38}"
EndProject
Project("{FAE04EC0-301F-11D3-BF4B-00C04F79EFBC}") = "多态--虚方法", "多态--虚方法\多态--虚方法.csproj", "{11C0F554-5EE2-4F2A-9156-2AABA69B4C80}"
EndProject
Project("{FAE04EC0-301F-11D3-BF4B-00C04F79EFBC}") = "多态--抽象类", "多态--抽象类\多态--抽象类.csproj", "{50A3D9EF-296E-4F8E-BD24-8B7E0434FC4D}"
EndProject
Project("{FAE04EC0-301F-11D3-BF4B-00C04F79EFBC}") = "多态---模拟移动硬盘盘u盘mp3练习", "多态---模拟移动硬盘盘u盘mp3练习\多态---模拟移动硬盘盘u盘mp3练习.csproj", "{EED24579-F6CE-4A4E-BB27-A7C38D649F9F}"
EndProject
Project("{FAE04EC0-301F-11D3-BF4B-00C04F79EFBC}") = "简单的工厂设计模式", "简单的工厂设计模式\简单的工厂设计模式.csproj", "{915D2F6C-0910-4A3A-B07E-AC715592E2E8}"
EndProject
Project("{FAE04EC0-301F-11D3-BF4B-00C04F79EFBC}") = "Test03", "Test03\Test03.csproj", "{615C7176-50F5-41D4-88A0-B738F0D54F25}"
EndProject
Project("{FAE04EC0-301F-11D3-BF4B-00C04F79EFBC}") = "序列化和反序列化", "序列化和反序列化\序列化和反序列化.csproj", "{B5FAE1FD-ABB5-44F1-B43C-EA0E29942ED8}"
EndProject
Project("{FAE04EC0-301F-11D3-BF4B-00C04F79EFBC}") = "Test04", "Test04\Test04.csproj", "{39D7FC45-D7BA-4491-B3D5-D76F1A570A3B}"
EndProject
Project("{FAE04EC0-301F-11D3-BF4B-00C04F79EFBC}") = "自动属性和普通属性", "自动属性和普通属性\自动属性和普通属性.csproj", "{B5F67B7D-50E3-4ED1-A0F4-7FDAEA78655F}"
EndProject
Project("{FAE04EC0-301F-11D3-BF4B-00C04F79EFBC}") = "接口", "接口\接口.csproj", "{B9FE41FA-3790-4FE0-AC8C-0583F27A9B3B}"
EndProject
Project("{FAE04EC0-301F-11D3-BF4B-00C04F79EFBC}") = "接口02", "接口02\接口02.csproj", "{7C3B9F39-5557-463D-AA50-763E6ACFED58}"
EndProject
Project("{FAE04EC0-301F-11D3-BF4B-00C04F79EFBC}") = "超市收银系统", "超市收银系统\超市收银系统.csproj", "{B78A5FAF-790C-4A9D-A856-ED87E06A0BF4}"
EndProject
Project("{FAE04EC0-301F-11D3-BF4B-00C04F79EFBC}") = "超市收银系统02", "超市收银系统02\超市收银系统02.csproj", "{9564DA7C-0757-4A07-85DD-2456BEC610C7}"
EndProject
Project("{FAE04EC0-301F-11D3-BF4B-00C04F79EFBC}") = "MD5加密", "MD5加密\MD5加密.csproj", "{3D95E2F2-F6C7-40C0-B6C7-54358F0AFDEF}"
EndProject
Project("{FAE04EC0-301F-11D3-BF4B-00C04F79EFBC}") = "Directory 文件夹类", "Directory 文件夹类\Directory 文件夹类.csproj", "{85195C9F-7772-4EC0-8804-36C602E158A2}"
EndProject
Project("{FAE04EC0-301F-11D3-BF4B-00C04F79EFBC}") = "Test5", "Test5\Test5.csproj", "{C0B5B536-D8BA-458A-B05A-DFC58CC8655D}"
EndProject
Project("{FAE04EC0-301F-11D3-BF4B-00C04F79EFBC}") = "Test 06", "Test 06\Test 06.csproj", "{EB919097-421F-4673-B9E5-202CBAD8CA7B}"
EndProject
Project("{FAE04EC0-301F-11D3-BF4B-00C04F79EFBC}") = "Test 07", "Test 07\Test 07.csproj", "{047896A8-7086-4202-9900-C70CF3A43087}"
EndProject
Project("{FAE04EC0-301F-11D3-BF4B-00C04F79EFBC}") = "练习题 1-5", "练习题 1-5\练习题 1-5.csproj", "{12CCD96D-8CB4-49BA-B331-358F88235FB6}"
EndProject
Project("{FAE04EC0-301F-11D3-BF4B-00C04F79EFBC}") = "练习题 6-10", "练习题 6-10\练习题 6-10.csproj", "{4D866C83-2023-486E-A213-C9538A5EA0C8}"
EndProject
Project("{FAE04EC0-301F-11D3-BF4B-00C04F79EFBC}") = "练习题 11-15", "练习题 11-15\练习题 11-15.csproj", "{BD1E93FE-6CDC-4C72-8722-5D37DC98DB94}"
EndProject
Project("{FAE04EC0-301F-11D3-BF4B-00C04F79EFBC}") = "练习题 16-20", "练习题 16-20\练习题 16-20.csproj", "{AA7C1CF5-BA65-442B-894E-672DACC21345}"
EndProject
Project("{FAE04EC0-301F-11D3-BF4B-00C04F79EFBC}") = "练习题 21-25", "练习题 21-25\练习题 21-25.csproj", "{89018161-BF39-4BF8-894E-086C266308A8}"
EndProject
Project("{FAE04EC0-301F-11D3-BF4B-00C04F79EFBC}") = "练习题 26", "练习题 26\练习题 26.csproj", "{F852CC02-197B-4123-BF4F-F3ABD88DB916}"
EndProject
Project("{FAE04EC0-301F-11D3-BF4B-00C04F79EFBC}") = "服务端", "服务端\服务端.csproj", "{ED3748C7-EEF8-4F7F-AAD3-13D224604C1B}"
EndProject
Project("{FAE04EC0-301F-11D3-BF4B-00C04F79EFBC}") = "客户端", "客户端\客户端.csproj", "{662E5637-39D1-4513-A110-0A7AB659DB55}"
EndProject
Project("{FAE04EC0-301F-11D3-BF4B-00C04F79EFBC}") = "test08", "test08\test08.csproj", "{68654015-D743-4B04-B122-019CAAF1F0AD}"
EndProject
Project("{FAE04EC0-301F-11D3-BF4B-00C04F79EFBC}") = "工厂设计模式打开指定文件", "工厂设计模式打开指定文件\工厂设计模式打开指定文件.csproj", "{A752A3BC-AFF5-403D-9D4E-3893CF6BE09C}"
EndProject
Global
	GlobalSection(SolutionConfigurationPlatforms) = preSolution
		Debug|Any CPU = Debug|Any CPU
		Release|Any CPU = Release|Any CPU
	EndGlobalSection
	GlobalSection(ProjectConfigurationPlatforms) = postSolution
		{5F61C5CB-47ED-42AE-9902-E5AF1585BFF9}.Debug|Any CPU.ActiveCfg = Debug|Any CPU
		{5F61C5CB-47ED-42AE-9902-E5AF1585BFF9}.Debug|Any CPU.Build.0 = Debug|Any CPU
		{5F61C5CB-47ED-42AE-9902-E5AF1585BFF9}.Release|Any CPU.ActiveCfg = Release|Any CPU
		{5F61C5CB-47ED-42AE-9902-E5AF1585BFF9}.Release|Any CPU.Build.0 = Release|Any CPU
		{CA49C8B1-9829-4F40-A45D-94755B678201}.Debug|Any CPU.ActiveCfg = Debug|Any CPU
		{CA49C8B1-9829-4F40-A45D-94755B678201}.Debug|Any CPU.Build.0 = Debug|Any CPU
		{CA49C8B1-9829-4F40-A45D-94755B678201}.Release|Any CPU.ActiveCfg = Release|Any CPU
		{CA49C8B1-9829-4F40-A45D-94755B678201}.Release|Any CPU.Build.0 = Release|Any CPU
		{44B10D65-C56D-41A4-BCE0-A10DFE9DAB06}.Debug|Any CPU.ActiveCfg = Debug|Any CPU
		{44B10D65-C56D-41A4-BCE0-A10DFE9DAB06}.Debug|Any CPU.Build.0 = Debug|Any CPU
		{44B10D65-C56D-41A4-BCE0-A10DFE9DAB06}.Release|Any CPU.ActiveCfg = Release|Any CPU
		{44B10D65-C56D-41A4-BCE0-A10DFE9DAB06}.Release|Any CPU.Build.0 = Release|Any CPU
		{BE772F1A-647C-4CFD-BF6F-7F973A7026D2}.Debug|Any CPU.ActiveCfg = Debug|Any CPU
		{BE772F1A-647C-4CFD-BF6F-7F973A7026D2}.Debug|Any CPU.Build.0 = Debug|Any CPU
		{BE772F1A-647C-4CFD-BF6F-7F973A7026D2}.Release|Any CPU.ActiveCfg = Release|Any CPU
		{BE772F1A-647C-4CFD-BF6F-7F973A7026D2}.Release|Any CPU.Build.0 = Release|Any CPU
		{7A7E84B6-F842-4C4F-A8F9-312486754A9A}.Debug|Any CPU.ActiveCfg = Debug|Any CPU
		{7A7E84B6-F842-4C4F-A8F9-312486754A9A}.Debug|Any CPU.Build.0 = Debug|Any CPU
		{7A7E84B6-F842-4C4F-A8F9-312486754A9A}.Release|Any CPU.ActiveCfg = Release|Any CPU
		{7A7E84B6-F842-4C4F-A8F9-312486754A9A}.Release|Any CPU.Build.0 = Release|Any CPU
		{962707F0-1B7F-49DB-BC84-079223C4E4E2}.Debug|Any CPU.ActiveCfg = Debug|Any CPU
		{962707F0-1B7F-49DB-BC84-079223C4E4E2}.Debug|Any CPU.Build.0 = Debug|Any CPU
		{962707F0-1B7F-49DB-BC84-079223C4E4E2}.Release|Any CPU.ActiveCfg = Release|Any CPU
		{962707F0-1B7F-49DB-BC84-079223C4E4E2}.Release|Any CPU.Build.0 = Release|Any CPU
		{F14392B0-D21F-40D9-8011-6271B2547629}.Debug|Any CPU.ActiveCfg = Debug|Any CPU
		{F14392B0-D21F-40D9-8011-6271B2547629}.Debug|Any CPU.Build.0 = Debug|Any CPU
		{F14392B0-D21F-40D9-8011-6271B2547629}.Release|Any CPU.ActiveCfg = Release|Any CPU
		{F14392B0-D21F-40D9-8011-6271B2547629}.Release|Any CPU.Build.0 = Release|Any CPU
		{4F917F05-4096-4A45-8722-A2E6F5628228}.Debug|Any CPU.ActiveCfg = Debug|Any CPU
		{4F917F05-4096-4A45-8722-A2E6F5628228}.Debug|Any CPU.Build.0 = Debug|Any CPU
		{4F917F05-4096-4A45-8722-A2E6F5628228}.Release|Any CPU.ActiveCfg = Release|Any CPU
		{4F917F05-4096-4A45-8722-A2E6F5628228}.Release|Any CPU.Build.0 = Release|Any CPU
		{2B64FCC3-826C-4CBA-92CC-155801B14FCB}.Debug|Any CPU.ActiveCfg = Debug|Any CPU
		{2B64FCC3-826C-4CBA-92CC-155801B14FCB}.Debug|Any CPU.Build.0 = Debug|Any CPU
		{2B64FCC3-826C-4CBA-92CC-155801B14FCB}.Release|Any CPU.ActiveCfg = Release|Any CPU
		{2B64FCC3-826C-4CBA-92CC-155801B14FCB}.Release|Any CPU.Build.0 = Release|Any CPU
		{C5737472-7DCB-49EC-AB1A-58938F3F839E}.Debug|Any CPU.ActiveCfg = Debug|Any CPU
		{C5737472-7DCB-49EC-AB1A-58938F3F839E}.Debug|Any CPU.Build.0 = Debug|Any CPU
		{C5737472-7DCB-49EC-AB1A-58938F3F839E}.Release|Any CPU.ActiveCfg = Release|Any CPU
		{C5737472-7DCB-49EC-AB1A-58938F3F839E}.Release|Any CPU.Build.0 = Release|Any CPU
		{591015BD-6887-47E1-AB27-5958EA04BE38}.Debug|Any CPU.ActiveCfg = Debug|Any CPU
		{591015BD-6887-47E1-AB27-5958EA04BE38}.Debug|Any CPU.Build.0 = Debug|Any CPU
		{591015BD-6887-47E1-AB27-5958EA04BE38}.Release|Any CPU.ActiveCfg = Release|Any CPU
		{591015BD-6887-47E1-AB27-5958EA04BE38}.Release|Any CPU.Build.0 = Release|Any CPU
		{11C0F554-5EE2-4F2A-9156-2AABA69B4C80}.Debug|Any CPU.ActiveCfg = Debug|Any CPU
		{11C0F554-5EE2-4F2A-9156-2AABA69B4C80}.Debug|Any CPU.Build.0 = Debug|Any CPU
		{11C0F554-5EE2-4F2A-9156-2AABA69B4C80}.Release|Any CPU.ActiveCfg = Release|Any CPU
		{11C0F554-5EE2-4F2A-9156-2AABA69B4C80}.Release|Any CPU.Build.0 = Release|Any CPU
		{50A3D9EF-296E-4F8E-BD24-8B7E0434FC4D}.Debug|Any CPU.ActiveCfg = Debug|Any CPU
		{50A3D9EF-296E-4F8E-BD24-8B7E0434FC4D}.Debug|Any CPU.Build.0 = Debug|Any CPU
		{50A3D9EF-296E-4F8E-BD24-8B7E0434FC4D}.Release|Any CPU.ActiveCfg = Release|Any CPU
		{50A3D9EF-296E-4F8E-BD24-8B7E0434FC4D}.Release|Any CPU.Build.0 = Release|Any CPU
		{EED24579-F6CE-4A4E-BB27-A7C38D649F9F}.Debug|Any CPU.ActiveCfg = Debug|Any CPU
		{EED24579-F6CE-4A4E-BB27-A7C38D649F9F}.Debug|Any CPU.Build.0 = Debug|Any CPU
		{EED24579-F6CE-4A4E-BB27-A7C38D649F9F}.Release|Any CPU.ActiveCfg = Release|Any CPU
		{EED24579-F6CE-4A4E-BB27-A7C38D649F9F}.Release|Any CPU.Build.0 = Release|Any CPU
		{915D2F6C-0910-4A3A-B07E-AC715592E2E8}.Debug|Any CPU.ActiveCfg = Debug|Any CPU
		{915D2F6C-0910-4A3A-B07E-AC715592E2E8}.Debug|Any CPU.Build.0 = Debug|Any CPU
		{915D2F6C-0910-4A3A-B07E-AC715592E2E8}.Release|Any CPU.ActiveCfg = Release|Any CPU
		{915D2F6C-0910-4A3A-B07E-AC715592E2E8}.Release|Any CPU.Build.0 = Release|Any CPU
		{615C7176-50F5-41D4-88A0-B738F0D54F25}.Debug|Any CPU.ActiveCfg = Debug|Any CPU
		{615C7176-50F5-41D4-88A0-B738F0D54F25}.Debug|Any CPU.Build.0 = Debug|Any CPU
		{615C7176-50F5-41D4-88A0-B738F0D54F25}.Release|Any CPU.ActiveCfg = Release|Any CPU
		{615C7176-50F5-41D4-88A0-B738F0D54F25}.Release|Any CPU.Build.0 = Release|Any CPU
		{B5FAE1FD-ABB5-44F1-B43C-EA0E29942ED8}.Debug|Any CPU.ActiveCfg = Debug|Any CPU
		{B5FAE1FD-ABB5-44F1-B43C-EA0E29942ED8}.Debug|Any CPU.Build.0 = Debug|Any CPU
		{B5FAE1FD-ABB5-44F1-B43C-EA0E29942ED8}.Release|Any CPU.ActiveCfg = Release|Any CPU
		{B5FAE1FD-ABB5-44F1-B43C-EA0E29942ED8}.Release|Any CPU.Build.0 = Release|Any CPU
		{39D7FC45-D7BA-4491-B3D5-D76F1A570A3B}.Debug|Any CPU.ActiveCfg = Debug|Any CPU
		{39D7FC45-D7BA-4491-B3D5-D76F1A570A3B}.Debug|Any CPU.Build.0 = Debug|Any CPU
		{39D7FC45-D7BA-4491-B3D5-D76F1A570A3B}.Release|Any CPU.ActiveCfg = Release|Any CPU
		{39D7FC45-D7BA-4491-B3D5-D76F1A570A3B}.Release|Any CPU.Build.0 = Release|Any CPU
		{B5F67B7D-50E3-4ED1-A0F4-7FDAEA78655F}.Debug|Any CPU.ActiveCfg = Debug|Any CPU
		{B5F67B7D-50E3-4ED1-A0F4-7FDAEA78655F}.Debug|Any CPU.Build.0 = Debug|Any CPU
		{B5F67B7D-50E3-4ED1-A0F4-7FDAEA78655F}.Release|Any CPU.ActiveCfg = Release|Any CPU
		{B5F67B7D-50E3-4ED1-A0F4-7FDAEA78655F}.Release|Any CPU.Build.0 = Release|Any CPU
		{B9FE41FA-3790-4FE0-AC8C-0583F27A9B3B}.Debug|Any CPU.ActiveCfg = Debug|Any CPU
		{B9FE41FA-3790-4FE0-AC8C-0583F27A9B3B}.Debug|Any CPU.Build.0 = Debug|Any CPU
		{B9FE41FA-3790-4FE0-AC8C-0583F27A9B3B}.Release|Any CPU.ActiveCfg = Release|Any CPU
		{B9FE41FA-3790-4FE0-AC8C-0583F27A9B3B}.Release|Any CPU.Build.0 = Release|Any CPU
		{7C3B9F39-5557-463D-AA50-763E6ACFED58}.Debug|Any CPU.ActiveCfg = Debug|Any CPU
		{7C3B9F39-5557-463D-AA50-763E6ACFED58}.Debug|Any CPU.Build.0 = Debug|Any CPU
		{7C3B9F39-5557-463D-AA50-763E6ACFED58}.Release|Any CPU.ActiveCfg = Release|Any CPU
		{7C3B9F39-5557-463D-AA50-763E6ACFED58}.Release|Any CPU.Build.0 = Release|Any CPU
		{B78A5FAF-790C-4A9D-A856-ED87E06A0BF4}.Debug|Any CPU.ActiveCfg = Debug|Any CPU
		{B78A5FAF-790C-4A9D-A856-ED87E06A0BF4}.Debug|Any CPU.Build.0 = Debug|Any CPU
		{B78A5FAF-790C-4A9D-A856-ED87E06A0BF4}.Release|Any CPU.ActiveCfg = Release|Any CPU
		{B78A5FAF-790C-4A9D-A856-ED87E06A0BF4}.Release|Any CPU.Build.0 = Release|Any CPU
		{9564DA7C-0757-4A07-85DD-2456BEC610C7}.Debug|Any CPU.ActiveCfg = Debug|Any CPU
		{9564DA7C-0757-4A07-85DD-2456BEC610C7}.Debug|Any CPU.Build.0 = Debug|Any CPU
		{9564DA7C-0757-4A07-85DD-2456BEC610C7}.Release|Any CPU.ActiveCfg = Release|Any CPU
		{9564DA7C-0757-4A07-85DD-2456BEC610C7}.Release|Any CPU.Build.0 = Release|Any CPU
		{3D95E2F2-F6C7-40C0-B6C7-54358F0AFDEF}.Debug|Any CPU.ActiveCfg = Debug|Any CPU
		{3D95E2F2-F6C7-40C0-B6C7-54358F0AFDEF}.Debug|Any CPU.Build.0 = Debug|Any CPU
		{3D95E2F2-F6C7-40C0-B6C7-54358F0AFDEF}.Release|Any CPU.ActiveCfg = Release|Any CPU
		{3D95E2F2-F6C7-40C0-B6C7-54358F0AFDEF}.Release|Any CPU.Build.0 = Release|Any CPU
		{85195C9F-7772-4EC0-8804-36C602E158A2}.Debug|Any CPU.ActiveCfg = Debug|Any CPU
		{85195C9F-7772-4EC0-8804-36C602E158A2}.Debug|Any CPU.Build.0 = Debug|Any CPU
		{85195C9F-7772-4EC0-8804-36C602E158A2}.Release|Any CPU.ActiveCfg = Release|Any CPU
		{85195C9F-7772-4EC0-8804-36C602E158A2}.Release|Any CPU.Build.0 = Release|Any CPU
		{C0B5B536-D8BA-458A-B05A-DFC58CC8655D}.Debug|Any CPU.ActiveCfg = Debug|Any CPU
		{C0B5B536-D8BA-458A-B05A-DFC58CC8655D}.Debug|Any CPU.Build.0 = Debug|Any CPU
		{C0B5B536-D8BA-458A-B05A-DFC58CC8655D}.Release|Any CPU.ActiveCfg = Release|Any CPU
		{C0B5B536-D8BA-458A-B05A-DFC58CC8655D}.Release|Any CPU.Build.0 = Release|Any CPU
		{EB919097-421F-4673-B9E5-202CBAD8CA7B}.Debug|Any CPU.ActiveCfg = Debug|Any CPU
		{EB919097-421F-4673-B9E5-202CBAD8CA7B}.Debug|Any CPU.Build.0 = Debug|Any CPU
		{EB919097-421F-4673-B9E5-202CBAD8CA7B}.Release|Any CPU.ActiveCfg = Release|Any CPU
		{EB919097-421F-4673-B9E5-202CBAD8CA7B}.Release|Any CPU.Build.0 = Release|Any CPU
		{047896A8-7086-4202-9900-C70CF3A43087}.Debug|Any CPU.ActiveCfg = Debug|Any CPU
		{047896A8-7086-4202-9900-C70CF3A43087}.Debug|Any CPU.Build.0 = Debug|Any CPU
		{047896A8-7086-4202-9900-C70CF3A43087}.Release|Any CPU.ActiveCfg = Release|Any CPU
		{047896A8-7086-4202-9900-C70CF3A43087}.Release|Any CPU.Build.0 = Release|Any CPU
		{12CCD96D-8CB4-49BA-B331-358F88235FB6}.Debug|Any CPU.ActiveCfg = Debug|Any CPU
		{12CCD96D-8CB4-49BA-B331-358F88235FB6}.Debug|Any CPU.Build.0 = Debug|Any CPU
		{12CCD96D-8CB4-49BA-B331-358F88235FB6}.Release|Any CPU.ActiveCfg = Release|Any CPU
		{12CCD96D-8CB4-49BA-B331-358F88235FB6}.Release|Any CPU.Build.0 = Release|Any CPU
		{4D866C83-2023-486E-A213-C9538A5EA0C8}.Debug|Any CPU.ActiveCfg = Debug|Any CPU
		{4D866C83-2023-486E-A213-C9538A5EA0C8}.Debug|Any CPU.Build.0 = Debug|Any CPU
		{4D866C83-2023-486E-A213-C9538A5EA0C8}.Release|Any CPU.ActiveCfg = Release|Any CPU
		{4D866C83-2023-486E-A213-C9538A5EA0C8}.Release|Any CPU.Build.0 = Release|Any CPU
		{BD1E93FE-6CDC-4C72-8722-5D37DC98DB94}.Debug|Any CPU.ActiveCfg = Debug|Any CPU
		{BD1E93FE-6CDC-4C72-8722-5D37DC98DB94}.Debug|Any CPU.Build.0 = Debug|Any CPU
		{BD1E93FE-6CDC-4C72-8722-5D37DC98DB94}.Release|Any CPU.ActiveCfg = Release|Any CPU
		{BD1E93FE-6CDC-4C72-8722-5D37DC98DB94}.Release|Any CPU.Build.0 = Release|Any CPU
		{AA7C1CF5-BA65-442B-894E-672DACC21345}.Debug|Any CPU.ActiveCfg = Debug|Any CPU
		{AA7C1CF5-BA65-442B-894E-672DACC21345}.Debug|Any CPU.Build.0 = Debug|Any CPU
		{AA7C1CF5-BA65-442B-894E-672DACC21345}.Release|Any CPU.ActiveCfg = Release|Any CPU
		{AA7C1CF5-BA65-442B-894E-672DACC21345}.Release|Any CPU.Build.0 = Release|Any CPU
		{89018161-BF39-4BF8-894E-086C266308A8}.Debug|Any CPU.ActiveCfg = Debug|Any CPU
		{89018161-BF39-4BF8-894E-086C266308A8}.Debug|Any CPU.Build.0 = Debug|Any CPU
		{89018161-BF39-4BF8-894E-086C266308A8}.Release|Any CPU.ActiveCfg = Release|Any CPU
		{89018161-BF39-4BF8-894E-086C266308A8}.Release|Any CPU.Build.0 = Release|Any CPU
		{F852CC02-197B-4123-BF4F-F3ABD88DB916}.Debug|Any CPU.ActiveCfg = Debug|Any CPU
		{F852CC02-197B-4123-BF4F-F3ABD88DB916}.Debug|Any CPU.Build.0 = Debug|Any CPU
		{F852CC02-197B-4123-BF4F-F3ABD88DB916}.Release|Any CPU.ActiveCfg = Release|Any CPU
		{F852CC02-197B-4123-BF4F-F3ABD88DB916}.Release|Any CPU.Build.0 = Release|Any CPU
		{ED3748C7-EEF8-4F7F-AAD3-13D224604C1B}.Debug|Any CPU.ActiveCfg = Debug|Any CPU
		{ED3748C7-EEF8-4F7F-AAD3-13D224604C1B}.Debug|Any CPU.Build.0 = Debug|Any CPU
		{ED3748C7-EEF8-4F7F-AAD3-13D224604C1B}.Release|Any CPU.ActiveCfg = Release|Any CPU
		{ED3748C7-EEF8-4F7F-AAD3-13D224604C1B}.Release|Any CPU.Build.0 = Release|Any CPU
		{662E5637-39D1-4513-A110-0A7AB659DB55}.Debug|Any CPU.ActiveCfg = Debug|Any CPU
		{662E5637-39D1-4513-A110-0A7AB659DB55}.Debug|Any CPU.Build.0 = Debug|Any CPU
		{662E5637-39D1-4513-A110-0A7AB659DB55}.Release|Any CPU.ActiveCfg = Release|Any CPU
		{662E5637-39D1-4513-A110-0A7AB659DB55}.Release|Any CPU.Build.0 = Release|Any CPU
		{68654015-D743-4B04-B122-019CAAF1F0AD}.Debug|Any CPU.ActiveCfg = Debug|Any CPU
		{68654015-D743-4B04-B122-019CAAF1F0AD}.Debug|Any CPU.Build.0 = Debug|Any CPU
		{68654015-D743-4B04-B122-019CAAF1F0AD}.Release|Any CPU.ActiveCfg = Release|Any CPU
		{68654015-D743-4B04-B122-019CAAF1F0AD}.Release|Any CPU.Build.0 = Release|Any CPU
		{A752A3BC-AFF5-403D-9D4E-3893CF6BE09C}.Debug|Any CPU.ActiveCfg = Debug|Any CPU
		{A752A3BC-AFF5-403D-9D4E-3893CF6BE09C}.Debug|Any CPU.Build.0 = Debug|Any CPU
		{A752A3BC-AFF5-403D-9D4E-3893CF6BE09C}.Release|Any CPU.ActiveCfg = Release|Any CPU
		{A752A3BC-AFF5-403D-9D4E-3893CF6BE09C}.Release|Any CPU.Build.0 = Release|Any CPU
	EndGlobalSection
	GlobalSection(SolutionProperties) = preSolution
		HideSolutionNode = FALSE
	EndGlobalSection
EndGlobal
