
Microsoft Visual Studio Solution File, Format Version 12.00
# Visual Studio 2013
VisualStudioVersion = 12.0.30501.0
MinimumVisualStudioVersion = 10.0.40219.1
Project("{FAE04EC0-301F-11D3-BF4B-00C04F79EFBC}") = "工厂模式设计计算器", "工厂模式设计计算器\工厂模式设计计算器.csproj", "{BBEBE3A9-B3F0-430A-BB5A-B829F7C76557}"
EndProject
Project("{FAE04EC0-301F-11D3-BF4B-00C04F79EFBC}") = "单例模式-只能创建一次对象", "单例模式-只能创建一次对象\单例模式-只能创建一次对象.csproj", "{302DA391-C376-4F90-9BBE-4E7ED0388F45}"
EndProject
Project("{FAE04EC0-301F-11D3-BF4B-00C04F79EFBC}") = "静态与非静态", "静态与非静态\静态与非静态.csproj", "{F96AC03C-27AC-4BC2-A94F-638F7B7514BC}"
EndProject
Project("{FAE04EC0-301F-11D3-BF4B-00C04F79EFBC}") = "访问修饰符", "访问修饰符\访问修饰符.csproj", "{91AA6D9F-B12D-4D85-91C0-B1A2B3A96763}"
EndProject
Project("{FAE04EC0-301F-11D3-BF4B-00C04F79EFBC}") = "test", "test\test.csproj", "{F7896A3E-91EA-4C86-9A35-41952D80390A}"
EndProject
Project("{FAE04EC0-301F-11D3-BF4B-00C04F79EFBC}") = "接口", "接口\接口.csproj", "{10E5213B-E928-4406-BA82-A23FD5BAB94E}"
EndProject
Project("{FAE04EC0-301F-11D3-BF4B-00C04F79EFBC}") = "索引器", "索引器\索引器.csproj", "{05332BF0-1183-4661-BA30-2CB5255C545D}"
EndProject
Project("{FAE04EC0-301F-11D3-BF4B-00C04F79EFBC}") = "1月31日-作业01", "1月31日-作业01\1月31日-作业01.csproj", "{D670924E-56F6-49F5-A4E5-1FABC2688CFC}"
EndProject
Project("{FAE04EC0-301F-11D3-BF4B-00C04F79EFBC}") = "1月31日-作业02", "1月31日-作业02\1月31日-作业02.csproj", "{DB0982C8-907E-44ED-BA93-CA30EDAD9326}"
EndProject
Project("{FAE04EC0-301F-11D3-BF4B-00C04F79EFBC}") = "1月31日-作业03", "1月31日-作业03\1月31日-作业03.csproj", "{D6709094-FE9E-477E-8E55-4D6E8738AE93}"
EndProject
Project("{FAE04EC0-301F-11D3-BF4B-00C04F79EFBC}") = "1月31日-作业04", "1月31日-作业04\1月31日-作业04.csproj", "{F1F5F01E-38C2-4D2E-86BF-9382B8BA1D39}"
EndProject
Project("{FAE04EC0-301F-11D3-BF4B-00C04F79EFBC}") = "1月31日-作业05", "1月31日-作业05\1月31日-作业05.csproj", "{1C6C00D5-C617-4FA3-BAAA-1FA90C0C3FD9}"
EndProject
Project("{FAE04EC0-301F-11D3-BF4B-00C04F79EFBC}") = "1月31日-作业06", "1月31日-作业06\1月31日-作业06.csproj", "{4D67AF18-62EC-4F57-85AB-BBA766DD7D57}"
EndProject
Project("{FAE04EC0-301F-11D3-BF4B-00C04F79EFBC}") = "1月31日-作业07", "1月31日-作业07\1月31日-作业07.csproj", "{6D0E8381-E6BF-40D5-B1C0-F07BF09847FA}"
EndProject
Project("{FAE04EC0-301F-11D3-BF4B-00C04F79EFBC}") = "字符串常量 暂存池", "字符串常量 暂存池\字符串常量 暂存池.csproj", "{3D2DD41A-83F8-41F9-8473-27A9C19BA752}"
EndProject
Project("{FAE04EC0-301F-11D3-BF4B-00C04F79EFBC}") = "字符串string", "字符串string\字符串string.csproj", "{D7C034FC-DDA3-4D3F-A9AC-68C6C84D190F}"
EndProject
Project("{FAE04EC0-301F-11D3-BF4B-00C04F79EFBC}") = "字符串练习1", "字符串练习1\字符串练习1.csproj", "{15467490-DE25-439F-B516-34318CBCD63D}"
EndProject
Project("{FAE04EC0-301F-11D3-BF4B-00C04F79EFBC}") = "字符串练习2", "字符串练习2\字符串练习2.csproj", "{73532F71-ABAA-442C-89A8-3423183E4DE9}"
EndProject
Project("{FAE04EC0-301F-11D3-BF4B-00C04F79EFBC}") = "WindowsFormsApplication1", "WindowsFormsApplication1\WindowsFormsApplication1.csproj", "{04112C37-4A25-441E-8021-C5D982A1EBD7}"
EndProject
Project("{FAE04EC0-301F-11D3-BF4B-00C04F79EFBC}") = "StringBuilder的使用", "StringBuilder的使用\StringBuilder的使用.csproj", "{1391A6F6-4AC8-4177-9FC7-258519E9E181}"
EndProject
Project("{FAE04EC0-301F-11D3-BF4B-00C04F79EFBC}") = "复习题", "复习题\复习题.csproj", "{E8157FC9-B59F-4C5F-8FA7-3359E198D871}"
EndProject
Project("{FAE04EC0-301F-11D3-BF4B-00C04F79EFBC}") = "泛型集合练习", "泛型集合练习\泛型集合练习.csproj", "{CBA0E53B-FE4A-4E29-9A6E-7EAD2FBAE128}"
EndProject
Project("{FAE04EC0-301F-11D3-BF4B-00C04F79EFBC}") = "键值对集合", "键值对集合\键值对集合.csproj", "{1B1FEB53-016A-4AA6-8063-C553DF5C877E}"
EndProject
Project("{FAE04EC0-301F-11D3-BF4B-00C04F79EFBC}") = "文件的读写 FileStream", "文件的读写 FileStream\文件的读写 FileStream.csproj", "{E27193D8-2C06-4891-8094-46191DB7B6BF}"
EndProject
Project("{FAE04EC0-301F-11D3-BF4B-00C04F79EFBC}") = "StreamReaderWriter复习", "StreamReaderWriter复习\StreamReaderWriter复习.csproj", "{78EAAB01-20B8-4272-9B99-6ECA81254171}"
EndProject
Project("{FAE04EC0-301F-11D3-BF4B-00C04F79EFBC}") = "path类复习", "path类复习\path类复习.csproj", "{631B0518-0563-4F9C-B401-AF4FACA1ED15}"
EndProject
Global
	GlobalSection(SolutionConfigurationPlatforms) = preSolution
		Debug|Any CPU = Debug|Any CPU
		Release|Any CPU = Release|Any CPU
	EndGlobalSection
	GlobalSection(ProjectConfigurationPlatforms) = postSolution
		{BBEBE3A9-B3F0-430A-BB5A-B829F7C76557}.Debug|Any CPU.ActiveCfg = Debug|Any CPU
		{BBEBE3A9-B3F0-430A-BB5A-B829F7C76557}.Debug|Any CPU.Build.0 = Debug|Any CPU
		{BBEBE3A9-B3F0-430A-BB5A-B829F7C76557}.Release|Any CPU.ActiveCfg = Release|Any CPU
		{BBEBE3A9-B3F0-430A-BB5A-B829F7C76557}.Release|Any CPU.Build.0 = Release|Any CPU
		{302DA391-C376-4F90-9BBE-4E7ED0388F45}.Debug|Any CPU.ActiveCfg = Debug|Any CPU
		{302DA391-C376-4F90-9BBE-4E7ED0388F45}.Debug|Any CPU.Build.0 = Debug|Any CPU
		{302DA391-C376-4F90-9BBE-4E7ED0388F45}.Release|Any CPU.ActiveCfg = Release|Any CPU
		{302DA391-C376-4F90-9BBE-4E7ED0388F45}.Release|Any CPU.Build.0 = Release|Any CPU
		{F96AC03C-27AC-4BC2-A94F-638F7B7514BC}.Debug|Any CPU.ActiveCfg = Debug|Any CPU
		{F96AC03C-27AC-4BC2-A94F-638F7B7514BC}.Debug|Any CPU.Build.0 = Debug|Any CPU
		{F96AC03C-27AC-4BC2-A94F-638F7B7514BC}.Release|Any CPU.ActiveCfg = Release|Any CPU
		{F96AC03C-27AC-4BC2-A94F-638F7B7514BC}.Release|Any CPU.Build.0 = Release|Any CPU
		{91AA6D9F-B12D-4D85-91C0-B1A2B3A96763}.Debug|Any CPU.ActiveCfg = Debug|Any CPU
		{91AA6D9F-B12D-4D85-91C0-B1A2B3A96763}.Debug|Any CPU.Build.0 = Debug|Any CPU
		{91AA6D9F-B12D-4D85-91C0-B1A2B3A96763}.Release|Any CPU.ActiveCfg = Release|Any CPU
		{91AA6D9F-B12D-4D85-91C0-B1A2B3A96763}.Release|Any CPU.Build.0 = Release|Any CPU
		{F7896A3E-91EA-4C86-9A35-41952D80390A}.Debug|Any CPU.ActiveCfg = Debug|Any CPU
		{F7896A3E-91EA-4C86-9A35-41952D80390A}.Debug|Any CPU.Build.0 = Debug|Any CPU
		{F7896A3E-91EA-4C86-9A35-41952D80390A}.Release|Any CPU.ActiveCfg = Release|Any CPU
		{F7896A3E-91EA-4C86-9A35-41952D80390A}.Release|Any CPU.Build.0 = Release|Any CPU
		{10E5213B-E928-4406-BA82-A23FD5BAB94E}.Debug|Any CPU.ActiveCfg = Debug|Any CPU
		{10E5213B-E928-4406-BA82-A23FD5BAB94E}.Debug|Any CPU.Build.0 = Debug|Any CPU
		{10E5213B-E928-4406-BA82-A23FD5BAB94E}.Release|Any CPU.ActiveCfg = Release|Any CPU
		{10E5213B-E928-4406-BA82-A23FD5BAB94E}.Release|Any CPU.Build.0 = Release|Any CPU
		{05332BF0-1183-4661-BA30-2CB5255C545D}.Debug|Any CPU.ActiveCfg = Debug|Any CPU
		{05332BF0-1183-4661-BA30-2CB5255C545D}.Debug|Any CPU.Build.0 = Debug|Any CPU
		{05332BF0-1183-4661-BA30-2CB5255C545D}.Release|Any CPU.ActiveCfg = Release|Any CPU
		{05332BF0-1183-4661-BA30-2CB5255C545D}.Release|Any CPU.Build.0 = Release|Any CPU
		{D670924E-56F6-49F5-A4E5-1FABC2688CFC}.Debug|Any CPU.ActiveCfg = Debug|Any CPU
		{D670924E-56F6-49F5-A4E5-1FABC2688CFC}.Debug|Any CPU.Build.0 = Debug|Any CPU
		{D670924E-56F6-49F5-A4E5-1FABC2688CFC}.Release|Any CPU.ActiveCfg = Release|Any CPU
		{D670924E-56F6-49F5-A4E5-1FABC2688CFC}.Release|Any CPU.Build.0 = Release|Any CPU
		{DB0982C8-907E-44ED-BA93-CA30EDAD9326}.Debug|Any CPU.ActiveCfg = Debug|Any CPU
		{DB0982C8-907E-44ED-BA93-CA30EDAD9326}.Debug|Any CPU.Build.0 = Debug|Any CPU
		{DB0982C8-907E-44ED-BA93-CA30EDAD9326}.Release|Any CPU.ActiveCfg = Release|Any CPU
		{DB0982C8-907E-44ED-BA93-CA30EDAD9326}.Release|Any CPU.Build.0 = Release|Any CPU
		{D6709094-FE9E-477E-8E55-4D6E8738AE93}.Debug|Any CPU.ActiveCfg = Debug|Any CPU
		{D6709094-FE9E-477E-8E55-4D6E8738AE93}.Debug|Any CPU.Build.0 = Debug|Any CPU
		{D6709094-FE9E-477E-8E55-4D6E8738AE93}.Release|Any CPU.ActiveCfg = Release|Any CPU
		{D6709094-FE9E-477E-8E55-4D6E8738AE93}.Release|Any CPU.Build.0 = Release|Any CPU
		{F1F5F01E-38C2-4D2E-86BF-9382B8BA1D39}.Debug|Any CPU.ActiveCfg = Debug|Any CPU
		{F1F5F01E-38C2-4D2E-86BF-9382B8BA1D39}.Debug|Any CPU.Build.0 = Debug|Any CPU
		{F1F5F01E-38C2-4D2E-86BF-9382B8BA1D39}.Release|Any CPU.ActiveCfg = Release|Any CPU
		{F1F5F01E-38C2-4D2E-86BF-9382B8BA1D39}.Release|Any CPU.Build.0 = Release|Any CPU
		{1C6C00D5-C617-4FA3-BAAA-1FA90C0C3FD9}.Debug|Any CPU.ActiveCfg = Debug|Any CPU
		{1C6C00D5-C617-4FA3-BAAA-1FA90C0C3FD9}.Debug|Any CPU.Build.0 = Debug|Any CPU
		{1C6C00D5-C617-4FA3-BAAA-1FA90C0C3FD9}.Release|Any CPU.ActiveCfg = Release|Any CPU
		{1C6C00D5-C617-4FA3-BAAA-1FA90C0C3FD9}.Release|Any CPU.Build.0 = Release|Any CPU
		{4D67AF18-62EC-4F57-85AB-BBA766DD7D57}.Debug|Any CPU.ActiveCfg = Debug|Any CPU
		{4D67AF18-62EC-4F57-85AB-BBA766DD7D57}.Debug|Any CPU.Build.0 = Debug|Any CPU
		{4D67AF18-62EC-4F57-85AB-BBA766DD7D57}.Release|Any CPU.ActiveCfg = Release|Any CPU
		{4D67AF18-62EC-4F57-85AB-BBA766DD7D57}.Release|Any CPU.Build.0 = Release|Any CPU
		{6D0E8381-E6BF-40D5-B1C0-F07BF09847FA}.Debug|Any CPU.ActiveCfg = Debug|Any CPU
		{6D0E8381-E6BF-40D5-B1C0-F07BF09847FA}.Debug|Any CPU.Build.0 = Debug|Any CPU
		{6D0E8381-E6BF-40D5-B1C0-F07BF09847FA}.Release|Any CPU.ActiveCfg = Release|Any CPU
		{6D0E8381-E6BF-40D5-B1C0-F07BF09847FA}.Release|Any CPU.Build.0 = Release|Any CPU
		{3D2DD41A-83F8-41F9-8473-27A9C19BA752}.Debug|Any CPU.ActiveCfg = Debug|Any CPU
		{3D2DD41A-83F8-41F9-8473-27A9C19BA752}.Debug|Any CPU.Build.0 = Debug|Any CPU
		{3D2DD41A-83F8-41F9-8473-27A9C19BA752}.Release|Any CPU.ActiveCfg = Release|Any CPU
		{3D2DD41A-83F8-41F9-8473-27A9C19BA752}.Release|Any CPU.Build.0 = Release|Any CPU
		{D7C034FC-DDA3-4D3F-A9AC-68C6C84D190F}.Debug|Any CPU.ActiveCfg = Debug|Any CPU
		{D7C034FC-DDA3-4D3F-A9AC-68C6C84D190F}.Debug|Any CPU.Build.0 = Debug|Any CPU
		{D7C034FC-DDA3-4D3F-A9AC-68C6C84D190F}.Release|Any CPU.ActiveCfg = Release|Any CPU
		{D7C034FC-DDA3-4D3F-A9AC-68C6C84D190F}.Release|Any CPU.Build.0 = Release|Any CPU
		{15467490-DE25-439F-B516-34318CBCD63D}.Debug|Any CPU.ActiveCfg = Debug|Any CPU
		{15467490-DE25-439F-B516-34318CBCD63D}.Debug|Any CPU.Build.0 = Debug|Any CPU
		{15467490-DE25-439F-B516-34318CBCD63D}.Release|Any CPU.ActiveCfg = Release|Any CPU
		{15467490-DE25-439F-B516-34318CBCD63D}.Release|Any CPU.Build.0 = Release|Any CPU
		{73532F71-ABAA-442C-89A8-3423183E4DE9}.Debug|Any CPU.ActiveCfg = Debug|Any CPU
		{73532F71-ABAA-442C-89A8-3423183E4DE9}.Debug|Any CPU.Build.0 = Debug|Any CPU
		{73532F71-ABAA-442C-89A8-3423183E4DE9}.Release|Any CPU.ActiveCfg = Release|Any CPU
		{73532F71-ABAA-442C-89A8-3423183E4DE9}.Release|Any CPU.Build.0 = Release|Any CPU
		{04112C37-4A25-441E-8021-C5D982A1EBD7}.Debug|Any CPU.ActiveCfg = Debug|Any CPU
		{04112C37-4A25-441E-8021-C5D982A1EBD7}.Debug|Any CPU.Build.0 = Debug|Any CPU
		{04112C37-4A25-441E-8021-C5D982A1EBD7}.Release|Any CPU.ActiveCfg = Release|Any CPU
		{04112C37-4A25-441E-8021-C5D982A1EBD7}.Release|Any CPU.Build.0 = Release|Any CPU
		{1391A6F6-4AC8-4177-9FC7-258519E9E181}.Debug|Any CPU.ActiveCfg = Debug|Any CPU
		{1391A6F6-4AC8-4177-9FC7-258519E9E181}.Debug|Any CPU.Build.0 = Debug|Any CPU
		{1391A6F6-4AC8-4177-9FC7-258519E9E181}.Release|Any CPU.ActiveCfg = Release|Any CPU
		{1391A6F6-4AC8-4177-9FC7-258519E9E181}.Release|Any CPU.Build.0 = Release|Any CPU
		{E8157FC9-B59F-4C5F-8FA7-3359E198D871}.Debug|Any CPU.ActiveCfg = Debug|Any CPU
		{E8157FC9-B59F-4C5F-8FA7-3359E198D871}.Debug|Any CPU.Build.0 = Debug|Any CPU
		{E8157FC9-B59F-4C5F-8FA7-3359E198D871}.Release|Any CPU.ActiveCfg = Release|Any CPU
		{E8157FC9-B59F-4C5F-8FA7-3359E198D871}.Release|Any CPU.Build.0 = Release|Any CPU
		{CBA0E53B-FE4A-4E29-9A6E-7EAD2FBAE128}.Debug|Any CPU.ActiveCfg = Debug|Any CPU
		{CBA0E53B-FE4A-4E29-9A6E-7EAD2FBAE128}.Debug|Any CPU.Build.0 = Debug|Any CPU
		{CBA0E53B-FE4A-4E29-9A6E-7EAD2FBAE128}.Release|Any CPU.ActiveCfg = Release|Any CPU
		{CBA0E53B-FE4A-4E29-9A6E-7EAD2FBAE128}.Release|Any CPU.Build.0 = Release|Any CPU
		{1B1FEB53-016A-4AA6-8063-C553DF5C877E}.Debug|Any CPU.ActiveCfg = Debug|Any CPU
		{1B1FEB53-016A-4AA6-8063-C553DF5C877E}.Debug|Any CPU.Build.0 = Debug|Any CPU
		{1B1FEB53-016A-4AA6-8063-C553DF5C877E}.Release|Any CPU.ActiveCfg = Release|Any CPU
		{1B1FEB53-016A-4AA6-8063-C553DF5C877E}.Release|Any CPU.Build.0 = Release|Any CPU
		{E27193D8-2C06-4891-8094-46191DB7B6BF}.Debug|Any CPU.ActiveCfg = Debug|Any CPU
		{E27193D8-2C06-4891-8094-46191DB7B6BF}.Debug|Any CPU.Build.0 = Debug|Any CPU
		{E27193D8-2C06-4891-8094-46191DB7B6BF}.Release|Any CPU.ActiveCfg = Release|Any CPU
		{E27193D8-2C06-4891-8094-46191DB7B6BF}.Release|Any CPU.Build.0 = Release|Any CPU
		{78EAAB01-20B8-4272-9B99-6ECA81254171}.Debug|Any CPU.ActiveCfg = Debug|Any CPU
		{78EAAB01-20B8-4272-9B99-6ECA81254171}.Debug|Any CPU.Build.0 = Debug|Any CPU
		{78EAAB01-20B8-4272-9B99-6ECA81254171}.Release|Any CPU.ActiveCfg = Release|Any CPU
		{78EAAB01-20B8-4272-9B99-6ECA81254171}.Release|Any CPU.Build.0 = Release|Any CPU
		{631B0518-0563-4F9C-B401-AF4FACA1ED15}.Debug|Any CPU.ActiveCfg = Debug|Any CPU
		{631B0518-0563-4F9C-B401-AF4FACA1ED15}.Debug|Any CPU.Build.0 = Debug|Any CPU
		{631B0518-0563-4F9C-B401-AF4FACA1ED15}.Release|Any CPU.ActiveCfg = Release|Any CPU
		{631B0518-0563-4F9C-B401-AF4FACA1ED15}.Release|Any CPU.Build.0 = Release|Any CPU
	EndGlobalSection
	GlobalSection(SolutionProperties) = preSolution
		HideSolutionNode = FALSE
	EndGlobalSection
EndGlobal
