
Microsoft Visual Studio Solution File, Format Version 12.00
# Visual Studio Version 16
VisualStudioVersion = 16.0.29021.104
MinimumVisualStudioVersion = 10.0.40219.1
Project("{FAE04EC0-301F-11D3-BF4B-00C04F79EFBC}") = "NGPONG.BookShop.WebApplication", "NGPONG.BookShop.WebApplication\NGPONG.BookShop.WebApplication.csproj", "{671B1776-3F55-4848-9DAB-9A5F25D6D179}"
EndProject
Project("{FAE04EC0-301F-11D3-BF4B-00C04F79EFBC}") = "NGPONG.BookShop.Model", "NGPONG.BookShop.Model\NGPONG.BookShop.Model.csproj", "{1B64C2BC-B9DF-4FD6-8D2B-7240D470ACC0}"
EndProject
Project("{FAE04EC0-301F-11D3-BF4B-00C04F79EFBC}") = "NGPONG.BookShop.BLL", "NGPONG.BookShop.BLL\NGPONG.BookShop.BLL.csproj", "{4F69214B-9B6C-422A-A292-04D8D58E2B7F}"
EndProject
Project("{FAE04EC0-301F-11D3-BF4B-00C04F79EFBC}") = "NGPONG.BookShop.DAL", "NGPONG.BookShop.DAL\NGPONG.BookShop.DAL.csproj", "{A3CB481C-90C2-49E5-A2FF-4E6854A68BDD}"
EndProject
Project("{FAE04EC0-301F-11D3-BF4B-00C04F79EFBC}") = "NGPONG.BookShop.Common", "NGPONG.BookShop.Common\NGPONG.BookShop.Common.csproj", "{02FA7498-25ED-44D4-A71A-120EAB13B24C}"
EndProject
Project("{FAE04EC0-301F-11D3-BF4B-00C04F79EFBC}") = "NGPONG.BookShop.TEST", "NGPONG.BookShop.TEST\NGPONG.BookShop.TEST.csproj", "{04E08004-FA82-421B-9511-C81F03B0B758}"
EndProject
Global
	GlobalSection(SolutionConfigurationPlatforms) = preSolution
		Debug|Any CPU = Debug|Any CPU
		Release|Any CPU = Release|Any CPU
	EndGlobalSection
	GlobalSection(ProjectConfigurationPlatforms) = postSolution
		{671B1776-3F55-4848-9DAB-9A5F25D6D179}.Debug|Any CPU.ActiveCfg = Debug|Any CPU
		{671B1776-3F55-4848-9DAB-9A5F25D6D179}.Debug|Any CPU.Build.0 = Debug|Any CPU
		{671B1776-3F55-4848-9DAB-9A5F25D6D179}.Release|Any CPU.ActiveCfg = Release|Any CPU
		{671B1776-3F55-4848-9DAB-9A5F25D6D179}.Release|Any CPU.Build.0 = Release|Any CPU
		{1B64C2BC-B9DF-4FD6-8D2B-7240D470ACC0}.Debug|Any CPU.ActiveCfg = Debug|Any CPU
		{1B64C2BC-B9DF-4FD6-8D2B-7240D470ACC0}.Debug|Any CPU.Build.0 = Debug|Any CPU
		{1B64C2BC-B9DF-4FD6-8D2B-7240D470ACC0}.Release|Any CPU.ActiveCfg = Release|Any CPU
		{1B64C2BC-B9DF-4FD6-8D2B-7240D470ACC0}.Release|Any CPU.Build.0 = Release|Any CPU
		{4F69214B-9B6C-422A-A292-04D8D58E2B7F}.Debug|Any CPU.ActiveCfg = Debug|Any CPU
		{4F69214B-9B6C-422A-A292-04D8D58E2B7F}.Debug|Any CPU.Build.0 = Debug|Any CPU
		{4F69214B-9B6C-422A-A292-04D8D58E2B7F}.Release|Any CPU.ActiveCfg = Release|Any CPU
		{4F69214B-9B6C-422A-A292-04D8D58E2B7F}.Release|Any CPU.Build.0 = Release|Any CPU
		{A3CB481C-90C2-49E5-A2FF-4E6854A68BDD}.Debug|Any CPU.ActiveCfg = Debug|Any CPU
		{A3CB481C-90C2-49E5-A2FF-4E6854A68BDD}.Debug|Any CPU.Build.0 = Debug|Any CPU
		{A3CB481C-90C2-49E5-A2FF-4E6854A68BDD}.Release|Any CPU.ActiveCfg = Release|Any CPU
		{A3CB481C-90C2-49E5-A2FF-4E6854A68BDD}.Release|Any CPU.Build.0 = Release|Any CPU
		{02FA7498-25ED-44D4-A71A-120EAB13B24C}.Debug|Any CPU.ActiveCfg = Debug|Any CPU
		{02FA7498-25ED-44D4-A71A-120EAB13B24C}.Debug|Any CPU.Build.0 = Debug|Any CPU
		{02FA7498-25ED-44D4-A71A-120EAB13B24C}.Release|Any CPU.ActiveCfg = Release|Any CPU
		{02FA7498-25ED-44D4-A71A-120EAB13B24C}.Release|Any CPU.Build.0 = Release|Any CPU
		{04E08004-FA82-421B-9511-C81F03B0B758}.Debug|Any CPU.ActiveCfg = Debug|Any CPU
		{04E08004-FA82-421B-9511-C81F03B0B758}.Debug|Any CPU.Build.0 = Debug|Any CPU
		{04E08004-FA82-421B-9511-C81F03B0B758}.Release|Any CPU.ActiveCfg = Release|Any CPU
		{04E08004-FA82-421B-9511-C81F03B0B758}.Release|Any CPU.Build.0 = Release|Any CPU
	EndGlobalSection
	GlobalSection(SolutionProperties) = preSolution
		HideSolutionNode = FALSE
	EndGlobalSection
	GlobalSection(ExtensibilityGlobals) = postSolution
		SolutionGuid = {65CE0F70-C581-444D-800A-D3FE392C2867}
	EndGlobalSection
EndGlobal
