
Microsoft Visual Studio Solution File, Format Version 12.00
# Visual Studio 2013
VisualStudioVersion = 12.0.30501.0
MinimumVisualStudioVersion = 10.0.40219.1
Project("{FAE04EC0-301F-11D3-BF4B-00C04F79EFBC}") = "小记事本", "WindowsFormsApplication1\小记事本.csproj", "{FCA21C59-009E-4C81-A324-8EA58C401017}"
EndProject
Project("{FAE04EC0-301F-11D3-BF4B-00C04F79EFBC}") = "系统时间", "WindowsFormsApplication2\系统时间.csproj", "{85241B29-5346-4C47-B9C6-FFC8848D75CB}"
EndProject
Project("{FAE04EC0-301F-11D3-BF4B-00C04F79EFBC}") = "输入事件的使用", "输入事件的使用\输入事件的使用.csproj", "{C0CBE0DD-026C-4C72-BCAE-684A661F6C26}"
EndProject
Project("{FAE04EC0-301F-11D3-BF4B-00C04F79EFBC}") = "你是煞笔吗", "你是煞笔吗\你是煞笔吗.csproj", "{97EBF642-2695-444D-BB35-967E3812BDF0}"
EndProject
Project("{FAE04EC0-301F-11D3-BF4B-00C04F79EFBC}") = "小浏览器", "小浏览器\小浏览器.csproj", "{E7B8B5F6-3E01-463D-B890-627629A71497}"
EndProject
Project("{FAE04EC0-301F-11D3-BF4B-00C04F79EFBC}") = "走马灯", "走马灯\走马灯.csproj", "{16690AE4-41B9-428C-9CD7-37CEFF215C55}"
EndProject
Project("{FAE04EC0-301F-11D3-BF4B-00C04F79EFBC}") = "test", "test\test.csproj", "{7F1840FF-F846-4F28-AB78-E8043F15B17A}"
EndProject
Project("{FAE04EC0-301F-11D3-BF4B-00C04F79EFBC}") = "学生和老师登陆", "学生和老师登陆\学生和老师登陆.csproj", "{163B63CC-29BD-4ADA-8FDF-AAEE8324D213}"
EndProject
Project("{FAE04EC0-301F-11D3-BF4B-00C04F79EFBC}") = "MDI窗体设计", "MDI窗体设计\MDI窗体设计.csproj", "{C8A4F65C-EF24-49BB-B975-7CC02F08421B}"
EndProject
Project("{FAE04EC0-301F-11D3-BF4B-00C04F79EFBC}") = "图片上下翻页", "图片上下翻页\图片上下翻页.csproj", "{3642B30D-6A30-4536-9AFE-9D1327C97634}"
EndProject
Project("{FAE04EC0-301F-11D3-BF4B-00C04F79EFBC}") = "图片时间上下翻页", "图片时间上下翻页\图片时间上下翻页.csproj", "{334CF911-71CE-4FC6-BAA0-72010965506F}"
EndProject
Project("{FAE04EC0-301F-11D3-BF4B-00C04F79EFBC}") = "Test02", "Test02\Test02.csproj", "{64627745-98D8-4866-85C2-CC9BB077765D}"
EndProject
Project("{FAE04EC0-301F-11D3-BF4B-00C04F79EFBC}") = "日期选择器", "日期选择器\日期选择器.csproj", "{E2496288-B64B-475C-9104-707B40F6E641}"
EndProject
Project("{FAE04EC0-301F-11D3-BF4B-00C04F79EFBC}") = "四则运算器", "四则运算器\四则运算器.csproj", "{D33C52B7-A426-490C-B871-D87586A30058}"
EndProject
Project("{FAE04EC0-301F-11D3-BF4B-00C04F79EFBC}") = "ListBox选择图片", "ListBox选择图片\ListBox选择图片.csproj", "{AA4E0058-8D97-4CD7-B976-92EDD755B12C}"
EndProject
Project("{FAE04EC0-301F-11D3-BF4B-00C04F79EFBC}") = "对话框选择图片", "对话框选择图片\对话框选择图片.csproj", "{D0E9CC5B-B070-4464-ABB4-E79CA7A6BB1B}"
EndProject
Project("{FAE04EC0-301F-11D3-BF4B-00C04F79EFBC}") = "小记事本v2", "小记事本v2\小记事本v2.csproj", "{34C517F5-C71E-436A-8229-5C13B58BD098}"
EndProject
Project("{FAE04EC0-301F-11D3-BF4B-00C04F79EFBC}") = "石头剪刀布（面向对象复习）", "石头剪刀布\石头剪刀布（面向对象复习）.csproj", "{C6013623-71DD-4AA4-A445-2332C3841F6B}"
EndProject
Project("{FAE04EC0-301F-11D3-BF4B-00C04F79EFBC}") = "小记事本v3", "小记事本v3\小记事本v3.csproj", "{79B97244-D99B-4A94-B25A-510E36C3422B}"
EndProject
Project("{FAE04EC0-301F-11D3-BF4B-00C04F79EFBC}") = "Test04", "Test04\Test04.csproj", "{99236A65-F826-4519-BF37-38AEEE54E934}"
EndProject
Project("{FAE04EC0-301F-11D3-BF4B-00C04F79EFBC}") = "一个控件在不同窗体间移动", "一个控件在不同窗体间移动\一个控件在不同窗体间移动.csproj", "{1DBB82A3-8D1A-4234-80FC-B6642007789E}"
EndProject
Project("{FAE04EC0-301F-11D3-BF4B-00C04F79EFBC}") = "GDI+ practice", "GDI+ practice\GDI+ practice.csproj", "{12A174D1-B76E-49A1-9FC4-4E86F5428100}"
EndProject
Project("{FAE04EC0-301F-11D3-BF4B-00C04F79EFBC}") = "GDI+ practice 02", "GDI+ practice 02\GDI+ practice 02.csproj", "{D4CC88CE-3431-4B4C-B83C-97407593CEF0}"
EndProject
Project("{FAE04EC0-301F-11D3-BF4B-00C04F79EFBC}") = "GDI+ 验证码", "GDI+ 验证码\GDI+ 验证码.csproj", "{F522FFB1-5F94-46FD-A4E5-FFA873667037}"
EndProject
Project("{FAE04EC0-301F-11D3-BF4B-00C04F79EFBC}") = "GDI+ 绘制坐标图", "GDI+ 绘制坐标图\GDI+ 绘制坐标图.csproj", "{783EAFA6-246C-432A-8C67-7B155E1F8B2C}"
EndProject
Project("{FAE04EC0-301F-11D3-BF4B-00C04F79EFBC}") = "GDI+ practice 03", "GDI+ practice 03\GDI+ practice 03.csproj", "{35CAC1A7-420E-40CD-8D0A-39D693D37818}"
EndProject
Project("{FAE04EC0-301F-11D3-BF4B-00C04F79EFBC}") = "Test05", "Test05\Test05.csproj", "{8EA78892-0C05-4DB1-B9C4-20D2825EF52F}"
EndProject
Project("{FAE04EC0-301F-11D3-BF4B-00C04F79EFBC}") = "多线程", "多线程\多线程.csproj", "{02442B06-8E7F-44E8-AC4E-C3941C573405}"
EndProject
Project("{FAE04EC0-301F-11D3-BF4B-00C04F79EFBC}") = "多线程实现简易摇奖机", "多线程实现简易摇奖机\多线程实现简易摇奖机.csproj", "{9CB0ED80-E375-4914-86DF-448CD04E2632}"
EndProject
Project("{FAE04EC0-301F-11D3-BF4B-00C04F79EFBC}") = "Test06", "Test06\Test06.csproj", "{B422B1A5-E021-4831-91F9-C0DF6411FD7B}"
EndProject
Project("{FAE04EC0-301F-11D3-BF4B-00C04F79EFBC}") = "SocketServer", "SocketServer\SocketServer.csproj", "{32A0157D-54DD-4910-98DB-C42E4331EE64}"
EndProject
Project("{FAE04EC0-301F-11D3-BF4B-00C04F79EFBC}") = "SocketClient", "SocketClient\SocketClient.csproj", "{FD08B4E5-6C34-4D01-9B4F-37921680619C}"
EndProject
Project("{FAE04EC0-301F-11D3-BF4B-00C04F79EFBC}") = "test07", "test07\test07.csproj", "{75DC32F2-DE03-4A68-A86C-5ED25E70C23C}"
EndProject
Global
	GlobalSection(SolutionConfigurationPlatforms) = preSolution
		Debug|Any CPU = Debug|Any CPU
		Release|Any CPU = Release|Any CPU
	EndGlobalSection
	GlobalSection(ProjectConfigurationPlatforms) = postSolution
		{FCA21C59-009E-4C81-A324-8EA58C401017}.Debug|Any CPU.ActiveCfg = Debug|Any CPU
		{FCA21C59-009E-4C81-A324-8EA58C401017}.Debug|Any CPU.Build.0 = Debug|Any CPU
		{FCA21C59-009E-4C81-A324-8EA58C401017}.Release|Any CPU.ActiveCfg = Release|Any CPU
		{FCA21C59-009E-4C81-A324-8EA58C401017}.Release|Any CPU.Build.0 = Release|Any CPU
		{85241B29-5346-4C47-B9C6-FFC8848D75CB}.Debug|Any CPU.ActiveCfg = Debug|Any CPU
		{85241B29-5346-4C47-B9C6-FFC8848D75CB}.Debug|Any CPU.Build.0 = Debug|Any CPU
		{85241B29-5346-4C47-B9C6-FFC8848D75CB}.Release|Any CPU.ActiveCfg = Release|Any CPU
		{85241B29-5346-4C47-B9C6-FFC8848D75CB}.Release|Any CPU.Build.0 = Release|Any CPU
		{C0CBE0DD-026C-4C72-BCAE-684A661F6C26}.Debug|Any CPU.ActiveCfg = Debug|Any CPU
		{C0CBE0DD-026C-4C72-BCAE-684A661F6C26}.Debug|Any CPU.Build.0 = Debug|Any CPU
		{C0CBE0DD-026C-4C72-BCAE-684A661F6C26}.Release|Any CPU.ActiveCfg = Release|Any CPU
		{C0CBE0DD-026C-4C72-BCAE-684A661F6C26}.Release|Any CPU.Build.0 = Release|Any CPU
		{97EBF642-2695-444D-BB35-967E3812BDF0}.Debug|Any CPU.ActiveCfg = Debug|Any CPU
		{97EBF642-2695-444D-BB35-967E3812BDF0}.Debug|Any CPU.Build.0 = Debug|Any CPU
		{97EBF642-2695-444D-BB35-967E3812BDF0}.Release|Any CPU.ActiveCfg = Release|Any CPU
		{97EBF642-2695-444D-BB35-967E3812BDF0}.Release|Any CPU.Build.0 = Release|Any CPU
		{E7B8B5F6-3E01-463D-B890-627629A71497}.Debug|Any CPU.ActiveCfg = Debug|Any CPU
		{E7B8B5F6-3E01-463D-B890-627629A71497}.Debug|Any CPU.Build.0 = Debug|Any CPU
		{E7B8B5F6-3E01-463D-B890-627629A71497}.Release|Any CPU.ActiveCfg = Release|Any CPU
		{E7B8B5F6-3E01-463D-B890-627629A71497}.Release|Any CPU.Build.0 = Release|Any CPU
		{16690AE4-41B9-428C-9CD7-37CEFF215C55}.Debug|Any CPU.ActiveCfg = Debug|Any CPU
		{16690AE4-41B9-428C-9CD7-37CEFF215C55}.Debug|Any CPU.Build.0 = Debug|Any CPU
		{16690AE4-41B9-428C-9CD7-37CEFF215C55}.Release|Any CPU.ActiveCfg = Release|Any CPU
		{16690AE4-41B9-428C-9CD7-37CEFF215C55}.Release|Any CPU.Build.0 = Release|Any CPU
		{7F1840FF-F846-4F28-AB78-E8043F15B17A}.Debug|Any CPU.ActiveCfg = Debug|Any CPU
		{7F1840FF-F846-4F28-AB78-E8043F15B17A}.Debug|Any CPU.Build.0 = Debug|Any CPU
		{7F1840FF-F846-4F28-AB78-E8043F15B17A}.Release|Any CPU.ActiveCfg = Release|Any CPU
		{7F1840FF-F846-4F28-AB78-E8043F15B17A}.Release|Any CPU.Build.0 = Release|Any CPU
		{163B63CC-29BD-4ADA-8FDF-AAEE8324D213}.Debug|Any CPU.ActiveCfg = Debug|Any CPU
		{163B63CC-29BD-4ADA-8FDF-AAEE8324D213}.Debug|Any CPU.Build.0 = Debug|Any CPU
		{163B63CC-29BD-4ADA-8FDF-AAEE8324D213}.Release|Any CPU.ActiveCfg = Release|Any CPU
		{163B63CC-29BD-4ADA-8FDF-AAEE8324D213}.Release|Any CPU.Build.0 = Release|Any CPU
		{C8A4F65C-EF24-49BB-B975-7CC02F08421B}.Debug|Any CPU.ActiveCfg = Debug|Any CPU
		{C8A4F65C-EF24-49BB-B975-7CC02F08421B}.Debug|Any CPU.Build.0 = Debug|Any CPU
		{C8A4F65C-EF24-49BB-B975-7CC02F08421B}.Release|Any CPU.ActiveCfg = Release|Any CPU
		{C8A4F65C-EF24-49BB-B975-7CC02F08421B}.Release|Any CPU.Build.0 = Release|Any CPU
		{3642B30D-6A30-4536-9AFE-9D1327C97634}.Debug|Any CPU.ActiveCfg = Debug|Any CPU
		{3642B30D-6A30-4536-9AFE-9D1327C97634}.Debug|Any CPU.Build.0 = Debug|Any CPU
		{3642B30D-6A30-4536-9AFE-9D1327C97634}.Release|Any CPU.ActiveCfg = Release|Any CPU
		{3642B30D-6A30-4536-9AFE-9D1327C97634}.Release|Any CPU.Build.0 = Release|Any CPU
		{334CF911-71CE-4FC6-BAA0-72010965506F}.Debug|Any CPU.ActiveCfg = Debug|Any CPU
		{334CF911-71CE-4FC6-BAA0-72010965506F}.Debug|Any CPU.Build.0 = Debug|Any CPU
		{334CF911-71CE-4FC6-BAA0-72010965506F}.Release|Any CPU.ActiveCfg = Release|Any CPU
		{334CF911-71CE-4FC6-BAA0-72010965506F}.Release|Any CPU.Build.0 = Release|Any CPU
		{64627745-98D8-4866-85C2-CC9BB077765D}.Debug|Any CPU.ActiveCfg = Debug|Any CPU
		{64627745-98D8-4866-85C2-CC9BB077765D}.Debug|Any CPU.Build.0 = Debug|Any CPU
		{64627745-98D8-4866-85C2-CC9BB077765D}.Release|Any CPU.ActiveCfg = Release|Any CPU
		{64627745-98D8-4866-85C2-CC9BB077765D}.Release|Any CPU.Build.0 = Release|Any CPU
		{E2496288-B64B-475C-9104-707B40F6E641}.Debug|Any CPU.ActiveCfg = Debug|Any CPU
		{E2496288-B64B-475C-9104-707B40F6E641}.Debug|Any CPU.Build.0 = Debug|Any CPU
		{E2496288-B64B-475C-9104-707B40F6E641}.Release|Any CPU.ActiveCfg = Release|Any CPU
		{E2496288-B64B-475C-9104-707B40F6E641}.Release|Any CPU.Build.0 = Release|Any CPU
		{D33C52B7-A426-490C-B871-D87586A30058}.Debug|Any CPU.ActiveCfg = Debug|Any CPU
		{D33C52B7-A426-490C-B871-D87586A30058}.Debug|Any CPU.Build.0 = Debug|Any CPU
		{D33C52B7-A426-490C-B871-D87586A30058}.Release|Any CPU.ActiveCfg = Release|Any CPU
		{D33C52B7-A426-490C-B871-D87586A30058}.Release|Any CPU.Build.0 = Release|Any CPU
		{AA4E0058-8D97-4CD7-B976-92EDD755B12C}.Debug|Any CPU.ActiveCfg = Debug|Any CPU
		{AA4E0058-8D97-4CD7-B976-92EDD755B12C}.Debug|Any CPU.Build.0 = Debug|Any CPU
		{AA4E0058-8D97-4CD7-B976-92EDD755B12C}.Release|Any CPU.ActiveCfg = Release|Any CPU
		{AA4E0058-8D97-4CD7-B976-92EDD755B12C}.Release|Any CPU.Build.0 = Release|Any CPU
		{D0E9CC5B-B070-4464-ABB4-E79CA7A6BB1B}.Debug|Any CPU.ActiveCfg = Debug|Any CPU
		{D0E9CC5B-B070-4464-ABB4-E79CA7A6BB1B}.Debug|Any CPU.Build.0 = Debug|Any CPU
		{D0E9CC5B-B070-4464-ABB4-E79CA7A6BB1B}.Release|Any CPU.ActiveCfg = Release|Any CPU
		{D0E9CC5B-B070-4464-ABB4-E79CA7A6BB1B}.Release|Any CPU.Build.0 = Release|Any CPU
		{34C517F5-C71E-436A-8229-5C13B58BD098}.Debug|Any CPU.ActiveCfg = Debug|Any CPU
		{34C517F5-C71E-436A-8229-5C13B58BD098}.Debug|Any CPU.Build.0 = Debug|Any CPU
		{34C517F5-C71E-436A-8229-5C13B58BD098}.Release|Any CPU.ActiveCfg = Release|Any CPU
		{34C517F5-C71E-436A-8229-5C13B58BD098}.Release|Any CPU.Build.0 = Release|Any CPU
		{C6013623-71DD-4AA4-A445-2332C3841F6B}.Debug|Any CPU.ActiveCfg = Debug|Any CPU
		{C6013623-71DD-4AA4-A445-2332C3841F6B}.Debug|Any CPU.Build.0 = Debug|Any CPU
		{C6013623-71DD-4AA4-A445-2332C3841F6B}.Release|Any CPU.ActiveCfg = Release|Any CPU
		{C6013623-71DD-4AA4-A445-2332C3841F6B}.Release|Any CPU.Build.0 = Release|Any CPU
		{79B97244-D99B-4A94-B25A-510E36C3422B}.Debug|Any CPU.ActiveCfg = Debug|Any CPU
		{79B97244-D99B-4A94-B25A-510E36C3422B}.Debug|Any CPU.Build.0 = Debug|Any CPU
		{79B97244-D99B-4A94-B25A-510E36C3422B}.Release|Any CPU.ActiveCfg = Release|Any CPU
		{79B97244-D99B-4A94-B25A-510E36C3422B}.Release|Any CPU.Build.0 = Release|Any CPU
		{99236A65-F826-4519-BF37-38AEEE54E934}.Debug|Any CPU.ActiveCfg = Debug|Any CPU
		{99236A65-F826-4519-BF37-38AEEE54E934}.Debug|Any CPU.Build.0 = Debug|Any CPU
		{99236A65-F826-4519-BF37-38AEEE54E934}.Release|Any CPU.ActiveCfg = Release|Any CPU
		{99236A65-F826-4519-BF37-38AEEE54E934}.Release|Any CPU.Build.0 = Release|Any CPU
		{1DBB82A3-8D1A-4234-80FC-B6642007789E}.Debug|Any CPU.ActiveCfg = Debug|Any CPU
		{1DBB82A3-8D1A-4234-80FC-B6642007789E}.Debug|Any CPU.Build.0 = Debug|Any CPU
		{1DBB82A3-8D1A-4234-80FC-B6642007789E}.Release|Any CPU.ActiveCfg = Release|Any CPU
		{1DBB82A3-8D1A-4234-80FC-B6642007789E}.Release|Any CPU.Build.0 = Release|Any CPU
		{12A174D1-B76E-49A1-9FC4-4E86F5428100}.Debug|Any CPU.ActiveCfg = Debug|Any CPU
		{12A174D1-B76E-49A1-9FC4-4E86F5428100}.Debug|Any CPU.Build.0 = Debug|Any CPU
		{12A174D1-B76E-49A1-9FC4-4E86F5428100}.Release|Any CPU.ActiveCfg = Release|Any CPU
		{12A174D1-B76E-49A1-9FC4-4E86F5428100}.Release|Any CPU.Build.0 = Release|Any CPU
		{D4CC88CE-3431-4B4C-B83C-97407593CEF0}.Debug|Any CPU.ActiveCfg = Debug|Any CPU
		{D4CC88CE-3431-4B4C-B83C-97407593CEF0}.Debug|Any CPU.Build.0 = Debug|Any CPU
		{D4CC88CE-3431-4B4C-B83C-97407593CEF0}.Release|Any CPU.ActiveCfg = Release|Any CPU
		{D4CC88CE-3431-4B4C-B83C-97407593CEF0}.Release|Any CPU.Build.0 = Release|Any CPU
		{F522FFB1-5F94-46FD-A4E5-FFA873667037}.Debug|Any CPU.ActiveCfg = Debug|Any CPU
		{F522FFB1-5F94-46FD-A4E5-FFA873667037}.Debug|Any CPU.Build.0 = Debug|Any CPU
		{F522FFB1-5F94-46FD-A4E5-FFA873667037}.Release|Any CPU.ActiveCfg = Release|Any CPU
		{F522FFB1-5F94-46FD-A4E5-FFA873667037}.Release|Any CPU.Build.0 = Release|Any CPU
		{783EAFA6-246C-432A-8C67-7B155E1F8B2C}.Debug|Any CPU.ActiveCfg = Debug|Any CPU
		{783EAFA6-246C-432A-8C67-7B155E1F8B2C}.Debug|Any CPU.Build.0 = Debug|Any CPU
		{783EAFA6-246C-432A-8C67-7B155E1F8B2C}.Release|Any CPU.ActiveCfg = Release|Any CPU
		{783EAFA6-246C-432A-8C67-7B155E1F8B2C}.Release|Any CPU.Build.0 = Release|Any CPU
		{35CAC1A7-420E-40CD-8D0A-39D693D37818}.Debug|Any CPU.ActiveCfg = Debug|Any CPU
		{35CAC1A7-420E-40CD-8D0A-39D693D37818}.Debug|Any CPU.Build.0 = Debug|Any CPU
		{35CAC1A7-420E-40CD-8D0A-39D693D37818}.Release|Any CPU.ActiveCfg = Release|Any CPU
		{35CAC1A7-420E-40CD-8D0A-39D693D37818}.Release|Any CPU.Build.0 = Release|Any CPU
		{8EA78892-0C05-4DB1-B9C4-20D2825EF52F}.Debug|Any CPU.ActiveCfg = Debug|Any CPU
		{8EA78892-0C05-4DB1-B9C4-20D2825EF52F}.Debug|Any CPU.Build.0 = Debug|Any CPU
		{8EA78892-0C05-4DB1-B9C4-20D2825EF52F}.Release|Any CPU.ActiveCfg = Release|Any CPU
		{8EA78892-0C05-4DB1-B9C4-20D2825EF52F}.Release|Any CPU.Build.0 = Release|Any CPU
		{02442B06-8E7F-44E8-AC4E-C3941C573405}.Debug|Any CPU.ActiveCfg = Debug|Any CPU
		{02442B06-8E7F-44E8-AC4E-C3941C573405}.Debug|Any CPU.Build.0 = Debug|Any CPU
		{02442B06-8E7F-44E8-AC4E-C3941C573405}.Release|Any CPU.ActiveCfg = Release|Any CPU
		{02442B06-8E7F-44E8-AC4E-C3941C573405}.Release|Any CPU.Build.0 = Release|Any CPU
		{9CB0ED80-E375-4914-86DF-448CD04E2632}.Debug|Any CPU.ActiveCfg = Debug|Any CPU
		{9CB0ED80-E375-4914-86DF-448CD04E2632}.Debug|Any CPU.Build.0 = Debug|Any CPU
		{9CB0ED80-E375-4914-86DF-448CD04E2632}.Release|Any CPU.ActiveCfg = Release|Any CPU
		{9CB0ED80-E375-4914-86DF-448CD04E2632}.Release|Any CPU.Build.0 = Release|Any CPU
		{B422B1A5-E021-4831-91F9-C0DF6411FD7B}.Debug|Any CPU.ActiveCfg = Debug|Any CPU
		{B422B1A5-E021-4831-91F9-C0DF6411FD7B}.Debug|Any CPU.Build.0 = Debug|Any CPU
		{B422B1A5-E021-4831-91F9-C0DF6411FD7B}.Release|Any CPU.ActiveCfg = Release|Any CPU
		{B422B1A5-E021-4831-91F9-C0DF6411FD7B}.Release|Any CPU.Build.0 = Release|Any CPU
		{32A0157D-54DD-4910-98DB-C42E4331EE64}.Debug|Any CPU.ActiveCfg = Debug|Any CPU
		{32A0157D-54DD-4910-98DB-C42E4331EE64}.Debug|Any CPU.Build.0 = Debug|Any CPU
		{32A0157D-54DD-4910-98DB-C42E4331EE64}.Release|Any CPU.ActiveCfg = Release|Any CPU
		{32A0157D-54DD-4910-98DB-C42E4331EE64}.Release|Any CPU.Build.0 = Release|Any CPU
		{FD08B4E5-6C34-4D01-9B4F-37921680619C}.Debug|Any CPU.ActiveCfg = Debug|Any CPU
		{FD08B4E5-6C34-4D01-9B4F-37921680619C}.Debug|Any CPU.Build.0 = Debug|Any CPU
		{FD08B4E5-6C34-4D01-9B4F-37921680619C}.Release|Any CPU.ActiveCfg = Release|Any CPU
		{FD08B4E5-6C34-4D01-9B4F-37921680619C}.Release|Any CPU.Build.0 = Release|Any CPU
		{75DC32F2-DE03-4A68-A86C-5ED25E70C23C}.Debug|Any CPU.ActiveCfg = Debug|Any CPU
		{75DC32F2-DE03-4A68-A86C-5ED25E70C23C}.Debug|Any CPU.Build.0 = Debug|Any CPU
		{75DC32F2-DE03-4A68-A86C-5ED25E70C23C}.Release|Any CPU.ActiveCfg = Release|Any CPU
		{75DC32F2-DE03-4A68-A86C-5ED25E70C23C}.Release|Any CPU.Build.0 = Release|Any CPU
	EndGlobalSection
	GlobalSection(SolutionProperties) = preSolution
		HideSolutionNode = FALSE
	EndGlobalSection
EndGlobal
