
Microsoft Visual Studio Solution File, Format Version 12.00
# Visual Studio 2013
VisualStudioVersion = 12.0.30501.0
MinimumVisualStudioVersion = 10.0.40219.1
Project("{FAE04EC0-301F-11D3-BF4B-00C04F79EFBC}") = "BOM", "BOM\BOM.csproj", "{4C1445E7-1D35-4FE2-BC1C-42351BE35C34}"
EndProject
Project("{FAE04EC0-301F-11D3-BF4B-00C04F79EFBC}") = "HTML DOM", "HTML DOM\HTML DOM.csproj", "{438DBF7B-BE41-4D93-BE17-2AED13037416}"
EndProject
Project("{FAE04EC0-301F-11D3-BF4B-00C04F79EFBC}") = "练习题", "练习题\练习题.csproj", "{23BA6E2E-57AC-4844-828A-17C70F7E424B}"
EndProject
Global
	GlobalSection(SolutionConfigurationPlatforms) = preSolution
		Debug|Any CPU = Debug|Any CPU
		Release|Any CPU = Release|Any CPU
	EndGlobalSection
	GlobalSection(ProjectConfigurationPlatforms) = postSolution
		{4C1445E7-1D35-4FE2-BC1C-42351BE35C34}.Debug|Any CPU.ActiveCfg = Debug|Any CPU
		{4C1445E7-1D35-4FE2-BC1C-42351BE35C34}.Debug|Any CPU.Build.0 = Debug|Any CPU
		{4C1445E7-1D35-4FE2-BC1C-42351BE35C34}.Release|Any CPU.ActiveCfg = Release|Any CPU
		{4C1445E7-1D35-4FE2-BC1C-42351BE35C34}.Release|Any CPU.Build.0 = Release|Any CPU
		{438DBF7B-BE41-4D93-BE17-2AED13037416}.Debug|Any CPU.ActiveCfg = Debug|Any CPU
		{438DBF7B-BE41-4D93-BE17-2AED13037416}.Debug|Any CPU.Build.0 = Debug|Any CPU
		{438DBF7B-BE41-4D93-BE17-2AED13037416}.Release|Any CPU.ActiveCfg = Release|Any CPU
		{438DBF7B-BE41-4D93-BE17-2AED13037416}.Release|Any CPU.Build.0 = Release|Any CPU
		{23BA6E2E-57AC-4844-828A-17C70F7E424B}.Debug|Any CPU.ActiveCfg = Debug|Any CPU
		{23BA6E2E-57AC-4844-828A-17C70F7E424B}.Debug|Any CPU.Build.0 = Debug|Any CPU
		{23BA6E2E-57AC-4844-828A-17C70F7E424B}.Release|Any CPU.ActiveCfg = Release|Any CPU
		{23BA6E2E-57AC-4844-828A-17C70F7E424B}.Release|Any CPU.Build.0 = Release|Any CPU
	EndGlobalSection
	GlobalSection(SolutionProperties) = preSolution
		HideSolutionNode = FALSE
	EndGlobalSection
EndGlobal
