
Microsoft Visual Studio Solution File, Format Version 12.00
# Visual Studio Version 16
VisualStudioVersion = 16.0.28711.60
MinimumVisualStudioVersion = 10.0.40219.1
Project("{2150E333-8FDC-42A3-9474-1A3956D46DE8}") = "Some Test Demo", "Some Test Demo", "{17FAFD62-41B0-43B8-827C-8443F519FDD0}"
EndProject
Project("{FAE04EC0-301F-11D3-BF4B-00C04F79EFBC}") = "TEST-01", "TEST-01\TEST-01.csproj", "{5BCAD8DE-F919-4AC8-97AB-2CFEAD7E1D26}"
EndProject
Project("{FAE04EC0-301F-11D3-BF4B-00C04F79EFBC}") = "TEST-02", "TEST-02\TEST-02.csproj", "{31A3C7F5-1D40-4F96-B54F-A4DF4D4CAD00}"
EndProject
Project("{FAE04EC0-301F-11D3-BF4B-00C04F79EFBC}") = "我的第一个WEB窗体应用程序", "我的第一个WEB窗体应用程序\我的第一个WEB窗体应用程序.csproj", "{239D4336-BF6C-42D8-96CE-909363F8BF61}"
EndProject
Project("{FAE04EC0-301F-11D3-BF4B-00C04F79EFBC}") = "TEST-03", "TEST-03\TEST-03.csproj", "{BBFDF183-3CA6-4885-B863-BD27E9BB87DD}"
EndProject
Project("{FAE04EC0-301F-11D3-BF4B-00C04F79EFBC}") = "TEST-04", "TEST-04\TEST-04.csproj", "{157750ED-A99D-45EE-B7F5-189D5C3A3234}"
EndProject
Project("{FAE04EC0-301F-11D3-BF4B-00C04F79EFBC}") = "新闻网站Demo", "新闻网站Demo\新闻网站Demo.csproj", "{7470F40D-8C28-4CEF-AAE9-852298A30FFC}"
EndProject
Project("{FAE04EC0-301F-11D3-BF4B-00C04F79EFBC}") = "TEST-05", "TEST-05\TEST-05.csproj", "{F24A65E7-CC14-438C-AFBA-E828299D8AA0}"
EndProject
Project("{FAE04EC0-301F-11D3-BF4B-00C04F79EFBC}") = "TEST-06", "TEST-06\TEST-06.csproj", "{330B6F7F-66F0-419F-82EB-2EEAF935D3BD}"
EndProject
Project("{FAE04EC0-301F-11D3-BF4B-00C04F79EFBC}") = "TEST-07", "TEST-07\TEST-07.csproj", "{1EA51992-5DFA-4198-A343-4173ED22C002}"
EndProject
Project("{FAE04EC0-301F-11D3-BF4B-00C04F79EFBC}") = "加法计算器", "加法计算器\加法计算器.csproj", "{4206B743-1B3B-4FF8-97D7-F2C9539059DE}"
EndProject
Project("{FAE04EC0-301F-11D3-BF4B-00C04F79EFBC}") = "TEST-08", "TEST-08\TEST-08.csproj", "{6E16BAAF-6834-476D-BBA2-2EF1D1CEAC6A}"
EndProject
Project("{FAE04EC0-301F-11D3-BF4B-00C04F79EFBC}") = "状态保持机制", "状态保持机制\状态保持机制.csproj", "{D64AD3C3-ABB4-4776-8268-FE94CB03F04A}"
EndProject
Project("{FAE04EC0-301F-11D3-BF4B-00C04F79EFBC}") = "Cookie验证页", "Cookie验证页\Cookie验证页.csproj", "{7F146BDA-9840-48F8-95CF-5E8344A07EC2}"
EndProject
Project("{FAE04EC0-301F-11D3-BF4B-00C04F79EFBC}") = "TEST-09", "TEST-09\TEST-09.csproj", "{F18D01B3-D52F-49FE-A273-C48C5B2DD863}"
EndProject
Project("{FAE04EC0-301F-11D3-BF4B-00C04F79EFBC}") = "Session实现验证码校验", "Session实现验证码校验\Session实现验证码校验.csproj", "{9493C161-658D-4F33-8F78-FD2786D5C0A9}"
EndProject
Project("{FAE04EC0-301F-11D3-BF4B-00C04F79EFBC}") = "自定义HttpModule", "TEST-10\自定义HttpModule.csproj", "{B64CBAB3-0890-4A0E-9F3A-C2A66345D5A8}"
EndProject
Project("{FAE04EC0-301F-11D3-BF4B-00C04F79EFBC}") = "TEST-11", "TEST-11\TEST-11.csproj", "{4DA9CF5D-D026-4026-BC30-65828499F3B8}"
EndProject
Project("{FAE04EC0-301F-11D3-BF4B-00C04F79EFBC}") = "ASP.NET WebForm 页面生命周期", "ASP.NET WebForm 页面生命周期\ASP.NET WebForm 页面生命周期.csproj", "{FE808A13-A616-4FB8-B90D-6EE561913473}"
EndProject
Project("{FAE04EC0-301F-11D3-BF4B-00C04F79EFBC}") = "ASP.NET WebForm 主题的使用方式", "ASP.NET WebForm 主题的使用方式\ASP.NET WebForm 主题的使用方式.csproj", "{97E25DF8-04DD-4B5B-9FD2-160F42F9778F}"
EndProject
Project("{FAE04EC0-301F-11D3-BF4B-00C04F79EFBC}") = "TEST-12", "TEST-12\TEST-12.csproj", "{2F707F76-F80E-4B04-BE70-7F9F93897174}"
EndProject
Project("{FAE04EC0-301F-11D3-BF4B-00C04F79EFBC}") = "TEST-13", "TEST-13\TEST-13.csproj", "{9C03D2C2-BBC0-4474-AD7E-B2CA219E5DC0}"
EndProject
Project("{FAE04EC0-301F-11D3-BF4B-00C04F79EFBC}") = "省市联动", "省市联动\省市联动.csproj", "{669D5FD9-BCBB-4876-93AE-39D087A9F6BF}"
EndProject
Project("{FAE04EC0-301F-11D3-BF4B-00C04F79EFBC}") = "TEST-14", "TEST-14\TEST-14.csproj", "{4D203BCC-205B-4183-B862-0D42E0FF88BD}"
EndProject
Project("{FAE04EC0-301F-11D3-BF4B-00C04F79EFBC}") = "HttpContext的使用", "HttpContext的使用\HttpContext的使用.csproj", "{17C92C2E-FF71-42E3-8175-165D3A1E2291}"
EndProject
Project("{FAE04EC0-301F-11D3-BF4B-00C04F79EFBC}") = "自定义HttpHandler", "自定义HttpHandler\自定义HttpHandler.csproj", "{80666739-329C-4E9A-8545-025A2223A3D8}"
EndProject
Project("{FAE04EC0-301F-11D3-BF4B-00C04F79EFBC}") = "TEST-15", "TEST-15\TEST-15.csproj", "{DF280A37-1B8A-486F-823C-D49A04A67448}"
EndProject
Project("{FAE04EC0-301F-11D3-BF4B-00C04F79EFBC}") = "AJAX", "AJAX\AJAX.csproj", "{60095303-D6A9-4C24-94CD-0CE9DD2873BA}"
EndProject
Project("{FAE04EC0-301F-11D3-BF4B-00C04F79EFBC}") = "AJAX实现用户名检测", "AJAX实现用户名检测\AJAX实现用户名检测.csproj", "{7DC2C494-A93B-42D2-AD34-8A609C742C2A}"
EndProject
Project("{FAE04EC0-301F-11D3-BF4B-00C04F79EFBC}") = "AJAX_Demo", "AJAX_Demo\AJAX_Demo.csproj", "{40BC3AE7-B101-47A2-98B6-4C234BF9379E}"
EndProject
Project("{FAE04EC0-301F-11D3-BF4B-00C04F79EFBC}") = "WebForm学习-01", "WebForm学习-01\WebForm学习-01.csproj", "{81E85F6A-EBDF-4407-B8F1-D65300B80CF0}"
EndProject
Project("{FAE04EC0-301F-11D3-BF4B-00C04F79EFBC}") = "WebForm学习-02", "WebForm学习-02\WebForm学习-02.csproj", "{62B685E7-3337-4751-803A-9A10DB421F99}"
EndProject
Project("{FAE04EC0-301F-11D3-BF4B-00C04F79EFBC}") = "母版页的使用", "母版页的使用\母版页的使用.csproj", "{0E47BF03-7C14-4A2C-A35E-8F16F56A4BEC}"
EndProject
Project("{FAE04EC0-301F-11D3-BF4B-00C04F79EFBC}") = "TEST-16", "TEST-16\TEST-16.csproj", "{5710743D-74DA-41A2-8C8B-72172FEFEE06}"
EndProject
Project("{FAE04EC0-301F-11D3-BF4B-00C04F79EFBC}") = "缓存的使用", "缓存的使用\缓存的使用.csproj", "{844BFBDE-FA0C-4DA1-8465-E616A6427FB1}"
EndProject
Project("{FAE04EC0-301F-11D3-BF4B-00C04F79EFBC}") = "关于错误页配置", "关于错误页配置\关于错误页配置.csproj", "{4762B5B4-B71C-450B-9CBA-1429EA987F2F}"
EndProject
Project("{FAE04EC0-301F-11D3-BF4B-00C04F79EFBC}") = "TEST-17", "TEST-17\TEST-17.csproj", "{0C891AF4-3483-4DC0-81DC-624FAB4B2E73}"
EndProject
Global
	GlobalSection(SolutionConfigurationPlatforms) = preSolution
		Debug|Any CPU = Debug|Any CPU
		Release|Any CPU = Release|Any CPU
	EndGlobalSection
	GlobalSection(ProjectConfigurationPlatforms) = postSolution
		{5BCAD8DE-F919-4AC8-97AB-2CFEAD7E1D26}.Debug|Any CPU.ActiveCfg = Debug|Any CPU
		{5BCAD8DE-F919-4AC8-97AB-2CFEAD7E1D26}.Debug|Any CPU.Build.0 = Debug|Any CPU
		{5BCAD8DE-F919-4AC8-97AB-2CFEAD7E1D26}.Release|Any CPU.ActiveCfg = Release|Any CPU
		{5BCAD8DE-F919-4AC8-97AB-2CFEAD7E1D26}.Release|Any CPU.Build.0 = Release|Any CPU
		{31A3C7F5-1D40-4F96-B54F-A4DF4D4CAD00}.Debug|Any CPU.ActiveCfg = Debug|Any CPU
		{31A3C7F5-1D40-4F96-B54F-A4DF4D4CAD00}.Debug|Any CPU.Build.0 = Debug|Any CPU
		{31A3C7F5-1D40-4F96-B54F-A4DF4D4CAD00}.Release|Any CPU.ActiveCfg = Release|Any CPU
		{31A3C7F5-1D40-4F96-B54F-A4DF4D4CAD00}.Release|Any CPU.Build.0 = Release|Any CPU
		{239D4336-BF6C-42D8-96CE-909363F8BF61}.Debug|Any CPU.ActiveCfg = Debug|Any CPU
		{239D4336-BF6C-42D8-96CE-909363F8BF61}.Debug|Any CPU.Build.0 = Debug|Any CPU
		{239D4336-BF6C-42D8-96CE-909363F8BF61}.Release|Any CPU.ActiveCfg = Release|Any CPU
		{239D4336-BF6C-42D8-96CE-909363F8BF61}.Release|Any CPU.Build.0 = Release|Any CPU
		{BBFDF183-3CA6-4885-B863-BD27E9BB87DD}.Debug|Any CPU.ActiveCfg = Debug|Any CPU
		{BBFDF183-3CA6-4885-B863-BD27E9BB87DD}.Debug|Any CPU.Build.0 = Debug|Any CPU
		{BBFDF183-3CA6-4885-B863-BD27E9BB87DD}.Release|Any CPU.ActiveCfg = Release|Any CPU
		{BBFDF183-3CA6-4885-B863-BD27E9BB87DD}.Release|Any CPU.Build.0 = Release|Any CPU
		{157750ED-A99D-45EE-B7F5-189D5C3A3234}.Debug|Any CPU.ActiveCfg = Debug|Any CPU
		{157750ED-A99D-45EE-B7F5-189D5C3A3234}.Debug|Any CPU.Build.0 = Debug|Any CPU
		{157750ED-A99D-45EE-B7F5-189D5C3A3234}.Release|Any CPU.ActiveCfg = Release|Any CPU
		{157750ED-A99D-45EE-B7F5-189D5C3A3234}.Release|Any CPU.Build.0 = Release|Any CPU
		{7470F40D-8C28-4CEF-AAE9-852298A30FFC}.Debug|Any CPU.ActiveCfg = Debug|Any CPU
		{7470F40D-8C28-4CEF-AAE9-852298A30FFC}.Debug|Any CPU.Build.0 = Debug|Any CPU
		{7470F40D-8C28-4CEF-AAE9-852298A30FFC}.Release|Any CPU.ActiveCfg = Release|Any CPU
		{7470F40D-8C28-4CEF-AAE9-852298A30FFC}.Release|Any CPU.Build.0 = Release|Any CPU
		{F24A65E7-CC14-438C-AFBA-E828299D8AA0}.Debug|Any CPU.ActiveCfg = Debug|Any CPU
		{F24A65E7-CC14-438C-AFBA-E828299D8AA0}.Debug|Any CPU.Build.0 = Debug|Any CPU
		{F24A65E7-CC14-438C-AFBA-E828299D8AA0}.Release|Any CPU.ActiveCfg = Release|Any CPU
		{F24A65E7-CC14-438C-AFBA-E828299D8AA0}.Release|Any CPU.Build.0 = Release|Any CPU
		{330B6F7F-66F0-419F-82EB-2EEAF935D3BD}.Debug|Any CPU.ActiveCfg = Debug|Any CPU
		{330B6F7F-66F0-419F-82EB-2EEAF935D3BD}.Debug|Any CPU.Build.0 = Debug|Any CPU
		{330B6F7F-66F0-419F-82EB-2EEAF935D3BD}.Release|Any CPU.ActiveCfg = Release|Any CPU
		{330B6F7F-66F0-419F-82EB-2EEAF935D3BD}.Release|Any CPU.Build.0 = Release|Any CPU
		{1EA51992-5DFA-4198-A343-4173ED22C002}.Debug|Any CPU.ActiveCfg = Debug|Any CPU
		{1EA51992-5DFA-4198-A343-4173ED22C002}.Debug|Any CPU.Build.0 = Debug|Any CPU
		{1EA51992-5DFA-4198-A343-4173ED22C002}.Release|Any CPU.ActiveCfg = Release|Any CPU
		{1EA51992-5DFA-4198-A343-4173ED22C002}.Release|Any CPU.Build.0 = Release|Any CPU
		{4206B743-1B3B-4FF8-97D7-F2C9539059DE}.Debug|Any CPU.ActiveCfg = Debug|Any CPU
		{4206B743-1B3B-4FF8-97D7-F2C9539059DE}.Debug|Any CPU.Build.0 = Debug|Any CPU
		{4206B743-1B3B-4FF8-97D7-F2C9539059DE}.Release|Any CPU.ActiveCfg = Release|Any CPU
		{4206B743-1B3B-4FF8-97D7-F2C9539059DE}.Release|Any CPU.Build.0 = Release|Any CPU
		{6E16BAAF-6834-476D-BBA2-2EF1D1CEAC6A}.Debug|Any CPU.ActiveCfg = Debug|Any CPU
		{6E16BAAF-6834-476D-BBA2-2EF1D1CEAC6A}.Debug|Any CPU.Build.0 = Debug|Any CPU
		{6E16BAAF-6834-476D-BBA2-2EF1D1CEAC6A}.Release|Any CPU.ActiveCfg = Release|Any CPU
		{6E16BAAF-6834-476D-BBA2-2EF1D1CEAC6A}.Release|Any CPU.Build.0 = Release|Any CPU
		{D64AD3C3-ABB4-4776-8268-FE94CB03F04A}.Debug|Any CPU.ActiveCfg = Debug|Any CPU
		{D64AD3C3-ABB4-4776-8268-FE94CB03F04A}.Debug|Any CPU.Build.0 = Debug|Any CPU
		{D64AD3C3-ABB4-4776-8268-FE94CB03F04A}.Release|Any CPU.ActiveCfg = Release|Any CPU
		{D64AD3C3-ABB4-4776-8268-FE94CB03F04A}.Release|Any CPU.Build.0 = Release|Any CPU
		{7F146BDA-9840-48F8-95CF-5E8344A07EC2}.Debug|Any CPU.ActiveCfg = Debug|Any CPU
		{7F146BDA-9840-48F8-95CF-5E8344A07EC2}.Debug|Any CPU.Build.0 = Debug|Any CPU
		{7F146BDA-9840-48F8-95CF-5E8344A07EC2}.Release|Any CPU.ActiveCfg = Release|Any CPU
		{7F146BDA-9840-48F8-95CF-5E8344A07EC2}.Release|Any CPU.Build.0 = Release|Any CPU
		{F18D01B3-D52F-49FE-A273-C48C5B2DD863}.Debug|Any CPU.ActiveCfg = Debug|Any CPU
		{F18D01B3-D52F-49FE-A273-C48C5B2DD863}.Debug|Any CPU.Build.0 = Debug|Any CPU
		{F18D01B3-D52F-49FE-A273-C48C5B2DD863}.Release|Any CPU.ActiveCfg = Release|Any CPU
		{F18D01B3-D52F-49FE-A273-C48C5B2DD863}.Release|Any CPU.Build.0 = Release|Any CPU
		{9493C161-658D-4F33-8F78-FD2786D5C0A9}.Debug|Any CPU.ActiveCfg = Debug|Any CPU
		{9493C161-658D-4F33-8F78-FD2786D5C0A9}.Debug|Any CPU.Build.0 = Debug|Any CPU
		{9493C161-658D-4F33-8F78-FD2786D5C0A9}.Release|Any CPU.ActiveCfg = Release|Any CPU
		{9493C161-658D-4F33-8F78-FD2786D5C0A9}.Release|Any CPU.Build.0 = Release|Any CPU
		{B64CBAB3-0890-4A0E-9F3A-C2A66345D5A8}.Debug|Any CPU.ActiveCfg = Debug|Any CPU
		{B64CBAB3-0890-4A0E-9F3A-C2A66345D5A8}.Debug|Any CPU.Build.0 = Debug|Any CPU
		{B64CBAB3-0890-4A0E-9F3A-C2A66345D5A8}.Release|Any CPU.ActiveCfg = Release|Any CPU
		{B64CBAB3-0890-4A0E-9F3A-C2A66345D5A8}.Release|Any CPU.Build.0 = Release|Any CPU
		{4DA9CF5D-D026-4026-BC30-65828499F3B8}.Debug|Any CPU.ActiveCfg = Debug|Any CPU
		{4DA9CF5D-D026-4026-BC30-65828499F3B8}.Debug|Any CPU.Build.0 = Debug|Any CPU
		{4DA9CF5D-D026-4026-BC30-65828499F3B8}.Release|Any CPU.ActiveCfg = Release|Any CPU
		{4DA9CF5D-D026-4026-BC30-65828499F3B8}.Release|Any CPU.Build.0 = Release|Any CPU
		{FE808A13-A616-4FB8-B90D-6EE561913473}.Debug|Any CPU.ActiveCfg = Debug|Any CPU
		{FE808A13-A616-4FB8-B90D-6EE561913473}.Debug|Any CPU.Build.0 = Debug|Any CPU
		{FE808A13-A616-4FB8-B90D-6EE561913473}.Release|Any CPU.ActiveCfg = Release|Any CPU
		{FE808A13-A616-4FB8-B90D-6EE561913473}.Release|Any CPU.Build.0 = Release|Any CPU
		{97E25DF8-04DD-4B5B-9FD2-160F42F9778F}.Debug|Any CPU.ActiveCfg = Debug|Any CPU
		{97E25DF8-04DD-4B5B-9FD2-160F42F9778F}.Debug|Any CPU.Build.0 = Debug|Any CPU
		{97E25DF8-04DD-4B5B-9FD2-160F42F9778F}.Release|Any CPU.ActiveCfg = Release|Any CPU
		{97E25DF8-04DD-4B5B-9FD2-160F42F9778F}.Release|Any CPU.Build.0 = Release|Any CPU
		{2F707F76-F80E-4B04-BE70-7F9F93897174}.Debug|Any CPU.ActiveCfg = Debug|Any CPU
		{2F707F76-F80E-4B04-BE70-7F9F93897174}.Debug|Any CPU.Build.0 = Debug|Any CPU
		{2F707F76-F80E-4B04-BE70-7F9F93897174}.Release|Any CPU.ActiveCfg = Release|Any CPU
		{2F707F76-F80E-4B04-BE70-7F9F93897174}.Release|Any CPU.Build.0 = Release|Any CPU
		{9C03D2C2-BBC0-4474-AD7E-B2CA219E5DC0}.Debug|Any CPU.ActiveCfg = Debug|Any CPU
		{9C03D2C2-BBC0-4474-AD7E-B2CA219E5DC0}.Debug|Any CPU.Build.0 = Debug|Any CPU
		{9C03D2C2-BBC0-4474-AD7E-B2CA219E5DC0}.Release|Any CPU.ActiveCfg = Release|Any CPU
		{9C03D2C2-BBC0-4474-AD7E-B2CA219E5DC0}.Release|Any CPU.Build.0 = Release|Any CPU
		{669D5FD9-BCBB-4876-93AE-39D087A9F6BF}.Debug|Any CPU.ActiveCfg = Debug|Any CPU
		{669D5FD9-BCBB-4876-93AE-39D087A9F6BF}.Debug|Any CPU.Build.0 = Debug|Any CPU
		{669D5FD9-BCBB-4876-93AE-39D087A9F6BF}.Release|Any CPU.ActiveCfg = Release|Any CPU
		{669D5FD9-BCBB-4876-93AE-39D087A9F6BF}.Release|Any CPU.Build.0 = Release|Any CPU
		{4D203BCC-205B-4183-B862-0D42E0FF88BD}.Debug|Any CPU.ActiveCfg = Debug|Any CPU
		{4D203BCC-205B-4183-B862-0D42E0FF88BD}.Debug|Any CPU.Build.0 = Debug|Any CPU
		{4D203BCC-205B-4183-B862-0D42E0FF88BD}.Release|Any CPU.ActiveCfg = Release|Any CPU
		{4D203BCC-205B-4183-B862-0D42E0FF88BD}.Release|Any CPU.Build.0 = Release|Any CPU
		{17C92C2E-FF71-42E3-8175-165D3A1E2291}.Debug|Any CPU.ActiveCfg = Debug|Any CPU
		{17C92C2E-FF71-42E3-8175-165D3A1E2291}.Debug|Any CPU.Build.0 = Debug|Any CPU
		{17C92C2E-FF71-42E3-8175-165D3A1E2291}.Release|Any CPU.ActiveCfg = Release|Any CPU
		{17C92C2E-FF71-42E3-8175-165D3A1E2291}.Release|Any CPU.Build.0 = Release|Any CPU
		{80666739-329C-4E9A-8545-025A2223A3D8}.Debug|Any CPU.ActiveCfg = Debug|Any CPU
		{80666739-329C-4E9A-8545-025A2223A3D8}.Debug|Any CPU.Build.0 = Debug|Any CPU
		{80666739-329C-4E9A-8545-025A2223A3D8}.Release|Any CPU.ActiveCfg = Release|Any CPU
		{80666739-329C-4E9A-8545-025A2223A3D8}.Release|Any CPU.Build.0 = Release|Any CPU
		{DF280A37-1B8A-486F-823C-D49A04A67448}.Debug|Any CPU.ActiveCfg = Debug|Any CPU
		{DF280A37-1B8A-486F-823C-D49A04A67448}.Debug|Any CPU.Build.0 = Debug|Any CPU
		{DF280A37-1B8A-486F-823C-D49A04A67448}.Release|Any CPU.ActiveCfg = Release|Any CPU
		{DF280A37-1B8A-486F-823C-D49A04A67448}.Release|Any CPU.Build.0 = Release|Any CPU
		{60095303-D6A9-4C24-94CD-0CE9DD2873BA}.Debug|Any CPU.ActiveCfg = Debug|Any CPU
		{60095303-D6A9-4C24-94CD-0CE9DD2873BA}.Debug|Any CPU.Build.0 = Debug|Any CPU
		{60095303-D6A9-4C24-94CD-0CE9DD2873BA}.Release|Any CPU.ActiveCfg = Release|Any CPU
		{60095303-D6A9-4C24-94CD-0CE9DD2873BA}.Release|Any CPU.Build.0 = Release|Any CPU
		{7DC2C494-A93B-42D2-AD34-8A609C742C2A}.Debug|Any CPU.ActiveCfg = Debug|Any CPU
		{7DC2C494-A93B-42D2-AD34-8A609C742C2A}.Debug|Any CPU.Build.0 = Debug|Any CPU
		{7DC2C494-A93B-42D2-AD34-8A609C742C2A}.Release|Any CPU.ActiveCfg = Release|Any CPU
		{7DC2C494-A93B-42D2-AD34-8A609C742C2A}.Release|Any CPU.Build.0 = Release|Any CPU
		{40BC3AE7-B101-47A2-98B6-4C234BF9379E}.Debug|Any CPU.ActiveCfg = Debug|Any CPU
		{40BC3AE7-B101-47A2-98B6-4C234BF9379E}.Debug|Any CPU.Build.0 = Debug|Any CPU
		{40BC3AE7-B101-47A2-98B6-4C234BF9379E}.Release|Any CPU.ActiveCfg = Release|Any CPU
		{40BC3AE7-B101-47A2-98B6-4C234BF9379E}.Release|Any CPU.Build.0 = Release|Any CPU
		{81E85F6A-EBDF-4407-B8F1-D65300B80CF0}.Debug|Any CPU.ActiveCfg = Debug|Any CPU
		{81E85F6A-EBDF-4407-B8F1-D65300B80CF0}.Debug|Any CPU.Build.0 = Debug|Any CPU
		{81E85F6A-EBDF-4407-B8F1-D65300B80CF0}.Release|Any CPU.ActiveCfg = Release|Any CPU
		{81E85F6A-EBDF-4407-B8F1-D65300B80CF0}.Release|Any CPU.Build.0 = Release|Any CPU
		{62B685E7-3337-4751-803A-9A10DB421F99}.Debug|Any CPU.ActiveCfg = Debug|Any CPU
		{62B685E7-3337-4751-803A-9A10DB421F99}.Debug|Any CPU.Build.0 = Debug|Any CPU
		{62B685E7-3337-4751-803A-9A10DB421F99}.Release|Any CPU.ActiveCfg = Release|Any CPU
		{62B685E7-3337-4751-803A-9A10DB421F99}.Release|Any CPU.Build.0 = Release|Any CPU
		{0E47BF03-7C14-4A2C-A35E-8F16F56A4BEC}.Debug|Any CPU.ActiveCfg = Debug|Any CPU
		{0E47BF03-7C14-4A2C-A35E-8F16F56A4BEC}.Debug|Any CPU.Build.0 = Debug|Any CPU
		{0E47BF03-7C14-4A2C-A35E-8F16F56A4BEC}.Release|Any CPU.ActiveCfg = Release|Any CPU
		{0E47BF03-7C14-4A2C-A35E-8F16F56A4BEC}.Release|Any CPU.Build.0 = Release|Any CPU
		{5710743D-74DA-41A2-8C8B-72172FEFEE06}.Debug|Any CPU.ActiveCfg = Debug|Any CPU
		{5710743D-74DA-41A2-8C8B-72172FEFEE06}.Debug|Any CPU.Build.0 = Debug|Any CPU
		{5710743D-74DA-41A2-8C8B-72172FEFEE06}.Release|Any CPU.ActiveCfg = Release|Any CPU
		{5710743D-74DA-41A2-8C8B-72172FEFEE06}.Release|Any CPU.Build.0 = Release|Any CPU
		{844BFBDE-FA0C-4DA1-8465-E616A6427FB1}.Debug|Any CPU.ActiveCfg = Debug|Any CPU
		{844BFBDE-FA0C-4DA1-8465-E616A6427FB1}.Debug|Any CPU.Build.0 = Debug|Any CPU
		{844BFBDE-FA0C-4DA1-8465-E616A6427FB1}.Release|Any CPU.ActiveCfg = Release|Any CPU
		{844BFBDE-FA0C-4DA1-8465-E616A6427FB1}.Release|Any CPU.Build.0 = Release|Any CPU
		{4762B5B4-B71C-450B-9CBA-1429EA987F2F}.Debug|Any CPU.ActiveCfg = Debug|Any CPU
		{4762B5B4-B71C-450B-9CBA-1429EA987F2F}.Debug|Any CPU.Build.0 = Debug|Any CPU
		{4762B5B4-B71C-450B-9CBA-1429EA987F2F}.Release|Any CPU.ActiveCfg = Release|Any CPU
		{4762B5B4-B71C-450B-9CBA-1429EA987F2F}.Release|Any CPU.Build.0 = Release|Any CPU
		{0C891AF4-3483-4DC0-81DC-624FAB4B2E73}.Debug|Any CPU.ActiveCfg = Debug|Any CPU
		{0C891AF4-3483-4DC0-81DC-624FAB4B2E73}.Debug|Any CPU.Build.0 = Debug|Any CPU
		{0C891AF4-3483-4DC0-81DC-624FAB4B2E73}.Release|Any CPU.ActiveCfg = Release|Any CPU
		{0C891AF4-3483-4DC0-81DC-624FAB4B2E73}.Release|Any CPU.Build.0 = Release|Any CPU
	EndGlobalSection
	GlobalSection(SolutionProperties) = preSolution
		HideSolutionNode = FALSE
	EndGlobalSection
	GlobalSection(NestedProjects) = preSolution
		{5BCAD8DE-F919-4AC8-97AB-2CFEAD7E1D26} = {17FAFD62-41B0-43B8-827C-8443F519FDD0}
		{31A3C7F5-1D40-4F96-B54F-A4DF4D4CAD00} = {17FAFD62-41B0-43B8-827C-8443F519FDD0}
		{BBFDF183-3CA6-4885-B863-BD27E9BB87DD} = {17FAFD62-41B0-43B8-827C-8443F519FDD0}
		{157750ED-A99D-45EE-B7F5-189D5C3A3234} = {17FAFD62-41B0-43B8-827C-8443F519FDD0}
		{F24A65E7-CC14-438C-AFBA-E828299D8AA0} = {17FAFD62-41B0-43B8-827C-8443F519FDD0}
		{330B6F7F-66F0-419F-82EB-2EEAF935D3BD} = {17FAFD62-41B0-43B8-827C-8443F519FDD0}
		{1EA51992-5DFA-4198-A343-4173ED22C002} = {17FAFD62-41B0-43B8-827C-8443F519FDD0}
		{6E16BAAF-6834-476D-BBA2-2EF1D1CEAC6A} = {17FAFD62-41B0-43B8-827C-8443F519FDD0}
		{F18D01B3-D52F-49FE-A273-C48C5B2DD863} = {17FAFD62-41B0-43B8-827C-8443F519FDD0}
		{4DA9CF5D-D026-4026-BC30-65828499F3B8} = {17FAFD62-41B0-43B8-827C-8443F519FDD0}
		{2F707F76-F80E-4B04-BE70-7F9F93897174} = {17FAFD62-41B0-43B8-827C-8443F519FDD0}
		{9C03D2C2-BBC0-4474-AD7E-B2CA219E5DC0} = {17FAFD62-41B0-43B8-827C-8443F519FDD0}
		{4D203BCC-205B-4183-B862-0D42E0FF88BD} = {17FAFD62-41B0-43B8-827C-8443F519FDD0}
		{DF280A37-1B8A-486F-823C-D49A04A67448} = {17FAFD62-41B0-43B8-827C-8443F519FDD0}
		{5710743D-74DA-41A2-8C8B-72172FEFEE06} = {17FAFD62-41B0-43B8-827C-8443F519FDD0}
	EndGlobalSection
	GlobalSection(ExtensibilityGlobals) = postSolution
		SolutionGuid = {76CD68D4-7DB3-4FB9-BDA8-789557EDDF1B}
	EndGlobalSection
EndGlobal
