
Microsoft Visual Studio Solution File, Format Version 12.00
# Visual Studio Version 16
VisualStudioVersion = 16.0.29613.14
MinimumVisualStudioVersion = 10.0.40219.1
Project("{8BC9CEB8-8B4A-11D0-8D11-00A0C91BC942}") = "Hello,World!", "Hello,World!\Hello,World!.vcxproj", "{4F7C3F96-D013-4F18-9604-2F4CABA87CD1}"
EndProject
Project("{8BC9CEB8-8B4A-11D0-8D11-00A0C91BC942}") = "Reference", "Reference\Reference.vcxproj", "{FD863042-49FF-49A5-9D8C-BEC8CDF2E74B}"
EndProject
Project("{8BC9CEB8-8B4A-11D0-8D11-00A0C91BC942}") = "Class_01", "Class\Class.vcxproj", "{5B1B78D3-F323-423B-A1B9-A14FB056622B}"
EndProject
Project("{2150E333-8FDC-42A3-9474-1A3956D46DE8}") = "TEST", "TEST", "{DED342F3-9536-4999-8052-2EE499EE62D5}"
EndProject
Project("{8BC9CEB8-8B4A-11D0-8D11-00A0C91BC942}") = "TEST_01", "TEST\TEST_01\TEST_01.vcxproj", "{6291EA16-74B2-426A-9D0F-0C9B8841277E}"
EndProject
Project("{8BC9CEB8-8B4A-11D0-8D11-00A0C91BC942}") = "TEST_02", "TEST\TEST_02\TEST_02.vcxproj", "{ACAFFEDA-4E5C-496B-A2AF-7A9F4AEC090F}"
EndProject
Project("{8BC9CEB8-8B4A-11D0-8D11-00A0C91BC942}") = "TEST_03", "TEST\TEST_03\TEST_03.vcxproj", "{7136FBE5-7984-4FAB-886A-B6D4AB44762C}"
EndProject
Project("{8BC9CEB8-8B4A-11D0-8D11-00A0C91BC942}") = "Class_02", "Class_02\Class_02.vcxproj", "{D898EBE1-CD3A-4815-BCC7-BC72C0481E5A}"
EndProject
Project("{8BC9CEB8-8B4A-11D0-8D11-00A0C91BC942}") = "Class_03", "Class_03\Class_03.vcxproj", "{6663DAF8-C6A7-471D-8DED-38C3B784064F}"
EndProject
Project("{8BC9CEB8-8B4A-11D0-8D11-00A0C91BC942}") = "Class_04", "Class_04\Class_04.vcxproj", "{1A68C46E-BB3D-44C1-A996-6CD506142206}"
EndProject
Project("{8BC9CEB8-8B4A-11D0-8D11-00A0C91BC942}") = "Class_05", "Class_05\Class_05.vcxproj", "{FD9A7DC3-2D67-420A-B586-40C76793999E}"
EndProject
Global
	GlobalSection(SolutionConfigurationPlatforms) = preSolution
		Debug|x64 = Debug|x64
		Debug|x86 = Debug|x86
		Release|x64 = Release|x64
		Release|x86 = Release|x86
	EndGlobalSection
	GlobalSection(ProjectConfigurationPlatforms) = postSolution
		{4F7C3F96-D013-4F18-9604-2F4CABA87CD1}.Debug|x64.ActiveCfg = Debug|x64
		{4F7C3F96-D013-4F18-9604-2F4CABA87CD1}.Debug|x64.Build.0 = Debug|x64
		{4F7C3F96-D013-4F18-9604-2F4CABA87CD1}.Debug|x86.ActiveCfg = Debug|Win32
		{4F7C3F96-D013-4F18-9604-2F4CABA87CD1}.Debug|x86.Build.0 = Debug|Win32
		{4F7C3F96-D013-4F18-9604-2F4CABA87CD1}.Release|x64.ActiveCfg = Release|x64
		{4F7C3F96-D013-4F18-9604-2F4CABA87CD1}.Release|x64.Build.0 = Release|x64
		{4F7C3F96-D013-4F18-9604-2F4CABA87CD1}.Release|x86.ActiveCfg = Release|Win32
		{4F7C3F96-D013-4F18-9604-2F4CABA87CD1}.Release|x86.Build.0 = Release|Win32
		{FD863042-49FF-49A5-9D8C-BEC8CDF2E74B}.Debug|x64.ActiveCfg = Debug|x64
		{FD863042-49FF-49A5-9D8C-BEC8CDF2E74B}.Debug|x64.Build.0 = Debug|x64
		{FD863042-49FF-49A5-9D8C-BEC8CDF2E74B}.Debug|x86.ActiveCfg = Debug|Win32
		{FD863042-49FF-49A5-9D8C-BEC8CDF2E74B}.Debug|x86.Build.0 = Debug|Win32
		{FD863042-49FF-49A5-9D8C-BEC8CDF2E74B}.Release|x64.ActiveCfg = Release|x64
		{FD863042-49FF-49A5-9D8C-BEC8CDF2E74B}.Release|x64.Build.0 = Release|x64
		{FD863042-49FF-49A5-9D8C-BEC8CDF2E74B}.Release|x86.ActiveCfg = Release|Win32
		{FD863042-49FF-49A5-9D8C-BEC8CDF2E74B}.Release|x86.Build.0 = Release|Win32
		{5B1B78D3-F323-423B-A1B9-A14FB056622B}.Debug|x64.ActiveCfg = Debug|x64
		{5B1B78D3-F323-423B-A1B9-A14FB056622B}.Debug|x64.Build.0 = Debug|x64
		{5B1B78D3-F323-423B-A1B9-A14FB056622B}.Debug|x86.ActiveCfg = Debug|Win32
		{5B1B78D3-F323-423B-A1B9-A14FB056622B}.Debug|x86.Build.0 = Debug|Win32
		{5B1B78D3-F323-423B-A1B9-A14FB056622B}.Release|x64.ActiveCfg = Release|x64
		{5B1B78D3-F323-423B-A1B9-A14FB056622B}.Release|x64.Build.0 = Release|x64
		{5B1B78D3-F323-423B-A1B9-A14FB056622B}.Release|x86.ActiveCfg = Release|Win32
		{5B1B78D3-F323-423B-A1B9-A14FB056622B}.Release|x86.Build.0 = Release|Win32
		{6291EA16-74B2-426A-9D0F-0C9B8841277E}.Debug|x64.ActiveCfg = Debug|x64
		{6291EA16-74B2-426A-9D0F-0C9B8841277E}.Debug|x64.Build.0 = Debug|x64
		{6291EA16-74B2-426A-9D0F-0C9B8841277E}.Debug|x86.ActiveCfg = Debug|Win32
		{6291EA16-74B2-426A-9D0F-0C9B8841277E}.Debug|x86.Build.0 = Debug|Win32
		{6291EA16-74B2-426A-9D0F-0C9B8841277E}.Release|x64.ActiveCfg = Release|x64
		{6291EA16-74B2-426A-9D0F-0C9B8841277E}.Release|x64.Build.0 = Release|x64
		{6291EA16-74B2-426A-9D0F-0C9B8841277E}.Release|x86.ActiveCfg = Release|Win32
		{6291EA16-74B2-426A-9D0F-0C9B8841277E}.Release|x86.Build.0 = Release|Win32
		{ACAFFEDA-4E5C-496B-A2AF-7A9F4AEC090F}.Debug|x64.ActiveCfg = Debug|x64
		{ACAFFEDA-4E5C-496B-A2AF-7A9F4AEC090F}.Debug|x64.Build.0 = Debug|x64
		{ACAFFEDA-4E5C-496B-A2AF-7A9F4AEC090F}.Debug|x86.ActiveCfg = Debug|Win32
		{ACAFFEDA-4E5C-496B-A2AF-7A9F4AEC090F}.Debug|x86.Build.0 = Debug|Win32
		{ACAFFEDA-4E5C-496B-A2AF-7A9F4AEC090F}.Release|x64.ActiveCfg = Release|x64
		{ACAFFEDA-4E5C-496B-A2AF-7A9F4AEC090F}.Release|x64.Build.0 = Release|x64
		{ACAFFEDA-4E5C-496B-A2AF-7A9F4AEC090F}.Release|x86.ActiveCfg = Release|Win32
		{ACAFFEDA-4E5C-496B-A2AF-7A9F4AEC090F}.Release|x86.Build.0 = Release|Win32
		{7136FBE5-7984-4FAB-886A-B6D4AB44762C}.Debug|x64.ActiveCfg = Debug|x64
		{7136FBE5-7984-4FAB-886A-B6D4AB44762C}.Debug|x64.Build.0 = Debug|x64
		{7136FBE5-7984-4FAB-886A-B6D4AB44762C}.Debug|x86.ActiveCfg = Debug|Win32
		{7136FBE5-7984-4FAB-886A-B6D4AB44762C}.Debug|x86.Build.0 = Debug|Win32
		{7136FBE5-7984-4FAB-886A-B6D4AB44762C}.Release|x64.ActiveCfg = Release|x64
		{7136FBE5-7984-4FAB-886A-B6D4AB44762C}.Release|x64.Build.0 = Release|x64
		{7136FBE5-7984-4FAB-886A-B6D4AB44762C}.Release|x86.ActiveCfg = Release|Win32
		{7136FBE5-7984-4FAB-886A-B6D4AB44762C}.Release|x86.Build.0 = Release|Win32
		{D898EBE1-CD3A-4815-BCC7-BC72C0481E5A}.Debug|x64.ActiveCfg = Debug|x64
		{D898EBE1-CD3A-4815-BCC7-BC72C0481E5A}.Debug|x64.Build.0 = Debug|x64
		{D898EBE1-CD3A-4815-BCC7-BC72C0481E5A}.Debug|x86.ActiveCfg = Debug|Win32
		{D898EBE1-CD3A-4815-BCC7-BC72C0481E5A}.Debug|x86.Build.0 = Debug|Win32
		{D898EBE1-CD3A-4815-BCC7-BC72C0481E5A}.Release|x64.ActiveCfg = Release|x64
		{D898EBE1-CD3A-4815-BCC7-BC72C0481E5A}.Release|x64.Build.0 = Release|x64
		{D898EBE1-CD3A-4815-BCC7-BC72C0481E5A}.Release|x86.ActiveCfg = Release|Win32
		{D898EBE1-CD3A-4815-BCC7-BC72C0481E5A}.Release|x86.Build.0 = Release|Win32
		{6663DAF8-C6A7-471D-8DED-38C3B784064F}.Debug|x64.ActiveCfg = Debug|x64
		{6663DAF8-C6A7-471D-8DED-38C3B784064F}.Debug|x64.Build.0 = Debug|x64
		{6663DAF8-C6A7-471D-8DED-38C3B784064F}.Debug|x86.ActiveCfg = Debug|Win32
		{6663DAF8-C6A7-471D-8DED-38C3B784064F}.Debug|x86.Build.0 = Debug|Win32
		{6663DAF8-C6A7-471D-8DED-38C3B784064F}.Release|x64.ActiveCfg = Release|x64
		{6663DAF8-C6A7-471D-8DED-38C3B784064F}.Release|x64.Build.0 = Release|x64
		{6663DAF8-C6A7-471D-8DED-38C3B784064F}.Release|x86.ActiveCfg = Release|Win32
		{6663DAF8-C6A7-471D-8DED-38C3B784064F}.Release|x86.Build.0 = Release|Win32
		{1A68C46E-BB3D-44C1-A996-6CD506142206}.Debug|x64.ActiveCfg = Debug|x64
		{1A68C46E-BB3D-44C1-A996-6CD506142206}.Debug|x64.Build.0 = Debug|x64
		{1A68C46E-BB3D-44C1-A996-6CD506142206}.Debug|x86.ActiveCfg = Debug|Win32
		{1A68C46E-BB3D-44C1-A996-6CD506142206}.Debug|x86.Build.0 = Debug|Win32
		{1A68C46E-BB3D-44C1-A996-6CD506142206}.Release|x64.ActiveCfg = Release|x64
		{1A68C46E-BB3D-44C1-A996-6CD506142206}.Release|x64.Build.0 = Release|x64
		{1A68C46E-BB3D-44C1-A996-6CD506142206}.Release|x86.ActiveCfg = Release|Win32
		{1A68C46E-BB3D-44C1-A996-6CD506142206}.Release|x86.Build.0 = Release|Win32
		{FD9A7DC3-2D67-420A-B586-40C76793999E}.Debug|x64.ActiveCfg = Debug|x64
		{FD9A7DC3-2D67-420A-B586-40C76793999E}.Debug|x64.Build.0 = Debug|x64
		{FD9A7DC3-2D67-420A-B586-40C76793999E}.Debug|x86.ActiveCfg = Debug|Win32
		{FD9A7DC3-2D67-420A-B586-40C76793999E}.Debug|x86.Build.0 = Debug|Win32
		{FD9A7DC3-2D67-420A-B586-40C76793999E}.Release|x64.ActiveCfg = Release|x64
		{FD9A7DC3-2D67-420A-B586-40C76793999E}.Release|x64.Build.0 = Release|x64
		{FD9A7DC3-2D67-420A-B586-40C76793999E}.Release|x86.ActiveCfg = Release|Win32
		{FD9A7DC3-2D67-420A-B586-40C76793999E}.Release|x86.Build.0 = Release|Win32
	EndGlobalSection
	GlobalSection(SolutionProperties) = preSolution
		HideSolutionNode = FALSE
	EndGlobalSection
	GlobalSection(NestedProjects) = preSolution
		{6291EA16-74B2-426A-9D0F-0C9B8841277E} = {DED342F3-9536-4999-8052-2EE499EE62D5}
		{ACAFFEDA-4E5C-496B-A2AF-7A9F4AEC090F} = {DED342F3-9536-4999-8052-2EE499EE62D5}
		{7136FBE5-7984-4FAB-886A-B6D4AB44762C} = {DED342F3-9536-4999-8052-2EE499EE62D5}
	EndGlobalSection
	GlobalSection(ExtensibilityGlobals) = postSolution
		SolutionGuid = {AAB8388B-EAFF-45DC-B164-B6FE329CD323}
	EndGlobalSection
EndGlobal
