
Microsoft Visual Studio Solution File, Format Version 12.00
# Visual Studio Version 16
VisualStudioVersion = 16.0.29215.179
MinimumVisualStudioVersion = 10.0.40219.1
Project("{FAE04EC0-301F-11D3-BF4B-00C04F79EFBC}") = "ASP.NET_MVC_Study_01", "ASP.NET MVC_Study_01\ASP.NET_MVC_Study_01.csproj", "{D6864430-851B-420F-AC50-3A94FEF61A91}"
EndProject
Project("{FAE04EC0-301F-11D3-BF4B-00C04F79EFBC}") = "Test_01", "Test_01\Test_01.csproj", "{FE59B7CE-16E4-4784-8088-A9FA9B1935A7}"
EndProject
Project("{FAE04EC0-301F-11D3-BF4B-00C04F79EFBC}") = "ASP.NET_MVC_Study_02", "ASP.NET MVC_Study_02\ASP.NET_MVC_Study_02.csproj", "{650A15A4-5A43-44DA-A12E-76F3E2779CAC}"
EndProject
Project("{FAE04EC0-301F-11D3-BF4B-00C04F79EFBC}") = "ASP.NET_MVC_Study_03", "ASP.NET_MVC_Study_03\ASP.NET_MVC_Study_03.csproj", "{0F92F86F-FA40-4724-88C7-EB2ACF7E0725}"
EndProject
Project("{FAE04EC0-301F-11D3-BF4B-00C04F79EFBC}") = "ASP.NET_MVC_Study_04", "ASP.NET_MVC_Study_04\ASP.NET_MVC_Study_04.csproj", "{160CB658-C037-46E2-B13A-CCA1329D3DDE}"
EndProject
Global
	GlobalSection(SolutionConfigurationPlatforms) = preSolution
		Debug|Any CPU = Debug|Any CPU
		Release|Any CPU = Release|Any CPU
	EndGlobalSection
	GlobalSection(ProjectConfigurationPlatforms) = postSolution
		{D6864430-851B-420F-AC50-3A94FEF61A91}.Debug|Any CPU.ActiveCfg = Debug|Any CPU
		{D6864430-851B-420F-AC50-3A94FEF61A91}.Debug|Any CPU.Build.0 = Debug|Any CPU
		{D6864430-851B-420F-AC50-3A94FEF61A91}.Release|Any CPU.ActiveCfg = Release|Any CPU
		{D6864430-851B-420F-AC50-3A94FEF61A91}.Release|Any CPU.Build.0 = Release|Any CPU
		{FE59B7CE-16E4-4784-8088-A9FA9B1935A7}.Debug|Any CPU.ActiveCfg = Debug|Any CPU
		{FE59B7CE-16E4-4784-8088-A9FA9B1935A7}.Debug|Any CPU.Build.0 = Debug|Any CPU
		{FE59B7CE-16E4-4784-8088-A9FA9B1935A7}.Release|Any CPU.ActiveCfg = Release|Any CPU
		{FE59B7CE-16E4-4784-8088-A9FA9B1935A7}.Release|Any CPU.Build.0 = Release|Any CPU
		{650A15A4-5A43-44DA-A12E-76F3E2779CAC}.Debug|Any CPU.ActiveCfg = Debug|Any CPU
		{650A15A4-5A43-44DA-A12E-76F3E2779CAC}.Debug|Any CPU.Build.0 = Debug|Any CPU
		{650A15A4-5A43-44DA-A12E-76F3E2779CAC}.Release|Any CPU.ActiveCfg = Release|Any CPU
		{650A15A4-5A43-44DA-A12E-76F3E2779CAC}.Release|Any CPU.Build.0 = Release|Any CPU
		{0F92F86F-FA40-4724-88C7-EB2ACF7E0725}.Debug|Any CPU.ActiveCfg = Debug|Any CPU
		{0F92F86F-FA40-4724-88C7-EB2ACF7E0725}.Debug|Any CPU.Build.0 = Debug|Any CPU
		{0F92F86F-FA40-4724-88C7-EB2ACF7E0725}.Release|Any CPU.ActiveCfg = Release|Any CPU
		{0F92F86F-FA40-4724-88C7-EB2ACF7E0725}.Release|Any CPU.Build.0 = Release|Any CPU
		{160CB658-C037-46E2-B13A-CCA1329D3DDE}.Debug|Any CPU.ActiveCfg = Debug|Any CPU
		{160CB658-C037-46E2-B13A-CCA1329D3DDE}.Debug|Any CPU.Build.0 = Debug|Any CPU
		{160CB658-C037-46E2-B13A-CCA1329D3DDE}.Release|Any CPU.ActiveCfg = Release|Any CPU
		{160CB658-C037-46E2-B13A-CCA1329D3DDE}.Release|Any CPU.Build.0 = Release|Any CPU
	EndGlobalSection
	GlobalSection(SolutionProperties) = preSolution
		HideSolutionNode = FALSE
	EndGlobalSection
	GlobalSection(ExtensibilityGlobals) = postSolution
		SolutionGuid = {0FEDD83D-A652-40DB-9454-100837195A1F}
	EndGlobalSection
EndGlobal
